// !$*UTF8*$!
{
	archiveVersion = 1;
	classes = {
	};
	objectVersion = 55;
	objects = {

/* Begin PBXBuildFile section */
		0793C1BA28DF47B900DA7626 /* AppDelegate.swift in Sources */ = {isa = PBXBuildFile; fileRef = 0793C1B928DF47B900DA7626 /* AppDelegate.swift */; };
		0793C1BC28DF47B900DA7626 /* SceneDelegate.swift in Sources */ = {isa = PBXBuildFile; fileRef = 0793C1BB28DF47B900DA7626 /* SceneDelegate.swift */; };
		0793C1BE28DF47B900DA7626 /* ViewController.swift in Sources */ = {isa = PBXBuildFile; fileRef = 0793C1BD28DF47B900DA7626 /* ViewController.swift */; };
		0793C1C128DF47B900DA7626 /* Main.storyboard in Resources */ = {isa = PBXBuildFile; fileRef = 0793C1BF28DF47B900DA7626 /* Main.storyboard */; };
		0793C1C328DF47BB00DA7626 /* Assets.xcassets in Resources */ = {isa = PBXBuildFile; fileRef = 0793C1C228DF47BB00DA7626 /* Assets.xcassets */; };
		0793C1C628DF47BB00DA7626 /* LaunchScreen.storyboard in Resources */ = {isa = PBXBuildFile; fileRef = 0793C1C428DF47BB00DA7626 /* LaunchScreen.storyboard */; };
		0793C1D028DF670C00DA7626 /* RxCocoa in Frameworks */ = {isa = PBXBuildFile; productRef = 0793C1CF28DF670C00DA7626 /* RxCocoa */; };
		0793C1D228DF670C00DA7626 /* RxSwift in Frameworks */ = {isa = PBXBuildFile; productRef = 0793C1D128DF670C00DA7626 /* RxSwift */; };
/* End PBXBuildFile section */

/* Begin PBXFileReference section */
		0776E39F28E323690018A377 /* SingleViewPlayground.playground */ = {isa = PBXFileReference; lastKnownFileType = file.playground; path = SingleViewPlayground.playground; sourceTree = "<group>"; xcLanguageSpecificationIdentifier = xcode.lang.swift; };
		0793C1B628DF47B900DA7626 /* HelloCombine.app */ = {isa = PBXFileReference; explicitFileType = wrapper.application; includeInIndex = 0; path = HelloCombine.app; sourceTree = BUILT_PRODUCTS_DIR; };
		0793C1B928DF47B900DA7626 /* AppDelegate.swift */ = {isa = PBXFileReference; lastKnownFileType = sourcecode.swift; path = AppDelegate.swift; sourceTree = "<group>"; };
		0793C1BB28DF47B900DA7626 /* SceneDelegate.swift */ = {isa = PBXFileReference; lastKnownFileType = sourcecode.swift; path = SceneDelegate.swift; sourceTree = "<group>"; };
		0793C1BD28DF47B900DA7626 /* ViewController.swift */ = {isa = PBXFileReference; lastKnownFileType = sourcecode.swift; path = ViewController.swift; sourceTree = "<group>"; };
		0793C1C028DF47B900DA7626 /* Base */ = {isa = PBXFileReference; lastKnownFileType = file.storyboard; name = Base; path = Base.lproj/Main.storyboard; sourceTree = "<group>"; };
		0793C1C228DF47BB00DA7626 /* Assets.xcassets */ = {isa = PBXFileReference; lastKnownFileType = folder.assetcatalog; path = Assets.xcassets; sourceTree = "<group>"; };
		0793C1C528DF47BB00DA7626 /* Base */ = {isa = PBXFileReference; lastKnownFileType = file.storyboard; name = Base; path = Base.lproj/LaunchScreen.storyboard; sourceTree = "<group>"; };
		0793C1C728DF47BB00DA7626 /* Info.plist */ = {isa = PBXFileReference; lastKnownFileType = text.plist.xml; path = Info.plist; sourceTree = "<group>"; };
		0793C1CD28DF47CF00DA7626 /* MyPlayground.playground */ = {isa = PBXFileReference; lastKnownFileType = file.playground; path = MyPlayground.playground; sourceTree = "<group>"; xcLanguageSpecificationIdentifier = xcode.lang.swift; };
/* End PBXFileReference section */

/* Begin PBXFrameworksBuildPhase section */
		0793C1B328DF47B900DA7626 /* Frameworks */ = {
			isa = PBXFrameworksBuildPhase;
			buildActionMask = 2147483647;
			files = (
				0793C1D228DF670C00DA7626 /* RxSwift in Frameworks */,
				0793C1D028DF670C00DA7626 /* RxCocoa in Frameworks */,
			);
			runOnlyForDeploymentPostprocessing = 0;
		};
/* End PBXFrameworksBuildPhase section */

/* Begin PBXGroup section */
		0793C1AD28DF47B900DA7626 = {
			isa = PBXGroup;
			children = (
				0793C1B828DF47B900DA7626 /* HelloCombine */,
				0793C1B728DF47B900DA7626 /* Products */,
			);
			sourceTree = "<group>";
		};
		0793C1B728DF47B900DA7626 /* Products */ = {
			isa = PBXGroup;
			children = (
				0793C1B628DF47B900DA7626 /* HelloCombine.app */,
			);
			name = Products;
			sourceTree = "<group>";
		};
		0793C1B828DF47B900DA7626 /* HelloCombine */ = {
			isa = PBXGroup;
			children = (
				0793C1B928DF47B900DA7626 /* AppDelegate.swift */,
				0793C1BB28DF47B900DA7626 /* SceneDelegate.swift */,
				0793C1BD28DF47B900DA7626 /* ViewController.swift */,
				0776E39F28E323690018A377 /* SingleViewPlayground.playground */,
				0793C1CD28DF47CF00DA7626 /* MyPlayground.playground */,
				0793C1BF28DF47B900DA7626 /* Main.storyboard */,
				0793C1C228DF47BB00DA7626 /* Assets.xcassets */,
				0793C1C428DF47BB00DA7626 /* LaunchScreen.storyboard */,
				0793C1C728DF47BB00DA7626 /* Info.plist */,
			);
			path = HelloCombine;
			sourceTree = "<group>";
		};
/* End PBXGroup section */

/* Begin PBXNativeTarget section */
		0793C1B528DF47B900DA7626 /* HelloCombine */ = {
			isa = PBXNativeTarget;
			buildConfigurationList = 0793C1CA28DF47BB00DA7626 /* Build configuration list for PBXNativeTarget "HelloCombine" */;
			buildPhases = (
				0793C1B228DF47B900DA7626 /* Sources */,
				0793C1B328DF47B900DA7626 /* Frameworks */,
				0793C1B428DF47B900DA7626 /* Resources */,
			);
			buildRules = (
			);
			dependencies = (
			);
			name = HelloCombine;
			packageProductDependencies = (
				0793C1CF28DF670C00DA7626 /* RxCocoa */,
				0793C1D128DF670C00DA7626 /* RxSwift */,
			);
			productName = HelloCombine;
			productReference = 0793C1B628DF47B900DA7626 /* HelloCombine.app */;
			productType = "com.apple.product-type.application";
		};
/* End PBXNativeTarget section */

/* Begin PBXProject section */
		0793C1AE28DF47B900DA7626 /* Project object */ = {
			isa = PBXProject;
			attributes = {
				BuildIndependentTargetsInParallel = 1;
				LastSwiftUpdateCheck = 1340;
				LastUpgradeCheck = 1340;
				TargetAttributes = {
					0793C1B528DF47B900DA7626 = {
						CreatedOnToolsVersion = 13.4.1;
					};
				};
			};
			buildConfigurationList = 0793C1B128DF47B900DA7626 /* Build configuration list for PBXProject "HelloCombine" */;
			compatibilityVersion = "Xcode 13.0";
			developmentRegion = en;
			hasScannedForEncodings = 0;
			knownRegions = (
				en,
				Base,
			);
			mainGroup = 0793C1AD28DF47B900DA7626;
			packageReferences = (
				0793C1CE28DF670C00DA7626 /* XCRemoteSwiftPackageReference "RxSwift" */,
			);
			productRefGroup = 0793C1B728DF47B900DA7626 /* Products */;
			projectDirPath = "";
			projectRoot = "";
			targets = (
				0793C1B528DF47B900DA7626 /* HelloCombine */,
			);
		};
/* End PBXProject section */

/* Begin PBXResourcesBuildPhase section */
		0793C1B428DF47B900DA7626 /* Resources */ = {
			isa = PBXResourcesBuildPhase;
			buildActionMask = 2147483647;
			files = (
				0793C1C628DF47BB00DA7626 /* LaunchScreen.storyboard in Resources */,
				0793C1C328DF47BB00DA7626 /* Assets.xcassets in Resources */,
				0793C1C128DF47B900DA7626 /* Main.storyboard in Resources */,
			);
			runOnlyForDeploymentPostprocessing = 0;
		};
/* End PBXResourcesBuildPhase section */

/* Begin PBXSourcesBuildPhase section */
		0793C1B228DF47B900DA7626 /* Sources */ = {
			isa = PBXSourcesBuildPhase;
			buildActionMask = 2147483647;
			files = (
				0793C1BE28DF47B900DA7626 /* ViewController.swift in Sources */,
				0793C1BA28DF47B900DA7626 /* AppDelegate.swift in Sources */,
				0793C1BC28DF47B900DA7626 /* SceneDelegate.swift in Sources */,
			);
			runOnlyForDeploymentPostprocessing = 0;
		};
/* End PBXSourcesBuildPhase section */

/* Begin PBXVariantGroup section */
		0793C1BF28DF47B900DA7626 /* Main.storyboard */ = {
			isa = PBXVariantGroup;
			children = (
				0793C1C028DF47B900DA7626 /* Base */,
			);
			name = Main.storyboard;
			sourceTree = "<group>";
		};
		0793C1C428DF47BB00DA7626 /* LaunchScreen.storyboard */ = {
			isa = PBXVariantGroup;
			children = (
				0793C1C528DF47BB00DA7626 /* Base */,
			);
			name = LaunchScreen.storyboard;
			sourceTree = "<group>";
		};
/* End PBXVariantGroup section */

/* Begin XCBuildConfiguration section */
		0793C1C828DF47BB00DA7626 /* Debug */ = {
			isa = XCBuildConfiguration;
			buildSettings = {
				ALWAYS_SEARCH_USER_PATHS = NO;
				CLANG_ANALYZER_NONNULL = YES;
				CLANG_ANALYZER_NUMBER_OBJECT_CONVERSION = YES_AGGRESSIVE;
				CLANG_CXX_LANGUAGE_STANDARD = "gnu++17";
				CLANG_ENABLE_MODULES = YES;
				CLANG_ENABLE_OBJC_ARC = YES;
				CLANG_ENABLE_OBJC_WEAK = YES;
				CLANG_WARN_BLOCK_CAPTURE_AUTORELEASING = YES;
				CLANG_WARN_BOOL_CONVERSION = YES;
				CLANG_WARN_COMMA = YES;
				CLANG_WARN_CONSTANT_CONVERSION = YES;
				CLANG_WARN_DEPRECATED_OBJC_IMPLEMENTATIONS = YES;
				CLANG_WARN_DIRECT_OBJC_ISA_USAGE = YES_ERROR;
				CLANG_WARN_DOCUMENTATION_COMMENTS = YES;
				CLANG_WARN_EMPTY_BODY = YES;
				CLANG_WARN_ENUM_CONVERSION = YES;
				CLANG_WARN_INFINITE_RECURSION = YES;
				CLANG_WARN_INT_CONVERSION = YES;
				CLANG_WARN_NON_LITERAL_NULL_CONVERSION = YES;
				CLANG_WARN_OBJC_IMPLICIT_RETAIN_SELF = YES;
				CLANG_WARN_OBJC_LITERAL_CONVERSION = YES;
				CLANG_WARN_OBJC_ROOT_CLASS = YES_ERROR;
				CLANG_WARN_QUOTED_INCLUDE_IN_FRAMEWORK_HEADER = YES;
				CLANG_WARN_RANGE_LOOP_ANALYSIS = YES;
				CLANG_WARN_STRICT_PROTOTYPES = YES;
				CLANG_WARN_SUSPICIOUS_MOVE = YES;
				CLANG_WARN_UNGUARDED_AVAILABILITY = YES_AGGRESSIVE;
				CLANG_WARN_UNREACHABLE_CODE = YES;
				CLANG_WARN__DUPLICATE_METHOD_MATCH = YES;
				COPY_PHASE_STRIP = NO;
				DEBUG_INFORMATION_FORMAT = dwarf;
				ENABLE_STRICT_OBJC_MSGSEND = YES;
				ENABLE_TESTABILITY = YES;
				GCC_C_LANGUAGE_STANDARD = gnu11;
				GCC_DYNAMIC_NO_PIC = NO;
				GCC_NO_COMMON_BLOCKS = YES;
				GCC_OPTIMIZATION_LEVEL = 0;
				GCC_PREPROCESSOR_DEFINITIONS = (
					"DEBUG=1",
					"$(inherited)",
				);
				GCC_WARN_64_TO_32_BIT_CONVERSION = YES;
				GCC_WARN_ABOUT_RETURN_TYPE = YES_ERROR;
				GCC_WARN_UNDECLARED_SELECTOR = YES;
				GCC_WARN_UNINITIALIZED_AUTOS = YES_AGGRESSIVE;
				GCC_WARN_UNUSED_FUNCTION = YES;
				GCC_WARN_UNUSED_VARIABLE = YES;
				IPHONEOS_DEPLOYMENT_TARGET = 15.5;
				MTL_ENABLE_DEBUG_INFO = INCLUDE_SOURCE;
				MTL_FAST_MATH = YES;
				ONLY_ACTIVE_ARCH = YES;
				SDKROOT = iphoneos;
				SWIFT_ACTIVE_COMPILATION_CONDITIONS = DEBUG;
				SWIFT_OPTIMIZATION_LEVEL = "-Onone";
			};
			name = Debug;
		};
		0793C1C928DF47BB00DA7626 /* Release */ = {
			isa = XCBuildConfiguration;
			buildSettings = {
				ALWAYS_SEARCH_USER_PATHS = NO;
				CLANG_ANALYZER_NONNULL = YES;
				CLANG_ANALYZER_NUMBER_OBJECT_CONVERSION = YES_AGGRESSIVE;
				CLANG_CXX_LANGUAGE_STANDARD = "gnu++17";
				CLANG_ENABLE_MODULES = YES;
				CLANG_ENABLE_OBJC_ARC = YES;
				CLANG_ENABLE_OBJC_WEAK = YES;
				CLANG_WARN_BLOCK_CAPTURE_AUTORELEASING = YES;
				CLANG_WARN_BOOL_CONVERSION = YES;
				CLANG_WARN_COMMA = YES;
				CLANG_WARN_CONSTANT_CONVERSION = YES;
				CLANG_WARN_DEPRECATED_OBJC_IMPLEMENTATIONS = YES;
				CLANG_WARN_DIRECT_OBJC_ISA_USAGE = YES_ERROR;
				CLANG_WARN_DOCUMENTATION_COMMENTS = YES;
				CLANG_WARN_EMPTY_BODY = YES;
				CLANG_WARN_ENUM_CONVERSION = YES;
				CLANG_WARN_INFINITE_RECURSION = YES;
				CLANG_WARN_INT_CONVERSION = YES;
				CLANG_WARN_NON_LITERAL_NULL_CONVERSION = YES;
				CLANG_WARN_OBJC_IMPLICIT_RETAIN_SELF = YES;
				CLANG_WARN_OBJC_LITERAL_CONVERSION = YES;
				CLANG_WARN_OBJC_ROOT_CLASS = YES_ERROR;
				CLANG_WARN_QUOTED_INCLUDE_IN_FRAMEWORK_HEADER = YES;
				CLANG_WARN_RANGE_LOOP_ANALYSIS = YES;
				CLANG_WARN_STRICT_PROTOTYPES = YES;
				CLANG_WARN_SUSPICIOUS_MOVE = YES;
				CLANG_WARN_UNGUARDED_AVAILABILITY = YES_AGGRESSIVE;
				CLANG_WARN_UNREACHABLE_CODE = YES;
				CLANG_WARN__DUPLICATE_METHOD_MATCH = YES;
				COPY_PHASE_STRIP = NO;
				DEBUG_INFORMATION_FORMAT = "dwarf-with-dsym";
				ENABLE_NS_ASSERTIONS = NO;
				ENABLE_STRICT_OBJC_MSGSEND = YES;
				GCC_C_LANGUAGE_STANDARD = gnu11;
				GCC_NO_COMMON_BLOCKS = YES;
				GCC_WARN_64_TO_32_BIT_CONVERSION = YES;
				GCC_WARN_ABOUT_RETURN_TYPE = YES_ERROR;
				GCC_WARN_UNDECLARED_SELECTOR = YES;
				GCC_WARN_UNINITIALIZED_AUTOS = YES_AGGRESSIVE;
				GCC_WARN_UNUSED_FUNCTION = YES;
				GCC_WARN_UNUSED_VARIABLE = YES;
				IPHONEOS_DEPLOYMENT_TARGET = 15.5;
				MTL_ENABLE_DEBUG_INFO = NO;
				MTL_FAST_MATH = YES;
				SDKROOT = iphoneos;
				SWIFT_COMPILATION_MODE = wholemodule;
				SWIFT_OPTIMIZATION_LEVEL = "-O";
				VALIDATE_PRODUCT = YES;
			};
			name = Release;
		};
		0793C1CB28DF47BB00DA7626 /* Debug */ = {
			isa = XCBuildConfiguration;
			buildSettings = {
				ASSETCATALOG_COMPILER_APPICON_NAME = AppIcon;
				ASSETCATALOG_COMPILER_GLOBAL_ACCENT_COLOR_NAME = AccentColor;
				CODE_SIGN_STYLE = Automatic;
				CURRENT_PROJECT_VERSION = 1;
				GENERATE_INFOPLIST_FILE = YES;
				INFOPLIST_FILE = HelloCombine/Info.plist;
				INFOPLIST_KEY_UIApplicationSupportsIndirectInputEvents = YES;
				INFOPLIST_KEY_UILaunchStoryboardName = LaunchScreen;
				INFOPLIST_KEY_UIMainStoryboardFile = Main;
				INFOPLIST_KEY_UISupportedInterfaceOrientations_iPad = "UIInterfaceOrientationPortrait UIInterfaceOrientationPortraitUpsideDown UIInterfaceOrientationLandscapeLeft UIInterfaceOrientationLandscapeRight";
				INFOPLIST_KEY_UISupportedInterfaceOrientations_iPhone = "UIInterfaceOrientationPortrait UIInterfaceOrientationLandscapeLeft UIInterfaceOrientationLandscapeRight";
				LD_RUNPATH_SEARCH_PATHS = (
					"$(inherited)",
					"@executable_path/Frameworks",
				);
				MARKETING_VERSION = 1.0;
				PRODUCT_BUNDLE_IDENTIFIER = OurTrees.HelloCombine;
				PRODUCT_NAME = "$(TARGET_NAME)";
				SWIFT_EMIT_LOC_STRINGS = YES;
				SWIFT_VERSION = 5.0;
				TARGETED_DEVICE_FAMILY = "1,2";
			};
			name = Debug;
		};
		0793C1CC28DF47BB00DA7626 /* Release */ = {
			isa = XCBuildConfiguration;
			buildSettings = {
				ASSETCATALOG_COMPILER_APPICON_NAME = AppIcon;
				ASSETCATALOG_COMPILER_GLOBAL_ACCENT_COLOR_NAME = AccentColor;
				CODE_SIGN_STYLE = Automatic;
				CURRENT_PROJECT_VERSION = 1;
				GENERATE_INFOPLIST_FILE = YES;
				INFOPLIST_FILE = HelloCombine/Info.plist;
				INFOPLIST_KEY_UIApplicationSupportsIndirectInputEvents = YES;
				INFOPLIST_KEY_UILaunchStoryboardName = LaunchScreen;
				INFOPLIST_KEY_UIMainStoryboardFile = Main;
				INFOPLIST_KEY_UISupportedInterfaceOrientations_iPad = "UIInterfaceOrientationPortrait UIInterfaceOrientationPortraitUpsideDown UIInterfaceOrientationLandscapeLeft UIInterfaceOrientationLandscapeRight";
				INFOPLIST_KEY_UISupportedInterfaceOrientations_iPhone = "UIInterfaceOrientationPortrait UIInterfaceOrientationLandscapeLeft UIInterfaceOrientationLandscapeRight";
				LD_RUNPATH_SEARCH_PATHS = (
					"$(inherited)",
					"@executable_path/Frameworks",
				);
				MARKETING_VERSION = 1.0;
				PRODUCT_BUNDLE_IDENTIFIER = OurTrees.HelloCombine;
				PRODUCT_NAME = "$(TARGET_NAME)";
				SWIFT_EMIT_LOC_STRINGS = YES;
				SWIFT_VERSION = 5.0;
				TARGETED_DEVICE_FAMILY = "1,2";
			};
			name = Release;
		};
/* End XCBuildConfiguration section */

/* Begin XCConfigurationList section */
		0793C1B128DF47B900DA7626 /* Build configuration list for PBXProject "HelloCombine" */ = {
			isa = XCConfigurationList;
			buildConfigurations = (
				0793C1C828DF47BB00DA7626 /* Debug */,
				0793C1C928DF47BB00DA7626 /* Release */,
			);
			defaultConfigurationIsVisible = 0;
			defaultConfigurationName = Release;
		};
		0793C1CA28DF47BB00DA7626 /* Build configuration list for PBXNativeTarget "HelloCombine" */ = {
			isa = XCConfigurationList;
			buildConfigurations = (
				0793C1CB28DF47BB00DA7626 /* Debug */,
				0793C1CC28DF47BB00DA7626 /* Release */,
			);
			defaultConfigurationIsVisible = 0;
			defaultConfigurationName = Release;
		};
/* End XCConfigurationList section */

/* Begin XCRemoteSwiftPackageReference section */
		0793C1CE28DF670C00DA7626 /* XCRemoteSwiftPackageReference "RxSwift" */ = {
			isa = XCRemoteSwiftPackageReference;
			repositoryURL = "https://github.com/ReactiveX/RxSwift.git";
			requirement = {
				branch = main;
				kind = branch;
			};
		};
/* End XCRemoteSwiftPackageReference section */

/* Begin XCSwiftPackageProductDependency section */
		0793C1CF28DF670C00DA7626 /* RxCocoa */ = {
			isa = XCSwiftPackageProductDependency;
			package = 0793C1CE28DF670C00DA7626 /* XCRemoteSwiftPackageReference "RxSwift" */;
			productName = RxCocoa;
		};
		0793C1D128DF670C00DA7626 /* RxSwift */ = {
			isa = XCSwiftPackageProductDependency;
			package = 0793C1CE28DF670C00DA7626 /* XCRemoteSwiftPackageReference "RxSwift" */;
			productName = RxSwift;
		};
/* End XCSwiftPackageProductDependency section */
	};
	rootObject = 0793C1AE28DF47B900DA7626 /* Project object */;
}
