// !$*UTF8*$!
{
	archiveVersion = 1;
	classes = {
	};
	objectVersion = 55;
	objects = {

/* Begin PBXBuildFile section */
		073D3B8228E4B4EF00B07D09 /* HackerNewsApp.swift in Sources */ = {isa = PBXBuildFile; fileRef = 073D3B8128E4B4EF00B07D09 /* HackerNewsApp.swift */; };
		073D3B8428E4B4EF00B07D09 /* ContentView.swift in Sources */ = {isa = PBXBuildFile; fileRef = 073D3B8328E4B4EF00B07D09 /* ContentView.swift */; };
		073D3B8628E4B4F100B07D09 /* Assets.xcassets in Resources */ = {isa = PBXBuildFile; fileRef = 073D3B8528E4B4F100B07D09 /* Assets.xcassets */; };
		073D3B8928E4B4F100B07D09 /* Preview Assets.xcassets in Resources */ = {isa = PBXBuildFile; fileRef = 073D3B8828E4B4F100B07D09 /* Preview Assets.xcassets */; };
		073D3B9328E4B4F100B07D09 /* HackerNewsTests.swift in Sources */ = {isa = PBXBuildFile; fileRef = 073D3B9228E4B4F100B07D09 /* HackerNewsTests.swift */; };
		073D3B9D28E4B4F100B07D09 /* HackerNewsUITests.swift in Sources */ = {isa = PBXBuildFile; fileRef = 073D3B9C28E4B4F100B07D09 /* HackerNewsUITests.swift */; };
		073D3B9F28E4B4F100B07D09 /* HackerNewsUITestsLaunchTests.swift in Sources */ = {isa = PBXBuildFile; fileRef = 073D3B9E28E4B4F100B07D09 /* HackerNewsUITestsLaunchTests.swift */; };
		073D3BAD28E4B51D00B07D09 /* Webservice.swift in Sources */ = {isa = PBXBuildFile; fileRef = 073D3BAC28E4B51D00B07D09 /* Webservice.swift */; };
		073D3BB028E4B94900B07D09 /* StoryListViewModel.swift in Sources */ = {isa = PBXBuildFile; fileRef = 073D3BAF28E4B94900B07D09 /* StoryListViewModel.swift */; };
		073D3BB328E4BADA00B07D09 /* StoryListView.swift in Sources */ = {isa = PBXBuildFile; fileRef = 073D3BB228E4BADA00B07D09 /* StoryListView.swift */; };
		073D3BB628E4BD7A00B07D09 /* Story.swift in Sources */ = {isa = PBXBuildFile; fileRef = 073D3BB528E4BD7A00B07D09 /* Story.swift */; };
		073D3BB828E4BEDB00B07D09 /* StoryDetailViewModel.swift in Sources */ = {isa = PBXBuildFile; fileRef = 073D3BB728E4BEDB00B07D09 /* StoryDetailViewModel.swift */; };
/* End PBXBuildFile section */

/* Begin PBXContainerItemProxy section */
		073D3B8F28E4B4F100B07D09 /* PBXContainerItemProxy */ = {
			isa = PBXContainerItemProxy;
			containerPortal = 073D3B7628E4B4EF00B07D09 /* Project object */;
			proxyType = 1;
			remoteGlobalIDString = 073D3B7D28E4B4EF00B07D09;
			remoteInfo = HackerNews;
		};
		073D3B9928E4B4F100B07D09 /* PBXContainerItemProxy */ = {
			isa = PBXContainerItemProxy;
			containerPortal = 073D3B7628E4B4EF00B07D09 /* Project object */;
			proxyType = 1;
			remoteGlobalIDString = 073D3B7D28E4B4EF00B07D09;
			remoteInfo = HackerNews;
		};
/* End PBXContainerItemProxy section */

/* Begin PBXFileReference section */
		073D3B7E28E4B4EF00B07D09 /* HackerNews.app */ = {isa = PBXFileReference; explicitFileType = wrapper.application; includeInIndex = 0; path = HackerNews.app; sourceTree = BUILT_PRODUCTS_DIR; };
		073D3B8128E4B4EF00B07D09 /* HackerNewsApp.swift */ = {isa = PBXFileReference; lastKnownFileType = sourcecode.swift; path = HackerNewsApp.swift; sourceTree = "<group>"; };
		073D3B8328E4B4EF00B07D09 /* ContentView.swift */ = {isa = PBXFileReference; lastKnownFileType = sourcecode.swift; path = ContentView.swift; sourceTree = "<group>"; };
		073D3B8528E4B4F100B07D09 /* Assets.xcassets */ = {isa = PBXFileReference; lastKnownFileType = folder.assetcatalog; path = Assets.xcassets; sourceTree = "<group>"; };
		073D3B8828E4B4F100B07D09 /* Preview Assets.xcassets */ = {isa = PBXFileReference; lastKnownFileType = folder.assetcatalog; path = "Preview Assets.xcassets"; sourceTree = "<group>"; };
		073D3B8E28E4B4F100B07D09 /* HackerNewsTests.xctest */ = {isa = PBXFileReference; explicitFileType = wrapper.cfbundle; includeInIndex = 0; path = HackerNewsTests.xctest; sourceTree = BUILT_PRODUCTS_DIR; };
		073D3B9228E4B4F100B07D09 /* HackerNewsTests.swift */ = {isa = PBXFileReference; lastKnownFileType = sourcecode.swift; path = HackerNewsTests.swift; sourceTree = "<group>"; };
		073D3B9828E4B4F100B07D09 /* HackerNewsUITests.xctest */ = {isa = PBXFileReference; explicitFileType = wrapper.cfbundle; includeInIndex = 0; path = HackerNewsUITests.xctest; sourceTree = BUILT_PRODUCTS_DIR; };
		073D3B9C28E4B4F100B07D09 /* HackerNewsUITests.swift */ = {isa = PBXFileReference; lastKnownFileType = sourcecode.swift; path = HackerNewsUITests.swift; sourceTree = "<group>"; };
		073D3B9E28E4B4F100B07D09 /* HackerNewsUITestsLaunchTests.swift */ = {isa = PBXFileReference; lastKnownFileType = sourcecode.swift; path = HackerNewsUITestsLaunchTests.swift; sourceTree = "<group>"; };
		073D3BAC28E4B51D00B07D09 /* Webservice.swift */ = {isa = PBXFileReference; lastKnownFileType = sourcecode.swift; path = Webservice.swift; sourceTree = "<group>"; };
		073D3BAF28E4B94900B07D09 /* StoryListViewModel.swift */ = {isa = PBXFileReference; lastKnownFileType = sourcecode.swift; path = StoryListViewModel.swift; sourceTree = "<group>"; };
		073D3BB228E4BADA00B07D09 /* StoryListView.swift */ = {isa = PBXFileReference; lastKnownFileType = sourcecode.swift; path = StoryListView.swift; sourceTree = "<group>"; };
		073D3BB528E4BD7A00B07D09 /* Story.swift */ = {isa = PBXFileReference; lastKnownFileType = sourcecode.swift; path = Story.swift; sourceTree = "<group>"; };
		073D3BB728E4BEDB00B07D09 /* StoryDetailViewModel.swift */ = {isa = PBXFileReference; lastKnownFileType = sourcecode.swift; path = StoryDetailViewModel.swift; sourceTree = "<group>"; };
/* End PBXFileReference section */

/* Begin PBXFrameworksBuildPhase section */
		073D3B7B28E4B4EF00B07D09 /* Frameworks */ = {
			isa = PBXFrameworksBuildPhase;
			buildActionMask = 2147483647;
			files = (
			);
			runOnlyForDeploymentPostprocessing = 0;
		};
		073D3B8B28E4B4F100B07D09 /* Frameworks */ = {
			isa = PBXFrameworksBuildPhase;
			buildActionMask = 2147483647;
			files = (
			);
			runOnlyForDeploymentPostprocessing = 0;
		};
		073D3B9528E4B4F100B07D09 /* Frameworks */ = {
			isa = PBXFrameworksBuildPhase;
			buildActionMask = 2147483647;
			files = (
			);
			runOnlyForDeploymentPostprocessing = 0;
		};
/* End PBXFrameworksBuildPhase section */

/* Begin PBXGroup section */
		073D3B7528E4B4EF00B07D09 = {
			isa = PBXGroup;
			children = (
				073D3B8028E4B4EF00B07D09 /* HackerNews */,
				073D3B9128E4B4F100B07D09 /* HackerNewsTests */,
				073D3B9B28E4B4F100B07D09 /* HackerNewsUITests */,
				073D3B7F28E4B4EF00B07D09 /* Products */,
			);
			sourceTree = "<group>";
		};
		073D3B7F28E4B4EF00B07D09 /* Products */ = {
			isa = PBXGroup;
			children = (
				073D3B7E28E4B4EF00B07D09 /* HackerNews.app */,
				073D3B8E28E4B4F100B07D09 /* HackerNewsTests.xctest */,
				073D3B9828E4B4F100B07D09 /* HackerNewsUITests.xctest */,
			);
			name = Products;
			sourceTree = "<group>";
		};
		073D3B8028E4B4EF00B07D09 /* HackerNews */ = {
			isa = PBXGroup;
			children = (
				073D3BB428E4BD6D00B07D09 /* Models */,
				073D3BB128E4BAC800B07D09 /* Views */,
				073D3BAE28E4B93C00B07D09 /* ViewModels */,
				073D3BAB28E4B50C00B07D09 /* Services */,
				073D3B8128E4B4EF00B07D09 /* HackerNewsApp.swift */,
				073D3B8328E4B4EF00B07D09 /* ContentView.swift */,
				073D3B8528E4B4F100B07D09 /* Assets.xcassets */,
				073D3B8728E4B4F100B07D09 /* Preview Content */,
			);
			path = HackerNews;
			sourceTree = "<group>";
		};
		073D3B8728E4B4F100B07D09 /* Preview Content */ = {
			isa = PBXGroup;
			children = (
				073D3B8828E4B4F100B07D09 /* Preview Assets.xcassets */,
			);
			path = "Preview Content";
			sourceTree = "<group>";
		};
		073D3B9128E4B4F100B07D09 /* HackerNewsTests */ = {
			isa = PBXGroup;
			children = (
				073D3B9228E4B4F100B07D09 /* HackerNewsTests.swift */,
			);
			path = HackerNewsTests;
			sourceTree = "<group>";
		};
		073D3B9B28E4B4F100B07D09 /* HackerNewsUITests */ = {
			isa = PBXGroup;
			children = (
				073D3B9C28E4B4F100B07D09 /* HackerNewsUITests.swift */,
				073D3B9E28E4B4F100B07D09 /* HackerNewsUITestsLaunchTests.swift */,
			);
			path = HackerNewsUITests;
			sourceTree = "<group>";
		};
		073D3BAB28E4B50C00B07D09 /* Services */ = {
			isa = PBXGroup;
			children = (
				073D3BAC28E4B51D00B07D09 /* Webservice.swift */,
			);
			path = Services;
			sourceTree = "<group>";
		};
		073D3BAE28E4B93C00B07D09 /* ViewModels */ = {
			isa = PBXGroup;
			children = (
				073D3BAF28E4B94900B07D09 /* StoryListViewModel.swift */,
				073D3BB728E4BEDB00B07D09 /* StoryDetailViewModel.swift */,
			);
			path = ViewModels;
			sourceTree = "<group>";
		};
		073D3BB128E4BAC800B07D09 /* Views */ = {
			isa = PBXGroup;
			children = (
				073D3BB228E4BADA00B07D09 /* StoryListView.swift */,
			);
			path = Views;
			sourceTree = "<group>";
		};
		073D3BB428E4BD6D00B07D09 /* Models */ = {
			isa = PBXGroup;
			children = (
				073D3BB528E4BD7A00B07D09 /* Story.swift */,
			);
			path = Models;
			sourceTree = "<group>";
		};
/* End PBXGroup section */

/* Begin PBXNativeTarget section */
		073D3B7D28E4B4EF00B07D09 /* HackerNews */ = {
			isa = PBXNativeTarget;
			buildConfigurationList = 073D3BA228E4B4F100B07D09 /* Build configuration list for PBXNativeTarget "HackerNews" */;
			buildPhases = (
				073D3B7A28E4B4EF00B07D09 /* Sources */,
				073D3B7B28E4B4EF00B07D09 /* Frameworks */,
				073D3B7C28E4B4EF00B07D09 /* Resources */,
			);
			buildRules = (
			);
			dependencies = (
			);
			name = HackerNews;
			productName = HackerNews;
			productReference = 073D3B7E28E4B4EF00B07D09 /* HackerNews.app */;
			productType = "com.apple.product-type.application";
		};
		073D3B8D28E4B4F100B07D09 /* HackerNewsTests */ = {
			isa = PBXNativeTarget;
			buildConfigurationList = 073D3BA528E4B4F100B07D09 /* Build configuration list for PBXNativeTarget "HackerNewsTests" */;
			buildPhases = (
				073D3B8A28E4B4F100B07D09 /* Sources */,
				073D3B8B28E4B4F100B07D09 /* Frameworks */,
				073D3B8C28E4B4F100B07D09 /* Resources */,
			);
			buildRules = (
			);
			dependencies = (
				073D3B9028E4B4F100B07D09 /* PBXTargetDependency */,
			);
			name = HackerNewsTests;
			productName = HackerNewsTests;
			productReference = 073D3B8E28E4B4F100B07D09 /* HackerNewsTests.xctest */;
			productType = "com.apple.product-type.bundle.unit-test";
		};
		073D3B9728E4B4F100B07D09 /* HackerNewsUITests */ = {
			isa = PBXNativeTarget;
			buildConfigurationList = 073D3BA828E4B4F100B07D09 /* Build configuration list for PBXNativeTarget "HackerNewsUITests" */;
			buildPhases = (
				073D3B9428E4B4F100B07D09 /* Sources */,
				073D3B9528E4B4F100B07D09 /* Frameworks */,
				073D3B9628E4B4F100B07D09 /* Resources */,
			);
			buildRules = (
			);
			dependencies = (
				073D3B9A28E4B4F100B07D09 /* PBXTargetDependency */,
			);
			name = HackerNewsUITests;
			productName = HackerNewsUITests;
			productReference = 073D3B9828E4B4F100B07D09 /* HackerNewsUITests.xctest */;
			productType = "com.apple.product-type.bundle.ui-testing";
		};
/* End PBXNativeTarget section */

/* Begin PBXProject section */
		073D3B7628E4B4EF00B07D09 /* Project object */ = {
			isa = PBXProject;
			attributes = {
				BuildIndependentTargetsInParallel = 1;
				LastSwiftUpdateCheck = 1340;
				LastUpgradeCheck = 1340;
				TargetAttributes = {
					073D3B7D28E4B4EF00B07D09 = {
						CreatedOnToolsVersion = 13.4.1;
					};
					073D3B8D28E4B4F100B07D09 = {
						CreatedOnToolsVersion = 13.4.1;
						TestTargetID = 073D3B7D28E4B4EF00B07D09;
					};
					073D3B9728E4B4F100B07D09 = {
						CreatedOnToolsVersion = 13.4.1;
						TestTargetID = 073D3B7D28E4B4EF00B07D09;
					};
				};
			};
			buildConfigurationList = 073D3B7928E4B4EF00B07D09 /* Build configuration list for PBXProject "HackerNews" */;
			compatibilityVersion = "Xcode 13.0";
			developmentRegion = en;
			hasScannedForEncodings = 0;
			knownRegions = (
				en,
				Base,
			);
			mainGroup = 073D3B7528E4B4EF00B07D09;
			productRefGroup = 073D3B7F28E4B4EF00B07D09 /* Products */;
			projectDirPath = "";
			projectRoot = "";
			targets = (
				073D3B7D28E4B4EF00B07D09 /* HackerNews */,
				073D3B8D28E4B4F100B07D09 /* HackerNewsTests */,
				073D3B9728E4B4F100B07D09 /* HackerNewsUITests */,
			);
		};
/* End PBXProject section */

/* Begin PBXResourcesBuildPhase section */
		073D3B7C28E4B4EF00B07D09 /* Resources */ = {
			isa = PBXResourcesBuildPhase;
			buildActionMask = 2147483647;
			files = (
				073D3B8928E4B4F100B07D09 /* Preview Assets.xcassets in Resources */,
				073D3B8628E4B4F100B07D09 /* Assets.xcassets in Resources */,
			);
			runOnlyForDeploymentPostprocessing = 0;
		};
		073D3B8C28E4B4F100B07D09 /* Resources */ = {
			isa = PBXResourcesBuildPhase;
			buildActionMask = 2147483647;
			files = (
			);
			runOnlyForDeploymentPostprocessing = 0;
		};
		073D3B9628E4B4F100B07D09 /* Resources */ = {
			isa = PBXResourcesBuildPhase;
			buildActionMask = 2147483647;
			files = (
			);
			runOnlyForDeploymentPostprocessing = 0;
		};
/* End PBXResourcesBuildPhase section */

/* Begin PBXSourcesBuildPhase section */
		073D3B7A28E4B4EF00B07D09 /* Sources */ = {
			isa = PBXSourcesBuildPhase;
			buildActionMask = 2147483647;
			files = (
				073D3BB028E4B94900B07D09 /* StoryListViewModel.swift in Sources */,
				073D3B8428E4B4EF00B07D09 /* ContentView.swift in Sources */,
				073D3BB328E4BADA00B07D09 /* StoryListView.swift in Sources */,
				073D3BB828E4BEDB00B07D09 /* StoryDetailViewModel.swift in Sources */,
				073D3B8228E4B4EF00B07D09 /* HackerNewsApp.swift in Sources */,
				073D3BAD28E4B51D00B07D09 /* Webservice.swift in Sources */,
				073D3BB628E4BD7A00B07D09 /* Story.swift in Sources */,
			);
			runOnlyForDeploymentPostprocessing = 0;
		};
		073D3B8A28E4B4F100B07D09 /* Sources */ = {
			isa = PBXSourcesBuildPhase;
			buildActionMask = 2147483647;
			files = (
				073D3B9328E4B4F100B07D09 /* HackerNewsTests.swift in Sources */,
			);
			runOnlyForDeploymentPostprocessing = 0;
		};
		073D3B9428E4B4F100B07D09 /* Sources */ = {
			isa = PBXSourcesBuildPhase;
			buildActionMask = 2147483647;
			files = (
				073D3B9D28E4B4F100B07D09 /* HackerNewsUITests.swift in Sources */,
				073D3B9F28E4B4F100B07D09 /* HackerNewsUITestsLaunchTests.swift in Sources */,
			);
			runOnlyForDeploymentPostprocessing = 0;
		};
/* End PBXSourcesBuildPhase section */

/* Begin PBXTargetDependency section */
		073D3B9028E4B4F100B07D09 /* PBXTargetDependency */ = {
			isa = PBXTargetDependency;
			target = 073D3B7D28E4B4EF00B07D09 /* HackerNews */;
			targetProxy = 073D3B8F28E4B4F100B07D09 /* PBXContainerItemProxy */;
		};
		073D3B9A28E4B4F100B07D09 /* PBXTargetDependency */ = {
			isa = PBXTargetDependency;
			target = 073D3B7D28E4B4EF00B07D09 /* HackerNews */;
			targetProxy = 073D3B9928E4B4F100B07D09 /* PBXContainerItemProxy */;
		};
/* End PBXTargetDependency section */

/* Begin XCBuildConfiguration section */
		073D3BA028E4B4F100B07D09 /* Debug */ = {
			isa = XCBuildConfiguration;
			buildSettings = {
				ALWAYS_SEARCH_USER_PATHS = NO;
				CLANG_ANALYZER_NONNULL = YES;
				CLANG_ANALYZER_NUMBER_OBJECT_CONVERSION = YES_AGGRESSIVE;
				CLANG_CXX_LANGUAGE_STANDARD = "gnu++17";
				CLANG_ENABLE_MODULES = YES;
				CLANG_ENABLE_OBJC_ARC = YES;
				CLANG_ENABLE_OBJC_WEAK = YES;
				CLANG_WARN_BLOCK_CAPTURE_AUTORELEASING = YES;
				CLANG_WARN_BOOL_CONVERSION = YES;
				CLANG_WARN_COMMA = YES;
				CLANG_WARN_CONSTANT_CONVERSION = YES;
				CLANG_WARN_DEPRECATED_OBJC_IMPLEMENTATIONS = YES;
				CLANG_WARN_DIRECT_OBJC_ISA_USAGE = YES_ERROR;
				CLANG_WARN_DOCUMENTATION_COMMENTS = YES;
				CLANG_WARN_EMPTY_BODY = YES;
				CLANG_WARN_ENUM_CONVERSION = YES;
				CLANG_WARN_INFINITE_RECURSION = YES;
				CLANG_WARN_INT_CONVERSION = YES;
				CLANG_WARN_NON_LITERAL_NULL_CONVERSION = YES;
				CLANG_WARN_OBJC_IMPLICIT_RETAIN_SELF = YES;
				CLANG_WARN_OBJC_LITERAL_CONVERSION = YES;
				CLANG_WARN_OBJC_ROOT_CLASS = YES_ERROR;
				CLANG_WARN_QUOTED_INCLUDE_IN_FRAMEWORK_HEADER = YES;
				CLANG_WARN_RANGE_LOOP_ANALYSIS = YES;
				CLANG_WARN_STRICT_PROTOTYPES = YES;
				CLANG_WARN_SUSPICIOUS_MOVE = YES;
				CLANG_WARN_UNGUARDED_AVAILABILITY = YES_AGGRESSIVE;
				CLANG_WARN_UNREACHABLE_CODE = YES;
				CLANG_WARN__DUPLICATE_METHOD_MATCH = YES;
				COPY_PHASE_STRIP = NO;
				DEBUG_INFORMATION_FORMAT = dwarf;
				ENABLE_STRICT_OBJC_MSGSEND = YES;
				ENABLE_TESTABILITY = YES;
				GCC_C_LANGUAGE_STANDARD = gnu11;
				GCC_DYNAMIC_NO_PIC = NO;
				GCC_NO_COMMON_BLOCKS = YES;
				GCC_OPTIMIZATION_LEVEL = 0;
				GCC_PREPROCESSOR_DEFINITIONS = (
					"DEBUG=1",
					"$(inherited)",
				);
				GCC_WARN_64_TO_32_BIT_CONVERSION = YES;
				GCC_WARN_ABOUT_RETURN_TYPE = YES_ERROR;
				GCC_WARN_UNDECLARED_SELECTOR = YES;
				GCC_WARN_UNINITIALIZED_AUTOS = YES_AGGRESSIVE;
				GCC_WARN_UNUSED_FUNCTION = YES;
				GCC_WARN_UNUSED_VARIABLE = YES;
				IPHONEOS_DEPLOYMENT_TARGET = 15.5;
				MTL_ENABLE_DEBUG_INFO = INCLUDE_SOURCE;
				MTL_FAST_MATH = YES;
				ONLY_ACTIVE_ARCH = YES;
				SDKROOT = iphoneos;
				SWIFT_ACTIVE_COMPILATION_CONDITIONS = DEBUG;
				SWIFT_OPTIMIZATION_LEVEL = "-Onone";
			};
			name = Debug;
		};
		073D3BA128E4B4F100B07D09 /* Release */ = {
			isa = XCBuildConfiguration;
			buildSettings = {
				ALWAYS_SEARCH_USER_PATHS = NO;
				CLANG_ANALYZER_NONNULL = YES;
				CLANG_ANALYZER_NUMBER_OBJECT_CONVERSION = YES_AGGRESSIVE;
				CLANG_CXX_LANGUAGE_STANDARD = "gnu++17";
				CLANG_ENABLE_MODULES = YES;
				CLANG_ENABLE_OBJC_ARC = YES;
				CLANG_ENABLE_OBJC_WEAK = YES;
				CLANG_WARN_BLOCK_CAPTURE_AUTORELEASING = YES;
				CLANG_WARN_BOOL_CONVERSION = YES;
				CLANG_WARN_COMMA = YES;
				CLANG_WARN_CONSTANT_CONVERSION = YES;
				CLANG_WARN_DEPRECATED_OBJC_IMPLEMENTATIONS = YES;
				CLANG_WARN_DIRECT_OBJC_ISA_USAGE = YES_ERROR;
				CLANG_WARN_DOCUMENTATION_COMMENTS = YES;
				CLANG_WARN_EMPTY_BODY = YES;
				CLANG_WARN_ENUM_CONVERSION = YES;
				CLANG_WARN_INFINITE_RECURSION = YES;
				CLANG_WARN_INT_CONVERSION = YES;
				CLANG_WARN_NON_LITERAL_NULL_CONVERSION = YES;
				CLANG_WARN_OBJC_IMPLICIT_RETAIN_SELF = YES;
				CLANG_WARN_OBJC_LITERAL_CONVERSION = YES;
				CLANG_WARN_OBJC_ROOT_CLASS = YES_ERROR;
				CLANG_WARN_QUOTED_INCLUDE_IN_FRAMEWORK_HEADER = YES;
				CLANG_WARN_RANGE_LOOP_ANALYSIS = YES;
				CLANG_WARN_STRICT_PROTOTYPES = YES;
				CLANG_WARN_SUSPICIOUS_MOVE = YES;
				CLANG_WARN_UNGUARDED_AVAILABILITY = YES_AGGRESSIVE;
				CLANG_WARN_UNREACHABLE_CODE = YES;
				CLANG_WARN__DUPLICATE_METHOD_MATCH = YES;
				COPY_PHASE_STRIP = NO;
				DEBUG_INFORMATION_FORMAT = "dwarf-with-dsym";
				ENABLE_NS_ASSERTIONS = NO;
				ENABLE_STRICT_OBJC_MSGSEND = YES;
				GCC_C_LANGUAGE_STANDARD = gnu11;
				GCC_NO_COMMON_BLOCKS = YES;
				GCC_WARN_64_TO_32_BIT_CONVERSION = YES;
				GCC_WARN_ABOUT_RETURN_TYPE = YES_ERROR;
				GCC_WARN_UNDECLARED_SELECTOR = YES;
				GCC_WARN_UNINITIALIZED_AUTOS = YES_AGGRESSIVE;
				GCC_WARN_UNUSED_FUNCTION = YES;
				GCC_WARN_UNUSED_VARIABLE = YES;
				IPHONEOS_DEPLOYMENT_TARGET = 15.5;
				MTL_ENABLE_DEBUG_INFO = NO;
				MTL_FAST_MATH = YES;
				SDKROOT = iphoneos;
				SWIFT_COMPILATION_MODE = wholemodule;
				SWIFT_OPTIMIZATION_LEVEL = "-O";
				VALIDATE_PRODUCT = YES;
			};
			name = Release;
		};
		073D3BA328E4B4F100B07D09 /* Debug */ = {
			isa = XCBuildConfiguration;
			buildSettings = {
				ASSETCATALOG_COMPILER_APPICON_NAME = AppIcon;
				ASSETCATALOG_COMPILER_GLOBAL_ACCENT_COLOR_NAME = AccentColor;
				CODE_SIGN_STYLE = Automatic;
				CURRENT_PROJECT_VERSION = 1;
				DEVELOPMENT_ASSET_PATHS = "\"HackerNews/Preview Content\"";
				DEVELOPMENT_TEAM = NF9G85TZ2T;
				ENABLE_PREVIEWS = YES;
				GENERATE_INFOPLIST_FILE = YES;
				INFOPLIST_KEY_UIApplicationSceneManifest_Generation = YES;
				INFOPLIST_KEY_UIApplicationSupportsIndirectInputEvents = YES;
				INFOPLIST_KEY_UILaunchScreen_Generation = YES;
				INFOPLIST_KEY_UISupportedInterfaceOrientations_iPad = "UIInterfaceOrientationPortrait UIInterfaceOrientationPortraitUpsideDown UIInterfaceOrientationLandscapeLeft UIInterfaceOrientationLandscapeRight";
				INFOPLIST_KEY_UISupportedInterfaceOrientations_iPhone = "UIInterfaceOrientationPortrait UIInterfaceOrientationLandscapeLeft UIInterfaceOrientationLandscapeRight";
				LD_RUNPATH_SEARCH_PATHS = (
					"$(inherited)",
					"@executable_path/Frameworks",
				);
				MARKETING_VERSION = 1.0;
				PRODUCT_BUNDLE_IDENTIFIER = OurTrees.HackerNews;
				PRODUCT_NAME = "$(TARGET_NAME)";
				SWIFT_EMIT_LOC_STRINGS = YES;
				SWIFT_VERSION = 5.0;
				TARGETED_DEVICE_FAMILY = "1,2";
			};
			name = Debug;
		};
		073D3BA428E4B4F100B07D09 /* Release */ = {
			isa = XCBuildConfiguration;
			buildSettings = {
				ASSETCATALOG_COMPILER_APPICON_NAME = AppIcon;
				ASSETCATALOG_COMPILER_GLOBAL_ACCENT_COLOR_NAME = AccentColor;
				CODE_SIGN_STYLE = Automatic;
				CURRENT_PROJECT_VERSION = 1;
				DEVELOPMENT_ASSET_PATHS = "\"HackerNews/Preview Content\"";
				DEVELOPMENT_TEAM = NF9G85TZ2T;
				ENABLE_PREVIEWS = YES;
				GENERATE_INFOPLIST_FILE = YES;
				INFOPLIST_KEY_UIApplicationSceneManifest_Generation = YES;
				INFOPLIST_KEY_UIApplicationSupportsIndirectInputEvents = YES;
				INFOPLIST_KEY_UILaunchScreen_Generation = YES;
				INFOPLIST_KEY_UISupportedInterfaceOrientations_iPad = "UIInterfaceOrientationPortrait UIInterfaceOrientationPortraitUpsideDown UIInterfaceOrientationLandscapeLeft UIInterfaceOrientationLandscapeRight";
				INFOPLIST_KEY_UISupportedInterfaceOrientations_iPhone = "UIInterfaceOrientationPortrait UIInterfaceOrientationLandscapeLeft UIInterfaceOrientationLandscapeRight";
				LD_RUNPATH_SEARCH_PATHS = (
					"$(inherited)",
					"@executable_path/Frameworks",
				);
				MARKETING_VERSION = 1.0;
				PRODUCT_BUNDLE_IDENTIFIER = OurTrees.HackerNews;
				PRODUCT_NAME = "$(TARGET_NAME)";
				SWIFT_EMIT_LOC_STRINGS = YES;
				SWIFT_VERSION = 5.0;
				TARGETED_DEVICE_FAMILY = "1,2";
			};
			name = Release;
		};
		073D3BA628E4B4F100B07D09 /* Debug */ = {
			isa = XCBuildConfiguration;
			buildSettings = {
				ALWAYS_EMBED_SWIFT_STANDARD_LIBRARIES = YES;
				BUNDLE_LOADER = "$(TEST_HOST)";
				CODE_SIGN_STYLE = Automatic;
				CURRENT_PROJECT_VERSION = 1;
				DEVELOPMENT_TEAM = NF9G85TZ2T;
				GENERATE_INFOPLIST_FILE = YES;
				IPHONEOS_DEPLOYMENT_TARGET = 15.5;
				MARKETING_VERSION = 1.0;
				PRODUCT_BUNDLE_IDENTIFIER = OurTrees.HackerNewsTests;
				PRODUCT_NAME = "$(TARGET_NAME)";
				SWIFT_EMIT_LOC_STRINGS = NO;
				SWIFT_VERSION = 5.0;
				TARGETED_DEVICE_FAMILY = "1,2";
				TEST_HOST = "$(BUILT_PRODUCTS_DIR)/HackerNews.app/HackerNews";
			};
			name = Debug;
		};
		073D3BA728E4B4F100B07D09 /* Release */ = {
			isa = XCBuildConfiguration;
			buildSettings = {
				ALWAYS_EMBED_SWIFT_STANDARD_LIBRARIES = YES;
				BUNDLE_LOADER = "$(TEST_HOST)";
				CODE_SIGN_STYLE = Automatic;
				CURRENT_PROJECT_VERSION = 1;
				DEVELOPMENT_TEAM = NF9G85TZ2T;
				GENERATE_INFOPLIST_FILE = YES;
				IPHONEOS_DEPLOYMENT_TARGET = 15.5;
				MARKETING_VERSION = 1.0;
				PRODUCT_BUNDLE_IDENTIFIER = OurTrees.HackerNewsTests;
				PRODUCT_NAME = "$(TARGET_NAME)";
				SWIFT_EMIT_LOC_STRINGS = NO;
				SWIFT_VERSION = 5.0;
				TARGETED_DEVICE_FAMILY = "1,2";
				TEST_HOST = "$(BUILT_PRODUCTS_DIR)/HackerNews.app/HackerNews";
			};
			name = Release;
		};
		073D3BA928E4B4F100B07D09 /* Debug */ = {
			isa = XCBuildConfiguration;
			buildSettings = {
				ALWAYS_EMBED_SWIFT_STANDARD_LIBRARIES = YES;
				CODE_SIGN_STYLE = Automatic;
				CURRENT_PROJECT_VERSION = 1;
				DEVELOPMENT_TEAM = NF9G85TZ2T;
				GENERATE_INFOPLIST_FILE = YES;
				MARKETING_VERSION = 1.0;
				PRODUCT_BUNDLE_IDENTIFIER = OurTrees.HackerNewsUITests;
				PRODUCT_NAME = "$(TARGET_NAME)";
				SWIFT_EMIT_LOC_STRINGS = NO;
				SWIFT_VERSION = 5.0;
				TARGETED_DEVICE_FAMILY = "1,2";
				TEST_TARGET_NAME = HackerNews;
			};
			name = Debug;
		};
		073D3BAA28E4B4F100B07D09 /* Release */ = {
			isa = XCBuildConfiguration;
			buildSettings = {
				ALWAYS_EMBED_SWIFT_STANDARD_LIBRARIES = YES;
				CODE_SIGN_STYLE = Automatic;
				CURRENT_PROJECT_VERSION = 1;
				DEVELOPMENT_TEAM = NF9G85TZ2T;
				GENERATE_INFOPLIST_FILE = YES;
				MARKETING_VERSION = 1.0;
				PRODUCT_BUNDLE_IDENTIFIER = OurTrees.HackerNewsUITests;
				PRODUCT_NAME = "$(TARGET_NAME)";
				SWIFT_EMIT_LOC_STRINGS = NO;
				SWIFT_VERSION = 5.0;
				TARGETED_DEVICE_FAMILY = "1,2";
				TEST_TARGET_NAME = HackerNews;
			};
			name = Release;
		};
/* End XCBuildConfiguration section */

/* Begin XCConfigurationList section */
		073D3B7928E4B4EF00B07D09 /* Build configuration list for PBXProject "HackerNews" */ = {
			isa = XCConfigurationList;
			buildConfigurations = (
				073D3BA028E4B4F100B07D09 /* Debug */,
				073D3BA128E4B4F100B07D09 /* Release */,
			);
			defaultConfigurationIsVisible = 0;
			defaultConfigurationName = Release;
		};
		073D3BA228E4B4F100B07D09 /* Build configuration list for PBXNativeTarget "HackerNews" */ = {
			isa = XCConfigurationList;
			buildConfigurations = (
				073D3BA328E4B4F100B07D09 /* Debug */,
				073D3BA428E4B4F100B07D09 /* Release */,
			);
			defaultConfigurationIsVisible = 0;
			defaultConfigurationName = Release;
		};
		073D3BA528E4B4F100B07D09 /* Build configuration list for PBXNativeTarget "HackerNewsTests" */ = {
			isa = XCConfigurationList;
			buildConfigurations = (
				073D3BA628E4B4F100B07D09 /* Debug */,
				073D3BA728E4B4F100B07D09 /* Release */,
			);
			defaultConfigurationIsVisible = 0;
			defaultConfigurationName = Release;
		};
		073D3BA828E4B4F100B07D09 /* Build configuration list for PBXNativeTarget "HackerNewsUITests" */ = {
			isa = XCConfigurationList;
			buildConfigurations = (
				073D3BA928E4B4F100B07D09 /* Debug */,
				073D3BAA28E4B4F100B07D09 /* Release */,
			);
			defaultConfigurationIsVisible = 0;
			defaultConfigurationName = Release;
		};
/* End XCConfigurationList section */
	};
	rootObject = 073D3B7628E4B4EF00B07D09 /* Project object */;
}
