// !$*UTF8*$!
{
	archiveVersion = 1;
	classes = {
	};
	objectVersion = 55;
	objects = {

/* Begin PBXBuildFile section */
		07652A0228E3643700C2C93A /* Hello_SwiftUIApp.swift in Sources */ = {isa = PBXBuildFile; fileRef = 07652A0128E3643700C2C93A /* Hello_SwiftUIApp.swift */; };
		07652A0428E3643700C2C93A /* ContentView.swift in Sources */ = {isa = PBXBuildFile; fileRef = 07652A0328E3643700C2C93A /* ContentView.swift */; };
		07652A0628E3643900C2C93A /* Assets.xcassets in Resources */ = {isa = PBXBuildFile; fileRef = 07652A0528E3643900C2C93A /* Assets.xcassets */; };
		07652A0928E3643900C2C93A /* Preview Assets.xcassets in Resources */ = {isa = PBXBuildFile; fileRef = 07652A0828E3643900C2C93A /* Preview Assets.xcassets */; };
		07652A1328E3643900C2C93A /* Hello_SwiftUITests.swift in Sources */ = {isa = PBXBuildFile; fileRef = 07652A1228E3643900C2C93A /* Hello_SwiftUITests.swift */; };
		07652A1D28E3643900C2C93A /* Hello_SwiftUIUITests.swift in Sources */ = {isa = PBXBuildFile; fileRef = 07652A1C28E3643900C2C93A /* Hello_SwiftUIUITests.swift */; };
		07652A1F28E3643900C2C93A /* Hello_SwiftUIUITestsLaunchTests.swift in Sources */ = {isa = PBXBuildFile; fileRef = 07652A1E28E3643900C2C93A /* Hello_SwiftUIUITestsLaunchTests.swift */; };
/* End PBXBuildFile section */

/* Begin PBXContainerItemProxy section */
		07652A0F28E3643900C2C93A /* PBXContainerItemProxy */ = {
			isa = PBXContainerItemProxy;
			containerPortal = 076529F628E3643700C2C93A /* Project object */;
			proxyType = 1;
			remoteGlobalIDString = 076529FD28E3643700C2C93A;
			remoteInfo = "Hello-SwiftUI";
		};
		07652A1928E3643900C2C93A /* PBXContainerItemProxy */ = {
			isa = PBXContainerItemProxy;
			containerPortal = 076529F628E3643700C2C93A /* Project object */;
			proxyType = 1;
			remoteGlobalIDString = 076529FD28E3643700C2C93A;
			remoteInfo = "Hello-SwiftUI";
		};
/* End PBXContainerItemProxy section */

/* Begin PBXFileReference section */
		076529FE28E3643700C2C93A /* Hello-SwiftUI.app */ = {isa = PBXFileReference; explicitFileType = wrapper.application; includeInIndex = 0; path = "Hello-SwiftUI.app"; sourceTree = BUILT_PRODUCTS_DIR; };
		07652A0128E3643700C2C93A /* Hello_SwiftUIApp.swift */ = {isa = PBXFileReference; lastKnownFileType = sourcecode.swift; path = Hello_SwiftUIApp.swift; sourceTree = "<group>"; };
		07652A0328E3643700C2C93A /* ContentView.swift */ = {isa = PBXFileReference; lastKnownFileType = sourcecode.swift; path = ContentView.swift; sourceTree = "<group>"; };
		07652A0528E3643900C2C93A /* Assets.xcassets */ = {isa = PBXFileReference; lastKnownFileType = folder.assetcatalog; path = Assets.xcassets; sourceTree = "<group>"; };
		07652A0828E3643900C2C93A /* Preview Assets.xcassets */ = {isa = PBXFileReference; lastKnownFileType = folder.assetcatalog; path = "Preview Assets.xcassets"; sourceTree = "<group>"; };
		07652A0E28E3643900C2C93A /* Hello-SwiftUITests.xctest */ = {isa = PBXFileReference; explicitFileType = wrapper.cfbundle; includeInIndex = 0; path = "Hello-SwiftUITests.xctest"; sourceTree = BUILT_PRODUCTS_DIR; };
		07652A1228E3643900C2C93A /* Hello_SwiftUITests.swift */ = {isa = PBXFileReference; lastKnownFileType = sourcecode.swift; path = Hello_SwiftUITests.swift; sourceTree = "<group>"; };
		07652A1828E3643900C2C93A /* Hello-SwiftUIUITests.xctest */ = {isa = PBXFileReference; explicitFileType = wrapper.cfbundle; includeInIndex = 0; path = "Hello-SwiftUIUITests.xctest"; sourceTree = BUILT_PRODUCTS_DIR; };
		07652A1C28E3643900C2C93A /* Hello_SwiftUIUITests.swift */ = {isa = PBXFileReference; lastKnownFileType = sourcecode.swift; path = Hello_SwiftUIUITests.swift; sourceTree = "<group>"; };
		07652A1E28E3643900C2C93A /* Hello_SwiftUIUITestsLaunchTests.swift */ = {isa = PBXFileReference; lastKnownFileType = sourcecode.swift; path = Hello_SwiftUIUITestsLaunchTests.swift; sourceTree = "<group>"; };
/* End PBXFileReference section */

/* Begin PBXFrameworksBuildPhase section */
		076529FB28E3643700C2C93A /* Frameworks */ = {
			isa = PBXFrameworksBuildPhase;
			buildActionMask = 2147483647;
			files = (
			);
			runOnlyForDeploymentPostprocessing = 0;
		};
		07652A0B28E3643900C2C93A /* Frameworks */ = {
			isa = PBXFrameworksBuildPhase;
			buildActionMask = 2147483647;
			files = (
			);
			runOnlyForDeploymentPostprocessing = 0;
		};
		07652A1528E3643900C2C93A /* Frameworks */ = {
			isa = PBXFrameworksBuildPhase;
			buildActionMask = 2147483647;
			files = (
			);
			runOnlyForDeploymentPostprocessing = 0;
		};
/* End PBXFrameworksBuildPhase section */

/* Begin PBXGroup section */
		076529F528E3643700C2C93A = {
			isa = PBXGroup;
			children = (
				07652A0028E3643700C2C93A /* Hello-SwiftUI */,
				07652A1128E3643900C2C93A /* Hello-SwiftUITests */,
				07652A1B28E3643900C2C93A /* Hello-SwiftUIUITests */,
				076529FF28E3643700C2C93A /* Products */,
			);
			sourceTree = "<group>";
		};
		076529FF28E3643700C2C93A /* Products */ = {
			isa = PBXGroup;
			children = (
				076529FE28E3643700C2C93A /* Hello-SwiftUI.app */,
				07652A0E28E3643900C2C93A /* Hello-SwiftUITests.xctest */,
				07652A1828E3643900C2C93A /* Hello-SwiftUIUITests.xctest */,
			);
			name = Products;
			sourceTree = "<group>";
		};
		07652A0028E3643700C2C93A /* Hello-SwiftUI */ = {
			isa = PBXGroup;
			children = (
				07652A0128E3643700C2C93A /* Hello_SwiftUIApp.swift */,
				07652A0328E3643700C2C93A /* ContentView.swift */,
				07652A0528E3643900C2C93A /* Assets.xcassets */,
				07652A0728E3643900C2C93A /* Preview Content */,
			);
			path = "Hello-SwiftUI";
			sourceTree = "<group>";
		};
		07652A0728E3643900C2C93A /* Preview Content */ = {
			isa = PBXGroup;
			children = (
				07652A0828E3643900C2C93A /* Preview Assets.xcassets */,
			);
			path = "Preview Content";
			sourceTree = "<group>";
		};
		07652A1128E3643900C2C93A /* Hello-SwiftUITests */ = {
			isa = PBXGroup;
			children = (
				07652A1228E3643900C2C93A /* Hello_SwiftUITests.swift */,
			);
			path = "Hello-SwiftUITests";
			sourceTree = "<group>";
		};
		07652A1B28E3643900C2C93A /* Hello-SwiftUIUITests */ = {
			isa = PBXGroup;
			children = (
				07652A1C28E3643900C2C93A /* Hello_SwiftUIUITests.swift */,
				07652A1E28E3643900C2C93A /* Hello_SwiftUIUITestsLaunchTests.swift */,
			);
			path = "Hello-SwiftUIUITests";
			sourceTree = "<group>";
		};
/* End PBXGroup section */

/* Begin PBXNativeTarget section */
		076529FD28E3643700C2C93A /* Hello-SwiftUI */ = {
			isa = PBXNativeTarget;
			buildConfigurationList = 07652A2228E3643900C2C93A /* Build configuration list for PBXNativeTarget "Hello-SwiftUI" */;
			buildPhases = (
				076529FA28E3643700C2C93A /* Sources */,
				076529FB28E3643700C2C93A /* Frameworks */,
				076529FC28E3643700C2C93A /* Resources */,
			);
			buildRules = (
			);
			dependencies = (
			);
			name = "Hello-SwiftUI";
			productName = "Hello-SwiftUI";
			productReference = 076529FE28E3643700C2C93A /* Hello-SwiftUI.app */;
			productType = "com.apple.product-type.application";
		};
		07652A0D28E3643900C2C93A /* Hello-SwiftUITests */ = {
			isa = PBXNativeTarget;
			buildConfigurationList = 07652A2528E3643900C2C93A /* Build configuration list for PBXNativeTarget "Hello-SwiftUITests" */;
			buildPhases = (
				07652A0A28E3643900C2C93A /* Sources */,
				07652A0B28E3643900C2C93A /* Frameworks */,
				07652A0C28E3643900C2C93A /* Resources */,
			);
			buildRules = (
			);
			dependencies = (
				07652A1028E3643900C2C93A /* PBXTargetDependency */,
			);
			name = "Hello-SwiftUITests";
			productName = "Hello-SwiftUITests";
			productReference = 07652A0E28E3643900C2C93A /* Hello-SwiftUITests.xctest */;
			productType = "com.apple.product-type.bundle.unit-test";
		};
		07652A1728E3643900C2C93A /* Hello-SwiftUIUITests */ = {
			isa = PBXNativeTarget;
			buildConfigurationList = 07652A2828E3643900C2C93A /* Build configuration list for PBXNativeTarget "Hello-SwiftUIUITests" */;
			buildPhases = (
				07652A1428E3643900C2C93A /* Sources */,
				07652A1528E3643900C2C93A /* Frameworks */,
				07652A1628E3643900C2C93A /* Resources */,
			);
			buildRules = (
			);
			dependencies = (
				07652A1A28E3643900C2C93A /* PBXTargetDependency */,
			);
			name = "Hello-SwiftUIUITests";
			productName = "Hello-SwiftUIUITests";
			productReference = 07652A1828E3643900C2C93A /* Hello-SwiftUIUITests.xctest */;
			productType = "com.apple.product-type.bundle.ui-testing";
		};
/* End PBXNativeTarget section */

/* Begin PBXProject section */
		076529F628E3643700C2C93A /* Project object */ = {
			isa = PBXProject;
			attributes = {
				BuildIndependentTargetsInParallel = 1;
				LastSwiftUpdateCheck = 1340;
				LastUpgradeCheck = 1340;
				TargetAttributes = {
					076529FD28E3643700C2C93A = {
						CreatedOnToolsVersion = 13.4.1;
					};
					07652A0D28E3643900C2C93A = {
						CreatedOnToolsVersion = 13.4.1;
						TestTargetID = 076529FD28E3643700C2C93A;
					};
					07652A1728E3643900C2C93A = {
						CreatedOnToolsVersion = 13.4.1;
						TestTargetID = 076529FD28E3643700C2C93A;
					};
				};
			};
			buildConfigurationList = 076529F928E3643700C2C93A /* Build configuration list for PBXProject "Hello-SwiftUI" */;
			compatibilityVersion = "Xcode 13.0";
			developmentRegion = en;
			hasScannedForEncodings = 0;
			knownRegions = (
				en,
				Base,
			);
			mainGroup = 076529F528E3643700C2C93A;
			productRefGroup = 076529FF28E3643700C2C93A /* Products */;
			projectDirPath = "";
			projectRoot = "";
			targets = (
				076529FD28E3643700C2C93A /* Hello-SwiftUI */,
				07652A0D28E3643900C2C93A /* Hello-SwiftUITests */,
				07652A1728E3643900C2C93A /* Hello-SwiftUIUITests */,
			);
		};
/* End PBXProject section */

/* Begin PBXResourcesBuildPhase section */
		076529FC28E3643700C2C93A /* Resources */ = {
			isa = PBXResourcesBuildPhase;
			buildActionMask = 2147483647;
			files = (
				07652A0928E3643900C2C93A /* Preview Assets.xcassets in Resources */,
				07652A0628E3643900C2C93A /* Assets.xcassets in Resources */,
			);
			runOnlyForDeploymentPostprocessing = 0;
		};
		07652A0C28E3643900C2C93A /* Resources */ = {
			isa = PBXResourcesBuildPhase;
			buildActionMask = 2147483647;
			files = (
			);
			runOnlyForDeploymentPostprocessing = 0;
		};
		07652A1628E3643900C2C93A /* Resources */ = {
			isa = PBXResourcesBuildPhase;
			buildActionMask = 2147483647;
			files = (
			);
			runOnlyForDeploymentPostprocessing = 0;
		};
/* End PBXResourcesBuildPhase section */

/* Begin PBXSourcesBuildPhase section */
		076529FA28E3643700C2C93A /* Sources */ = {
			isa = PBXSourcesBuildPhase;
			buildActionMask = 2147483647;
			files = (
				07652A0428E3643700C2C93A /* ContentView.swift in Sources */,
				07652A0228E3643700C2C93A /* Hello_SwiftUIApp.swift in Sources */,
			);
			runOnlyForDeploymentPostprocessing = 0;
		};
		07652A0A28E3643900C2C93A /* Sources */ = {
			isa = PBXSourcesBuildPhase;
			buildActionMask = 2147483647;
			files = (
				07652A1328E3643900C2C93A /* Hello_SwiftUITests.swift in Sources */,
			);
			runOnlyForDeploymentPostprocessing = 0;
		};
		07652A1428E3643900C2C93A /* Sources */ = {
			isa = PBXSourcesBuildPhase;
			buildActionMask = 2147483647;
			files = (
				07652A1D28E3643900C2C93A /* Hello_SwiftUIUITests.swift in Sources */,
				07652A1F28E3643900C2C93A /* Hello_SwiftUIUITestsLaunchTests.swift in Sources */,
			);
			runOnlyForDeploymentPostprocessing = 0;
		};
/* End PBXSourcesBuildPhase section */

/* Begin PBXTargetDependency section */
		07652A1028E3643900C2C93A /* PBXTargetDependency */ = {
			isa = PBXTargetDependency;
			target = 076529FD28E3643700C2C93A /* Hello-SwiftUI */;
			targetProxy = 07652A0F28E3643900C2C93A /* PBXContainerItemProxy */;
		};
		07652A1A28E3643900C2C93A /* PBXTargetDependency */ = {
			isa = PBXTargetDependency;
			target = 076529FD28E3643700C2C93A /* Hello-SwiftUI */;
			targetProxy = 07652A1928E3643900C2C93A /* PBXContainerItemProxy */;
		};
/* End PBXTargetDependency section */

/* Begin XCBuildConfiguration section */
		07652A2028E3643900C2C93A /* Debug */ = {
			isa = XCBuildConfiguration;
			buildSettings = {
				ALWAYS_SEARCH_USER_PATHS = NO;
				CLANG_ANALYZER_NONNULL = YES;
				CLANG_ANALYZER_NUMBER_OBJECT_CONVERSION = YES_AGGRESSIVE;
				CLANG_CXX_LANGUAGE_STANDARD = "gnu++17";
				CLANG_ENABLE_MODULES = YES;
				CLANG_ENABLE_OBJC_ARC = YES;
				CLANG_ENABLE_OBJC_WEAK = YES;
				CLANG_WARN_BLOCK_CAPTURE_AUTORELEASING = YES;
				CLANG_WARN_BOOL_CONVERSION = YES;
				CLANG_WARN_COMMA = YES;
				CLANG_WARN_CONSTANT_CONVERSION = YES;
				CLANG_WARN_DEPRECATED_OBJC_IMPLEMENTATIONS = YES;
				CLANG_WARN_DIRECT_OBJC_ISA_USAGE = YES_ERROR;
				CLANG_WARN_DOCUMENTATION_COMMENTS = YES;
				CLANG_WARN_EMPTY_BODY = YES;
				CLANG_WARN_ENUM_CONVERSION = YES;
				CLANG_WARN_INFINITE_RECURSION = YES;
				CLANG_WARN_INT_CONVERSION = YES;
				CLANG_WARN_NON_LITERAL_NULL_CONVERSION = YES;
				CLANG_WARN_OBJC_IMPLICIT_RETAIN_SELF = YES;
				CLANG_WARN_OBJC_LITERAL_CONVERSION = YES;
				CLANG_WARN_OBJC_ROOT_CLASS = YES_ERROR;
				CLANG_WARN_QUOTED_INCLUDE_IN_FRAMEWORK_HEADER = YES;
				CLANG_WARN_RANGE_LOOP_ANALYSIS = YES;
				CLANG_WARN_STRICT_PROTOTYPES = YES;
				CLANG_WARN_SUSPICIOUS_MOVE = YES;
				CLANG_WARN_UNGUARDED_AVAILABILITY = YES_AGGRESSIVE;
				CLANG_WARN_UNREACHABLE_CODE = YES;
				CLANG_WARN__DUPLICATE_METHOD_MATCH = YES;
				COPY_PHASE_STRIP = NO;
				DEBUG_INFORMATION_FORMAT = dwarf;
				ENABLE_STRICT_OBJC_MSGSEND = YES;
				ENABLE_TESTABILITY = YES;
				GCC_C_LANGUAGE_STANDARD = gnu11;
				GCC_DYNAMIC_NO_PIC = NO;
				GCC_NO_COMMON_BLOCKS = YES;
				GCC_OPTIMIZATION_LEVEL = 0;
				GCC_PREPROCESSOR_DEFINITIONS = (
					"DEBUG=1",
					"$(inherited)",
				);
				GCC_WARN_64_TO_32_BIT_CONVERSION = YES;
				GCC_WARN_ABOUT_RETURN_TYPE = YES_ERROR;
				GCC_WARN_UNDECLARED_SELECTOR = YES;
				GCC_WARN_UNINITIALIZED_AUTOS = YES_AGGRESSIVE;
				GCC_WARN_UNUSED_FUNCTION = YES;
				GCC_WARN_UNUSED_VARIABLE = YES;
				IPHONEOS_DEPLOYMENT_TARGET = 15.5;
				MTL_ENABLE_DEBUG_INFO = INCLUDE_SOURCE;
				MTL_FAST_MATH = YES;
				ONLY_ACTIVE_ARCH = YES;
				SDKROOT = iphoneos;
				SWIFT_ACTIVE_COMPILATION_CONDITIONS = DEBUG;
				SWIFT_OPTIMIZATION_LEVEL = "-Onone";
			};
			name = Debug;
		};
		07652A2128E3643900C2C93A /* Release */ = {
			isa = XCBuildConfiguration;
			buildSettings = {
				ALWAYS_SEARCH_USER_PATHS = NO;
				CLANG_ANALYZER_NONNULL = YES;
				CLANG_ANALYZER_NUMBER_OBJECT_CONVERSION = YES_AGGRESSIVE;
				CLANG_CXX_LANGUAGE_STANDARD = "gnu++17";
				CLANG_ENABLE_MODULES = YES;
				CLANG_ENABLE_OBJC_ARC = YES;
				CLANG_ENABLE_OBJC_WEAK = YES;
				CLANG_WARN_BLOCK_CAPTURE_AUTORELEASING = YES;
				CLANG_WARN_BOOL_CONVERSION = YES;
				CLANG_WARN_COMMA = YES;
				CLANG_WARN_CONSTANT_CONVERSION = YES;
				CLANG_WARN_DEPRECATED_OBJC_IMPLEMENTATIONS = YES;
				CLANG_WARN_DIRECT_OBJC_ISA_USAGE = YES_ERROR;
				CLANG_WARN_DOCUMENTATION_COMMENTS = YES;
				CLANG_WARN_EMPTY_BODY = YES;
				CLANG_WARN_ENUM_CONVERSION = YES;
				CLANG_WARN_INFINITE_RECURSION = YES;
				CLANG_WARN_INT_CONVERSION = YES;
				CLANG_WARN_NON_LITERAL_NULL_CONVERSION = YES;
				CLANG_WARN_OBJC_IMPLICIT_RETAIN_SELF = YES;
				CLANG_WARN_OBJC_LITERAL_CONVERSION = YES;
				CLANG_WARN_OBJC_ROOT_CLASS = YES_ERROR;
				CLANG_WARN_QUOTED_INCLUDE_IN_FRAMEWORK_HEADER = YES;
				CLANG_WARN_RANGE_LOOP_ANALYSIS = YES;
				CLANG_WARN_STRICT_PROTOTYPES = YES;
				CLANG_WARN_SUSPICIOUS_MOVE = YES;
				CLANG_WARN_UNGUARDED_AVAILABILITY = YES_AGGRESSIVE;
				CLANG_WARN_UNREACHABLE_CODE = YES;
				CLANG_WARN__DUPLICATE_METHOD_MATCH = YES;
				COPY_PHASE_STRIP = NO;
				DEBUG_INFORMATION_FORMAT = "dwarf-with-dsym";
				ENABLE_NS_ASSERTIONS = NO;
				ENABLE_STRICT_OBJC_MSGSEND = YES;
				GCC_C_LANGUAGE_STANDARD = gnu11;
				GCC_NO_COMMON_BLOCKS = YES;
				GCC_WARN_64_TO_32_BIT_CONVERSION = YES;
				GCC_WARN_ABOUT_RETURN_TYPE = YES_ERROR;
				GCC_WARN_UNDECLARED_SELECTOR = YES;
				GCC_WARN_UNINITIALIZED_AUTOS = YES_AGGRESSIVE;
				GCC_WARN_UNUSED_FUNCTION = YES;
				GCC_WARN_UNUSED_VARIABLE = YES;
				IPHONEOS_DEPLOYMENT_TARGET = 15.5;
				MTL_ENABLE_DEBUG_INFO = NO;
				MTL_FAST_MATH = YES;
				SDKROOT = iphoneos;
				SWIFT_COMPILATION_MODE = wholemodule;
				SWIFT_OPTIMIZATION_LEVEL = "-O";
				VALIDATE_PRODUCT = YES;
			};
			name = Release;
		};
		07652A2328E3643900C2C93A /* Debug */ = {
			isa = XCBuildConfiguration;
			buildSettings = {
				ASSETCATALOG_COMPILER_APPICON_NAME = AppIcon;
				ASSETCATALOG_COMPILER_GLOBAL_ACCENT_COLOR_NAME = AccentColor;
				CODE_SIGN_STYLE = Automatic;
				CURRENT_PROJECT_VERSION = 1;
				DEVELOPMENT_ASSET_PATHS = "\"Hello-SwiftUI/Preview Content\"";
				DEVELOPMENT_TEAM = NF9G85TZ2T;
				ENABLE_PREVIEWS = YES;
				GENERATE_INFOPLIST_FILE = YES;
				INFOPLIST_KEY_UIApplicationSceneManifest_Generation = YES;
				INFOPLIST_KEY_UIApplicationSupportsIndirectInputEvents = YES;
				INFOPLIST_KEY_UILaunchScreen_Generation = YES;
				INFOPLIST_KEY_UISupportedInterfaceOrientations_iPad = "UIInterfaceOrientationPortrait UIInterfaceOrientationPortraitUpsideDown UIInterfaceOrientationLandscapeLeft UIInterfaceOrientationLandscapeRight";
				INFOPLIST_KEY_UISupportedInterfaceOrientations_iPhone = "UIInterfaceOrientationPortrait UIInterfaceOrientationLandscapeLeft UIInterfaceOrientationLandscapeRight";
				LD_RUNPATH_SEARCH_PATHS = (
					"$(inherited)",
					"@executable_path/Frameworks",
				);
				MARKETING_VERSION = 1.0;
				PRODUCT_BUNDLE_IDENTIFIER = "OurTrees.Hello-SwiftUI";
				PRODUCT_NAME = "$(TARGET_NAME)";
				SWIFT_EMIT_LOC_STRINGS = YES;
				SWIFT_VERSION = 5.0;
				TARGETED_DEVICE_FAMILY = "1,2";
			};
			name = Debug;
		};
		07652A2428E3643900C2C93A /* Release */ = {
			isa = XCBuildConfiguration;
			buildSettings = {
				ASSETCATALOG_COMPILER_APPICON_NAME = AppIcon;
				ASSETCATALOG_COMPILER_GLOBAL_ACCENT_COLOR_NAME = AccentColor;
				CODE_SIGN_STYLE = Automatic;
				CURRENT_PROJECT_VERSION = 1;
				DEVELOPMENT_ASSET_PATHS = "\"Hello-SwiftUI/Preview Content\"";
				DEVELOPMENT_TEAM = NF9G85TZ2T;
				ENABLE_PREVIEWS = YES;
				GENERATE_INFOPLIST_FILE = YES;
				INFOPLIST_KEY_UIApplicationSceneManifest_Generation = YES;
				INFOPLIST_KEY_UIApplicationSupportsIndirectInputEvents = YES;
				INFOPLIST_KEY_UILaunchScreen_Generation = YES;
				INFOPLIST_KEY_UISupportedInterfaceOrientations_iPad = "UIInterfaceOrientationPortrait UIInterfaceOrientationPortraitUpsideDown UIInterfaceOrientationLandscapeLeft UIInterfaceOrientationLandscapeRight";
				INFOPLIST_KEY_UISupportedInterfaceOrientations_iPhone = "UIInterfaceOrientationPortrait UIInterfaceOrientationLandscapeLeft UIInterfaceOrientationLandscapeRight";
				LD_RUNPATH_SEARCH_PATHS = (
					"$(inherited)",
					"@executable_path/Frameworks",
				);
				MARKETING_VERSION = 1.0;
				PRODUCT_BUNDLE_IDENTIFIER = "OurTrees.Hello-SwiftUI";
				PRODUCT_NAME = "$(TARGET_NAME)";
				SWIFT_EMIT_LOC_STRINGS = YES;
				SWIFT_VERSION = 5.0;
				TARGETED_DEVICE_FAMILY = "1,2";
			};
			name = Release;
		};
		07652A2628E3643900C2C93A /* Debug */ = {
			isa = XCBuildConfiguration;
			buildSettings = {
				ALWAYS_EMBED_SWIFT_STANDARD_LIBRARIES = YES;
				BUNDLE_LOADER = "$(TEST_HOST)";
				CODE_SIGN_STYLE = Automatic;
				CURRENT_PROJECT_VERSION = 1;
				DEVELOPMENT_TEAM = NF9G85TZ2T;
				GENERATE_INFOPLIST_FILE = YES;
				IPHONEOS_DEPLOYMENT_TARGET = 15.5;
				MARKETING_VERSION = 1.0;
				PRODUCT_BUNDLE_IDENTIFIER = "OurTrees.Hello-SwiftUITests";
				PRODUCT_NAME = "$(TARGET_NAME)";
				SWIFT_EMIT_LOC_STRINGS = NO;
				SWIFT_VERSION = 5.0;
				TARGETED_DEVICE_FAMILY = "1,2";
				TEST_HOST = "$(BUILT_PRODUCTS_DIR)/Hello-SwiftUI.app/Hello-SwiftUI";
			};
			name = Debug;
		};
		07652A2728E3643900C2C93A /* Release */ = {
			isa = XCBuildConfiguration;
			buildSettings = {
				ALWAYS_EMBED_SWIFT_STANDARD_LIBRARIES = YES;
				BUNDLE_LOADER = "$(TEST_HOST)";
				CODE_SIGN_STYLE = Automatic;
				CURRENT_PROJECT_VERSION = 1;
				DEVELOPMENT_TEAM = NF9G85TZ2T;
				GENERATE_INFOPLIST_FILE = YES;
				IPHONEOS_DEPLOYMENT_TARGET = 15.5;
				MARKETING_VERSION = 1.0;
				PRODUCT_BUNDLE_IDENTIFIER = "OurTrees.Hello-SwiftUITests";
				PRODUCT_NAME = "$(TARGET_NAME)";
				SWIFT_EMIT_LOC_STRINGS = NO;
				SWIFT_VERSION = 5.0;
				TARGETED_DEVICE_FAMILY = "1,2";
				TEST_HOST = "$(BUILT_PRODUCTS_DIR)/Hello-SwiftUI.app/Hello-SwiftUI";
			};
			name = Release;
		};
		07652A2928E3643900C2C93A /* Debug */ = {
			isa = XCBuildConfiguration;
			buildSettings = {
				ALWAYS_EMBED_SWIFT_STANDARD_LIBRARIES = YES;
				CODE_SIGN_STYLE = Automatic;
				CURRENT_PROJECT_VERSION = 1;
				DEVELOPMENT_TEAM = NF9G85TZ2T;
				GENERATE_INFOPLIST_FILE = YES;
				MARKETING_VERSION = 1.0;
				PRODUCT_BUNDLE_IDENTIFIER = "OurTrees.Hello-SwiftUIUITests";
				PRODUCT_NAME = "$(TARGET_NAME)";
				SWIFT_EMIT_LOC_STRINGS = NO;
				SWIFT_VERSION = 5.0;
				TARGETED_DEVICE_FAMILY = "1,2";
				TEST_TARGET_NAME = "Hello-SwiftUI";
			};
			name = Debug;
		};
		07652A2A28E3643900C2C93A /* Release */ = {
			isa = XCBuildConfiguration;
			buildSettings = {
				ALWAYS_EMBED_SWIFT_STANDARD_LIBRARIES = YES;
				CODE_SIGN_STYLE = Automatic;
				CURRENT_PROJECT_VERSION = 1;
				DEVELOPMENT_TEAM = NF9G85TZ2T;
				GENERATE_INFOPLIST_FILE = YES;
				MARKETING_VERSION = 1.0;
				PRODUCT_BUNDLE_IDENTIFIER = "OurTrees.Hello-SwiftUIUITests";
				PRODUCT_NAME = "$(TARGET_NAME)";
				SWIFT_EMIT_LOC_STRINGS = NO;
				SWIFT_VERSION = 5.0;
				TARGETED_DEVICE_FAMILY = "1,2";
				TEST_TARGET_NAME = "Hello-SwiftUI";
			};
			name = Release;
		};
/* End XCBuildConfiguration section */

/* Begin XCConfigurationList section */
		076529F928E3643700C2C93A /* Build configuration list for PBXProject "Hello-SwiftUI" */ = {
			isa = XCConfigurationList;
			buildConfigurations = (
				07652A2028E3643900C2C93A /* Debug */,
				07652A2128E3643900C2C93A /* Release */,
			);
			defaultConfigurationIsVisible = 0;
			defaultConfigurationName = Release;
		};
		07652A2228E3643900C2C93A /* Build configuration list for PBXNativeTarget "Hello-SwiftUI" */ = {
			isa = XCConfigurationList;
			buildConfigurations = (
				07652A2328E3643900C2C93A /* Debug */,
				07652A2428E3643900C2C93A /* Release */,
			);
			defaultConfigurationIsVisible = 0;
			defaultConfigurationName = Release;
		};
		07652A2528E3643900C2C93A /* Build configuration list for PBXNativeTarget "Hello-SwiftUITests" */ = {
			isa = XCConfigurationList;
			buildConfigurations = (
				07652A2628E3643900C2C93A /* Debug */,
				07652A2728E3643900C2C93A /* Release */,
			);
			defaultConfigurationIsVisible = 0;
			defaultConfigurationName = Release;
		};
		07652A2828E3643900C2C93A /* Build configuration list for PBXNativeTarget "Hello-SwiftUIUITests" */ = {
			isa = XCConfigurationList;
			buildConfigurations = (
				07652A2928E3643900C2C93A /* Debug */,
				07652A2A28E3643900C2C93A /* Release */,
			);
			defaultConfigurationIsVisible = 0;
			defaultConfigurationName = Release;
		};
/* End XCConfigurationList section */
	};
	rootObject = 076529F628E3643700C2C93A /* Project object */;
}
