// !$*UTF8*$!
{
	archiveVersion = 1;
	classes = {
	};
	objectVersion = 50;
	objects = {

/* Begin PBXBuildFile section */
		8D844F9A235A1CE500B7FD36 /* AppDelegate.swift in Sources */ = {isa = PBXBuildFile; fileRef = 8D844F99235A1CE500B7FD36 /* AppDelegate.swift */; };
		8D844F9C235A1CE500B7FD36 /* SceneDelegate.swift in Sources */ = {isa = PBXBuildFile; fileRef = 8D844F9B235A1CE500B7FD36 /* SceneDelegate.swift */; };
		8D844FA1235A1CE500B7FD36 /* Main.storyboard in Resources */ = {isa = PBXBuildFile; fileRef = 8D844F9F235A1CE500B7FD36 /* Main.storyboard */; };
		8D844FA3235A1CE600B7FD36 /* Assets.xcassets in Resources */ = {isa = PBXBuildFile; fileRef = 8D844FA2235A1CE600B7FD36 /* Assets.xcassets */; };
		8D844FA6235A1CE600B7FD36 /* LaunchScreen.storyboard in Resources */ = {isa = PBXBuildFile; fileRef = 8D844FA4235A1CE600B7FD36 /* LaunchScreen.storyboard */; };
		8D844FAE235A1D1100B7FD36 /* PostListTableViewController.swift in Sources */ = {isa = PBXBuildFile; fileRef = 8D844FAD235A1D1100B7FD36 /* PostListTableViewController.swift */; };
		8D844FB2235A1DE500B7FD36 /* Post.swift in Sources */ = {isa = PBXBuildFile; fileRef = 8D844FB1235A1DE500B7FD36 /* Post.swift */; };
		8D844FB4235A1DF900B7FD36 /* Webservice.swift in Sources */ = {isa = PBXBuildFile; fileRef = 8D844FB3235A1DF900B7FD36 /* Webservice.swift */; };
/* End PBXBuildFile section */

/* Begin PBXFileReference section */
		8D844F96235A1CE500B7FD36 /* Networking-Combine-App.app */ = {isa = PBXFileReference; explicitFileType = wrapper.application; includeInIndex = 0; path = "Networking-Combine-App.app"; sourceTree = BUILT_PRODUCTS_DIR; };
		8D844F99235A1CE500B7FD36 /* AppDelegate.swift */ = {isa = PBXFileReference; lastKnownFileType = sourcecode.swift; path = AppDelegate.swift; sourceTree = "<group>"; };
		8D844F9B235A1CE500B7FD36 /* SceneDelegate.swift */ = {isa = PBXFileReference; lastKnownFileType = sourcecode.swift; path = SceneDelegate.swift; sourceTree = "<group>"; };
		8D844FA0235A1CE500B7FD36 /* Base */ = {isa = PBXFileReference; lastKnownFileType = file.storyboard; name = Base; path = Base.lproj/Main.storyboard; sourceTree = "<group>"; };
		8D844FA2235A1CE600B7FD36 /* Assets.xcassets */ = {isa = PBXFileReference; lastKnownFileType = folder.assetcatalog; path = Assets.xcassets; sourceTree = "<group>"; };
		8D844FA5235A1CE600B7FD36 /* Base */ = {isa = PBXFileReference; lastKnownFileType = file.storyboard; name = Base; path = Base.lproj/LaunchScreen.storyboard; sourceTree = "<group>"; };
		8D844FA7235A1CE600B7FD36 /* Info.plist */ = {isa = PBXFileReference; lastKnownFileType = text.plist.xml; path = Info.plist; sourceTree = "<group>"; };
		8D844FAD235A1D1100B7FD36 /* PostListTableViewController.swift */ = {isa = PBXFileReference; lastKnownFileType = sourcecode.swift; path = PostListTableViewController.swift; sourceTree = "<group>"; };
		8D844FB1235A1DE500B7FD36 /* Post.swift */ = {isa = PBXFileReference; lastKnownFileType = sourcecode.swift; path = Post.swift; sourceTree = "<group>"; };
		8D844FB3235A1DF900B7FD36 /* Webservice.swift */ = {isa = PBXFileReference; lastKnownFileType = sourcecode.swift; path = Webservice.swift; sourceTree = "<group>"; };
/* End PBXFileReference section */

/* Begin PBXFrameworksBuildPhase section */
		8D844F93235A1CE500B7FD36 /* Frameworks */ = {
			isa = PBXFrameworksBuildPhase;
			buildActionMask = 2147483647;
			files = (
			);
			runOnlyForDeploymentPostprocessing = 0;
		};
/* End PBXFrameworksBuildPhase section */

/* Begin PBXGroup section */
		8D844F8D235A1CE500B7FD36 = {
			isa = PBXGroup;
			children = (
				8D844F98235A1CE500B7FD36 /* Networking-Combine-App */,
				8D844F97235A1CE500B7FD36 /* Products */,
			);
			sourceTree = "<group>";
		};
		8D844F97235A1CE500B7FD36 /* Products */ = {
			isa = PBXGroup;
			children = (
				8D844F96235A1CE500B7FD36 /* Networking-Combine-App.app */,
			);
			name = Products;
			sourceTree = "<group>";
		};
		8D844F98235A1CE500B7FD36 /* Networking-Combine-App */ = {
			isa = PBXGroup;
			children = (
				8D844FAD235A1D1100B7FD36 /* PostListTableViewController.swift */,
				8D844FB0235A1DD900B7FD36 /* Services */,
				8D844FAF235A1DD300B7FD36 /* Models */,
				8D844F99235A1CE500B7FD36 /* AppDelegate.swift */,
				8D844F9B235A1CE500B7FD36 /* SceneDelegate.swift */,
				8D844F9F235A1CE500B7FD36 /* Main.storyboard */,
				8D844FA2235A1CE600B7FD36 /* Assets.xcassets */,
				8D844FA4235A1CE600B7FD36 /* LaunchScreen.storyboard */,
				8D844FA7235A1CE600B7FD36 /* Info.plist */,
			);
			path = "Networking-Combine-App";
			sourceTree = "<group>";
		};
		8D844FAF235A1DD300B7FD36 /* Models */ = {
			isa = PBXGroup;
			children = (
				8D844FB1235A1DE500B7FD36 /* Post.swift */,
			);
			path = Models;
			sourceTree = "<group>";
		};
		8D844FB0235A1DD900B7FD36 /* Services */ = {
			isa = PBXGroup;
			children = (
				8D844FB3235A1DF900B7FD36 /* Webservice.swift */,
			);
			path = Services;
			sourceTree = "<group>";
		};
/* End PBXGroup section */

/* Begin PBXNativeTarget section */
		8D844F95235A1CE500B7FD36 /* Networking-Combine-App */ = {
			isa = PBXNativeTarget;
			buildConfigurationList = 8D844FAA235A1CE700B7FD36 /* Build configuration list for PBXNativeTarget "Networking-Combine-App" */;
			buildPhases = (
				8D844F92235A1CE500B7FD36 /* Sources */,
				8D844F93235A1CE500B7FD36 /* Frameworks */,
				8D844F94235A1CE500B7FD36 /* Resources */,
			);
			buildRules = (
			);
			dependencies = (
			);
			name = "Networking-Combine-App";
			productName = "Networking-Combine-App";
			productReference = 8D844F96235A1CE500B7FD36 /* Networking-Combine-App.app */;
			productType = "com.apple.product-type.application";
		};
/* End PBXNativeTarget section */

/* Begin PBXProject section */
		8D844F8E235A1CE500B7FD36 /* Project object */ = {
			isa = PBXProject;
			attributes = {
				LastSwiftUpdateCheck = 1110;
				LastUpgradeCheck = 1110;
				ORGANIZATIONNAME = "Mohammad Azam";
				TargetAttributes = {
					8D844F95235A1CE500B7FD36 = {
						CreatedOnToolsVersion = 11.1;
					};
				};
			};
			buildConfigurationList = 8D844F91235A1CE500B7FD36 /* Build configuration list for PBXProject "Networking-Combine-App" */;
			compatibilityVersion = "Xcode 9.3";
			developmentRegion = en;
			hasScannedForEncodings = 0;
			knownRegions = (
				en,
				Base,
			);
			mainGroup = 8D844F8D235A1CE500B7FD36;
			productRefGroup = 8D844F97235A1CE500B7FD36 /* Products */;
			projectDirPath = "";
			projectRoot = "";
			targets = (
				8D844F95235A1CE500B7FD36 /* Networking-Combine-App */,
			);
		};
/* End PBXProject section */

/* Begin PBXResourcesBuildPhase section */
		8D844F94235A1CE500B7FD36 /* Resources */ = {
			isa = PBXResourcesBuildPhase;
			buildActionMask = 2147483647;
			files = (
				8D844FA6235A1CE600B7FD36 /* LaunchScreen.storyboard in Resources */,
				8D844FA3235A1CE600B7FD36 /* Assets.xcassets in Resources */,
				8D844FA1235A1CE500B7FD36 /* Main.storyboard in Resources */,
			);
			runOnlyForDeploymentPostprocessing = 0;
		};
/* End PBXResourcesBuildPhase section */

/* Begin PBXSourcesBuildPhase section */
		8D844F92235A1CE500B7FD36 /* Sources */ = {
			isa = PBXSourcesBuildPhase;
			buildActionMask = 2147483647;
			files = (
				8D844FAE235A1D1100B7FD36 /* PostListTableViewController.swift in Sources */,
				8D844F9A235A1CE500B7FD36 /* AppDelegate.swift in Sources */,
				8D844F9C235A1CE500B7FD36 /* SceneDelegate.swift in Sources */,
				8D844FB4235A1DF900B7FD36 /* Webservice.swift in Sources */,
				8D844FB2235A1DE500B7FD36 /* Post.swift in Sources */,
			);
			runOnlyForDeploymentPostprocessing = 0;
		};
/* End PBXSourcesBuildPhase section */

/* Begin PBXVariantGroup section */
		8D844F9F235A1CE500B7FD36 /* Main.storyboard */ = {
			isa = PBXVariantGroup;
			children = (
				8D844FA0235A1CE500B7FD36 /* Base */,
			);
			name = Main.storyboard;
			sourceTree = "<group>";
		};
		8D844FA4235A1CE600B7FD36 /* LaunchScreen.storyboard */ = {
			isa = PBXVariantGroup;
			children = (
				8D844FA5235A1CE600B7FD36 /* Base */,
			);
			name = LaunchScreen.storyboard;
			sourceTree = "<group>";
		};
/* End PBXVariantGroup section */

/* Begin XCBuildConfiguration section */
		8D844FA8235A1CE600B7FD36 /* Debug */ = {
			isa = XCBuildConfiguration;
			buildSettings = {
				ALWAYS_SEARCH_USER_PATHS = NO;
				CLANG_ANALYZER_NONNULL = YES;
				CLANG_ANALYZER_NUMBER_OBJECT_CONVERSION = YES_AGGRESSIVE;
				CLANG_CXX_LANGUAGE_STANDARD = "gnu++14";
				CLANG_CXX_LIBRARY = "libc++";
				CLANG_ENABLE_MODULES = YES;
				CLANG_ENABLE_OBJC_ARC = YES;
				CLANG_ENABLE_OBJC_WEAK = YES;
				CLANG_WARN_BLOCK_CAPTURE_AUTORELEASING = YES;
				CLANG_WARN_BOOL_CONVERSION = YES;
				CLANG_WARN_COMMA = YES;
				CLANG_WARN_CONSTANT_CONVERSION = YES;
				CLANG_WARN_DEPRECATED_OBJC_IMPLEMENTATIONS = YES;
				CLANG_WARN_DIRECT_OBJC_ISA_USAGE = YES_ERROR;
				CLANG_WARN_DOCUMENTATION_COMMENTS = YES;
				CLANG_WARN_EMPTY_BODY = YES;
				CLANG_WARN_ENUM_CONVERSION = YES;
				CLANG_WARN_INFINITE_RECURSION = YES;
				CLANG_WARN_INT_CONVERSION = YES;
				CLANG_WARN_NON_LITERAL_NULL_CONVERSION = YES;
				CLANG_WARN_OBJC_IMPLICIT_RETAIN_SELF = YES;
				CLANG_WARN_OBJC_LITERAL_CONVERSION = YES;
				CLANG_WARN_OBJC_ROOT_CLASS = YES_ERROR;
				CLANG_WARN_RANGE_LOOP_ANALYSIS = YES;
				CLANG_WARN_STRICT_PROTOTYPES = YES;
				CLANG_WARN_SUSPICIOUS_MOVE = YES;
				CLANG_WARN_UNGUARDED_AVAILABILITY = YES_AGGRESSIVE;
				CLANG_WARN_UNREACHABLE_CODE = YES;
				CLANG_WARN__DUPLICATE_METHOD_MATCH = YES;
				COPY_PHASE_STRIP = NO;
				DEBUG_INFORMATION_FORMAT = dwarf;
				ENABLE_STRICT_OBJC_MSGSEND = YES;
				ENABLE_TESTABILITY = YES;
				GCC_C_LANGUAGE_STANDARD = gnu11;
				GCC_DYNAMIC_NO_PIC = NO;
				GCC_NO_COMMON_BLOCKS = YES;
				GCC_OPTIMIZATION_LEVEL = 0;
				GCC_PREPROCESSOR_DEFINITIONS = (
					"DEBUG=1",
					"$(inherited)",
				);
				GCC_WARN_64_TO_32_BIT_CONVERSION = YES;
				GCC_WARN_ABOUT_RETURN_TYPE = YES_ERROR;
				GCC_WARN_UNDECLARED_SELECTOR = YES;
				GCC_WARN_UNINITIALIZED_AUTOS = YES_AGGRESSIVE;
				GCC_WARN_UNUSED_FUNCTION = YES;
				GCC_WARN_UNUSED_VARIABLE = YES;
				IPHONEOS_DEPLOYMENT_TARGET = 13.1;
				MTL_ENABLE_DEBUG_INFO = INCLUDE_SOURCE;
				MTL_FAST_MATH = YES;
				ONLY_ACTIVE_ARCH = YES;
				SDKROOT = iphoneos;
				SWIFT_ACTIVE_COMPILATION_CONDITIONS = DEBUG;
				SWIFT_OPTIMIZATION_LEVEL = "-Onone";
			};
			name = Debug;
		};
		8D844FA9235A1CE600B7FD36 /* Release */ = {
			isa = XCBuildConfiguration;
			buildSettings = {
				ALWAYS_SEARCH_USER_PATHS = NO;
				CLANG_ANALYZER_NONNULL = YES;
				CLANG_ANALYZER_NUMBER_OBJECT_CONVERSION = YES_AGGRESSIVE;
				CLANG_CXX_LANGUAGE_STANDARD = "gnu++14";
				CLANG_CXX_LIBRARY = "libc++";
				CLANG_ENABLE_MODULES = YES;
				CLANG_ENABLE_OBJC_ARC = YES;
				CLANG_ENABLE_OBJC_WEAK = YES;
				CLANG_WARN_BLOCK_CAPTURE_AUTORELEASING = YES;
				CLANG_WARN_BOOL_CONVERSION = YES;
				CLANG_WARN_COMMA = YES;
				CLANG_WARN_CONSTANT_CONVERSION = YES;
				CLANG_WARN_DEPRECATED_OBJC_IMPLEMENTATIONS = YES;
				CLANG_WARN_DIRECT_OBJC_ISA_USAGE = YES_ERROR;
				CLANG_WARN_DOCUMENTATION_COMMENTS = YES;
				CLANG_WARN_EMPTY_BODY = YES;
				CLANG_WARN_ENUM_CONVERSION = YES;
				CLANG_WARN_INFINITE_RECURSION = YES;
				CLANG_WARN_INT_CONVERSION = YES;
				CLANG_WARN_NON_LITERAL_NULL_CONVERSION = YES;
				CLANG_WARN_OBJC_IMPLICIT_RETAIN_SELF = YES;
				CLANG_WARN_OBJC_LITERAL_CONVERSION = YES;
				CLANG_WARN_OBJC_ROOT_CLASS = YES_ERROR;
				CLANG_WARN_RANGE_LOOP_ANALYSIS = YES;
				CLANG_WARN_STRICT_PROTOTYPES = YES;
				CLANG_WARN_SUSPICIOUS_MOVE = YES;
				CLANG_WARN_UNGUARDED_AVAILABILITY = YES_AGGRESSIVE;
				CLANG_WARN_UNREACHABLE_CODE = YES;
				CLANG_WARN__DUPLICATE_METHOD_MATCH = YES;
				COPY_PHASE_STRIP = NO;
				DEBUG_INFORMATION_FORMAT = "dwarf-with-dsym";
				ENABLE_NS_ASSERTIONS = NO;
				ENABLE_STRICT_OBJC_MSGSEND = YES;
				GCC_C_LANGUAGE_STANDARD = gnu11;
				GCC_NO_COMMON_BLOCKS = YES;
				GCC_WARN_64_TO_32_BIT_CONVERSION = YES;
				GCC_WARN_ABOUT_RETURN_TYPE = YES_ERROR;
				GCC_WARN_UNDECLARED_SELECTOR = YES;
				GCC_WARN_UNINITIALIZED_AUTOS = YES_AGGRESSIVE;
				GCC_WARN_UNUSED_FUNCTION = YES;
				GCC_WARN_UNUSED_VARIABLE = YES;
				IPHONEOS_DEPLOYMENT_TARGET = 13.1;
				MTL_ENABLE_DEBUG_INFO = NO;
				MTL_FAST_MATH = YES;
				SDKROOT = iphoneos;
				SWIFT_COMPILATION_MODE = wholemodule;
				SWIFT_OPTIMIZATION_LEVEL = "-O";
				VALIDATE_PRODUCT = YES;
			};
			name = Release;
		};
		8D844FAB235A1CE700B7FD36 /* Debug */ = {
			isa = XCBuildConfiguration;
			buildSettings = {
				ASSETCATALOG_COMPILER_APPICON_NAME = AppIcon;
				CODE_SIGN_STYLE = Automatic;
				DEVELOPMENT_TEAM = B2Q8EGNCQA;
				INFOPLIST_FILE = "Networking-Combine-App/Info.plist";
				LD_RUNPATH_SEARCH_PATHS = (
					"$(inherited)",
					"@executable_path/Frameworks",
				);
				PRODUCT_BUNDLE_IDENTIFIER = "com.azamsharp.Networking-Combine-App";
				PRODUCT_NAME = "$(TARGET_NAME)";
				SWIFT_VERSION = 5.0;
				TARGETED_DEVICE_FAMILY = "1,2";
			};
			name = Debug;
		};
		8D844FAC235A1CE700B7FD36 /* Release */ = {
			isa = XCBuildConfiguration;
			buildSettings = {
				ASSETCATALOG_COMPILER_APPICON_NAME = AppIcon;
				CODE_SIGN_STYLE = Automatic;
				DEVELOPMENT_TEAM = B2Q8EGNCQA;
				INFOPLIST_FILE = "Networking-Combine-App/Info.plist";
				LD_RUNPATH_SEARCH_PATHS = (
					"$(inherited)",
					"@executable_path/Frameworks",
				);
				PRODUCT_BUNDLE_IDENTIFIER = "com.azamsharp.Networking-Combine-App";
				PRODUCT_NAME = "$(TARGET_NAME)";
				SWIFT_VERSION = 5.0;
				TARGETED_DEVICE_FAMILY = "1,2";
			};
			name = Release;
		};
/* End XCBuildConfiguration section */

/* Begin XCConfigurationList section */
		8D844F91235A1CE500B7FD36 /* Build configuration list for PBXProject "Networking-Combine-App" */ = {
			isa = XCConfigurationList;
			buildConfigurations = (
				8D844FA8235A1CE600B7FD36 /* Debug */,
				8D844FA9235A1CE600B7FD36 /* Release */,
			);
			defaultConfigurationIsVisible = 0;
			defaultConfigurationName = Release;
		};
		8D844FAA235A1CE700B7FD36 /* Build configuration list for PBXNativeTarget "Networking-Combine-App" */ = {
			isa = XCConfigurationList;
			buildConfigurations = (
				8D844FAB235A1CE700B7FD36 /* Debug */,
				8D844FAC235A1CE700B7FD36 /* Release */,
			);
			defaultConfigurationIsVisible = 0;
			defaultConfigurationName = Release;
		};
/* End XCConfigurationList section */
	};
	rootObject = 8D844F8E235A1CE500B7FD36 /* Project object */;
}
