// !$*UTF8*$!
{
	archiveVersion = 1;
	classes = {
	};
	objectVersion = 55;
	objects = {

/* Begin PBXBuildFile section */
		0721DDD228E487FD0088C8E5 /* Understand_ObservableObject2App.swift in Sources */ = {isa = PBXBuildFile; fileRef = 0721DDD128E487FD0088C8E5 /* Understand_ObservableObject2App.swift */; };
		0721DDD428E487FD0088C8E5 /* ContentView.swift in Sources */ = {isa = PBXBuildFile; fileRef = 0721DDD328E487FD0088C8E5 /* ContentView.swift */; };
		0721DDD628E487FF0088C8E5 /* Assets.xcassets in Resources */ = {isa = PBXBuildFile; fileRef = 0721DDD528E487FF0088C8E5 /* Assets.xcassets */; };
		0721DDD928E487FF0088C8E5 /* Preview Assets.xcassets in Resources */ = {isa = PBXBuildFile; fileRef = 0721DDD828E487FF0088C8E5 /* Preview Assets.xcassets */; };
		0721DDE328E487FF0088C8E5 /* Understand_ObservableObject2Tests.swift in Sources */ = {isa = PBXBuildFile; fileRef = 0721DDE228E487FF0088C8E5 /* Understand_ObservableObject2Tests.swift */; };
		0721DDED28E487FF0088C8E5 /* Understand_ObservableObject2UITests.swift in Sources */ = {isa = PBXBuildFile; fileRef = 0721DDEC28E487FF0088C8E5 /* Understand_ObservableObject2UITests.swift */; };
		0721DDEF28E487FF0088C8E5 /* Understand_ObservableObject2UITestsLaunchTests.swift in Sources */ = {isa = PBXBuildFile; fileRef = 0721DDEE28E487FF0088C8E5 /* Understand_ObservableObject2UITestsLaunchTests.swift */; };
		0721DDFC28E488910088C8E5 /* UserSettings.swift in Sources */ = {isa = PBXBuildFile; fileRef = 0721DDFB28E488910088C8E5 /* UserSettings.swift */; };
/* End PBXBuildFile section */

/* Begin PBXContainerItemProxy section */
		0721DDDF28E487FF0088C8E5 /* PBXContainerItemProxy */ = {
			isa = PBXContainerItemProxy;
			containerPortal = 0721DDC628E487FD0088C8E5 /* Project object */;
			proxyType = 1;
			remoteGlobalIDString = 0721DDCD28E487FD0088C8E5;
			remoteInfo = "Understand-ObservableObject2";
		};
		0721DDE928E487FF0088C8E5 /* PBXContainerItemProxy */ = {
			isa = PBXContainerItemProxy;
			containerPortal = 0721DDC628E487FD0088C8E5 /* Project object */;
			proxyType = 1;
			remoteGlobalIDString = 0721DDCD28E487FD0088C8E5;
			remoteInfo = "Understand-ObservableObject2";
		};
/* End PBXContainerItemProxy section */

/* Begin PBXFileReference section */
		0721DDCE28E487FD0088C8E5 /* Understand-ObservableObject2.app */ = {isa = PBXFileReference; explicitFileType = wrapper.application; includeInIndex = 0; path = "Understand-ObservableObject2.app"; sourceTree = BUILT_PRODUCTS_DIR; };
		0721DDD128E487FD0088C8E5 /* Understand_ObservableObject2App.swift */ = {isa = PBXFileReference; lastKnownFileType = sourcecode.swift; path = Understand_ObservableObject2App.swift; sourceTree = "<group>"; };
		0721DDD328E487FD0088C8E5 /* ContentView.swift */ = {isa = PBXFileReference; lastKnownFileType = sourcecode.swift; path = ContentView.swift; sourceTree = "<group>"; };
		0721DDD528E487FF0088C8E5 /* Assets.xcassets */ = {isa = PBXFileReference; lastKnownFileType = folder.assetcatalog; path = Assets.xcassets; sourceTree = "<group>"; };
		0721DDD828E487FF0088C8E5 /* Preview Assets.xcassets */ = {isa = PBXFileReference; lastKnownFileType = folder.assetcatalog; path = "Preview Assets.xcassets"; sourceTree = "<group>"; };
		0721DDDE28E487FF0088C8E5 /* Understand-ObservableObject2Tests.xctest */ = {isa = PBXFileReference; explicitFileType = wrapper.cfbundle; includeInIndex = 0; path = "Understand-ObservableObject2Tests.xctest"; sourceTree = BUILT_PRODUCTS_DIR; };
		0721DDE228E487FF0088C8E5 /* Understand_ObservableObject2Tests.swift */ = {isa = PBXFileReference; lastKnownFileType = sourcecode.swift; path = Understand_ObservableObject2Tests.swift; sourceTree = "<group>"; };
		0721DDE828E487FF0088C8E5 /* Understand-ObservableObject2UITests.xctest */ = {isa = PBXFileReference; explicitFileType = wrapper.cfbundle; includeInIndex = 0; path = "Understand-ObservableObject2UITests.xctest"; sourceTree = BUILT_PRODUCTS_DIR; };
		0721DDEC28E487FF0088C8E5 /* Understand_ObservableObject2UITests.swift */ = {isa = PBXFileReference; lastKnownFileType = sourcecode.swift; path = Understand_ObservableObject2UITests.swift; sourceTree = "<group>"; };
		0721DDEE28E487FF0088C8E5 /* Understand_ObservableObject2UITestsLaunchTests.swift */ = {isa = PBXFileReference; lastKnownFileType = sourcecode.swift; path = Understand_ObservableObject2UITestsLaunchTests.swift; sourceTree = "<group>"; };
		0721DDFB28E488910088C8E5 /* UserSettings.swift */ = {isa = PBXFileReference; lastKnownFileType = sourcecode.swift; path = UserSettings.swift; sourceTree = "<group>"; };
/* End PBXFileReference section */

/* Begin PBXFrameworksBuildPhase section */
		0721DDCB28E487FD0088C8E5 /* Frameworks */ = {
			isa = PBXFrameworksBuildPhase;
			buildActionMask = 2147483647;
			files = (
			);
			runOnlyForDeploymentPostprocessing = 0;
		};
		0721DDDB28E487FF0088C8E5 /* Frameworks */ = {
			isa = PBXFrameworksBuildPhase;
			buildActionMask = 2147483647;
			files = (
			);
			runOnlyForDeploymentPostprocessing = 0;
		};
		0721DDE528E487FF0088C8E5 /* Frameworks */ = {
			isa = PBXFrameworksBuildPhase;
			buildActionMask = 2147483647;
			files = (
			);
			runOnlyForDeploymentPostprocessing = 0;
		};
/* End PBXFrameworksBuildPhase section */

/* Begin PBXGroup section */
		0721DDC528E487FD0088C8E5 = {
			isa = PBXGroup;
			children = (
				0721DDD028E487FD0088C8E5 /* Understand-ObservableObject2 */,
				0721DDE128E487FF0088C8E5 /* Understand-ObservableObject2Tests */,
				0721DDEB28E487FF0088C8E5 /* Understand-ObservableObject2UITests */,
				0721DDCF28E487FD0088C8E5 /* Products */,
			);
			sourceTree = "<group>";
		};
		0721DDCF28E487FD0088C8E5 /* Products */ = {
			isa = PBXGroup;
			children = (
				0721DDCE28E487FD0088C8E5 /* Understand-ObservableObject2.app */,
				0721DDDE28E487FF0088C8E5 /* Understand-ObservableObject2Tests.xctest */,
				0721DDE828E487FF0088C8E5 /* Understand-ObservableObject2UITests.xctest */,
			);
			name = Products;
			sourceTree = "<group>";
		};
		0721DDD028E487FD0088C8E5 /* Understand-ObservableObject2 */ = {
			isa = PBXGroup;
			children = (
				0721DDD128E487FD0088C8E5 /* Understand_ObservableObject2App.swift */,
				0721DDD328E487FD0088C8E5 /* ContentView.swift */,
				0721DDD528E487FF0088C8E5 /* Assets.xcassets */,
				0721DDD728E487FF0088C8E5 /* Preview Content */,
				0721DDFB28E488910088C8E5 /* UserSettings.swift */,
			);
			path = "Understand-ObservableObject2";
			sourceTree = "<group>";
		};
		0721DDD728E487FF0088C8E5 /* Preview Content */ = {
			isa = PBXGroup;
			children = (
				0721DDD828E487FF0088C8E5 /* Preview Assets.xcassets */,
			);
			path = "Preview Content";
			sourceTree = "<group>";
		};
		0721DDE128E487FF0088C8E5 /* Understand-ObservableObject2Tests */ = {
			isa = PBXGroup;
			children = (
				0721DDE228E487FF0088C8E5 /* Understand_ObservableObject2Tests.swift */,
			);
			path = "Understand-ObservableObject2Tests";
			sourceTree = "<group>";
		};
		0721DDEB28E487FF0088C8E5 /* Understand-ObservableObject2UITests */ = {
			isa = PBXGroup;
			children = (
				0721DDEC28E487FF0088C8E5 /* Understand_ObservableObject2UITests.swift */,
				0721DDEE28E487FF0088C8E5 /* Understand_ObservableObject2UITestsLaunchTests.swift */,
			);
			path = "Understand-ObservableObject2UITests";
			sourceTree = "<group>";
		};
/* End PBXGroup section */

/* Begin PBXNativeTarget section */
		0721DDCD28E487FD0088C8E5 /* Understand-ObservableObject2 */ = {
			isa = PBXNativeTarget;
			buildConfigurationList = 0721DDF228E487FF0088C8E5 /* Build configuration list for PBXNativeTarget "Understand-ObservableObject2" */;
			buildPhases = (
				0721DDCA28E487FD0088C8E5 /* Sources */,
				0721DDCB28E487FD0088C8E5 /* Frameworks */,
				0721DDCC28E487FD0088C8E5 /* Resources */,
			);
			buildRules = (
			);
			dependencies = (
			);
			name = "Understand-ObservableObject2";
			productName = "Understand-ObservableObject2";
			productReference = 0721DDCE28E487FD0088C8E5 /* Understand-ObservableObject2.app */;
			productType = "com.apple.product-type.application";
		};
		0721DDDD28E487FF0088C8E5 /* Understand-ObservableObject2Tests */ = {
			isa = PBXNativeTarget;
			buildConfigurationList = 0721DDF528E487FF0088C8E5 /* Build configuration list for PBXNativeTarget "Understand-ObservableObject2Tests" */;
			buildPhases = (
				0721DDDA28E487FF0088C8E5 /* Sources */,
				0721DDDB28E487FF0088C8E5 /* Frameworks */,
				0721DDDC28E487FF0088C8E5 /* Resources */,
			);
			buildRules = (
			);
			dependencies = (
				0721DDE028E487FF0088C8E5 /* PBXTargetDependency */,
			);
			name = "Understand-ObservableObject2Tests";
			productName = "Understand-ObservableObject2Tests";
			productReference = 0721DDDE28E487FF0088C8E5 /* Understand-ObservableObject2Tests.xctest */;
			productType = "com.apple.product-type.bundle.unit-test";
		};
		0721DDE728E487FF0088C8E5 /* Understand-ObservableObject2UITests */ = {
			isa = PBXNativeTarget;
			buildConfigurationList = 0721DDF828E487FF0088C8E5 /* Build configuration list for PBXNativeTarget "Understand-ObservableObject2UITests" */;
			buildPhases = (
				0721DDE428E487FF0088C8E5 /* Sources */,
				0721DDE528E487FF0088C8E5 /* Frameworks */,
				0721DDE628E487FF0088C8E5 /* Resources */,
			);
			buildRules = (
			);
			dependencies = (
				0721DDEA28E487FF0088C8E5 /* PBXTargetDependency */,
			);
			name = "Understand-ObservableObject2UITests";
			productName = "Understand-ObservableObject2UITests";
			productReference = 0721DDE828E487FF0088C8E5 /* Understand-ObservableObject2UITests.xctest */;
			productType = "com.apple.product-type.bundle.ui-testing";
		};
/* End PBXNativeTarget section */

/* Begin PBXProject section */
		0721DDC628E487FD0088C8E5 /* Project object */ = {
			isa = PBXProject;
			attributes = {
				BuildIndependentTargetsInParallel = 1;
				LastSwiftUpdateCheck = 1340;
				LastUpgradeCheck = 1340;
				TargetAttributes = {
					0721DDCD28E487FD0088C8E5 = {
						CreatedOnToolsVersion = 13.4.1;
					};
					0721DDDD28E487FF0088C8E5 = {
						CreatedOnToolsVersion = 13.4.1;
						TestTargetID = 0721DDCD28E487FD0088C8E5;
					};
					0721DDE728E487FF0088C8E5 = {
						CreatedOnToolsVersion = 13.4.1;
						TestTargetID = 0721DDCD28E487FD0088C8E5;
					};
				};
			};
			buildConfigurationList = 0721DDC928E487FD0088C8E5 /* Build configuration list for PBXProject "Understand-ObservableObject2" */;
			compatibilityVersion = "Xcode 13.0";
			developmentRegion = en;
			hasScannedForEncodings = 0;
			knownRegions = (
				en,
				Base,
			);
			mainGroup = 0721DDC528E487FD0088C8E5;
			productRefGroup = 0721DDCF28E487FD0088C8E5 /* Products */;
			projectDirPath = "";
			projectRoot = "";
			targets = (
				0721DDCD28E487FD0088C8E5 /* Understand-ObservableObject2 */,
				0721DDDD28E487FF0088C8E5 /* Understand-ObservableObject2Tests */,
				0721DDE728E487FF0088C8E5 /* Understand-ObservableObject2UITests */,
			);
		};
/* End PBXProject section */

/* Begin PBXResourcesBuildPhase section */
		0721DDCC28E487FD0088C8E5 /* Resources */ = {
			isa = PBXResourcesBuildPhase;
			buildActionMask = 2147483647;
			files = (
				0721DDD928E487FF0088C8E5 /* Preview Assets.xcassets in Resources */,
				0721DDD628E487FF0088C8E5 /* Assets.xcassets in Resources */,
			);
			runOnlyForDeploymentPostprocessing = 0;
		};
		0721DDDC28E487FF0088C8E5 /* Resources */ = {
			isa = PBXResourcesBuildPhase;
			buildActionMask = 2147483647;
			files = (
			);
			runOnlyForDeploymentPostprocessing = 0;
		};
		0721DDE628E487FF0088C8E5 /* Resources */ = {
			isa = PBXResourcesBuildPhase;
			buildActionMask = 2147483647;
			files = (
			);
			runOnlyForDeploymentPostprocessing = 0;
		};
/* End PBXResourcesBuildPhase section */

/* Begin PBXSourcesBuildPhase section */
		0721DDCA28E487FD0088C8E5 /* Sources */ = {
			isa = PBXSourcesBuildPhase;
			buildActionMask = 2147483647;
			files = (
				0721DDD428E487FD0088C8E5 /* ContentView.swift in Sources */,
				0721DDFC28E488910088C8E5 /* UserSettings.swift in Sources */,
				0721DDD228E487FD0088C8E5 /* Understand_ObservableObject2App.swift in Sources */,
			);
			runOnlyForDeploymentPostprocessing = 0;
		};
		0721DDDA28E487FF0088C8E5 /* Sources */ = {
			isa = PBXSourcesBuildPhase;
			buildActionMask = 2147483647;
			files = (
				0721DDE328E487FF0088C8E5 /* Understand_ObservableObject2Tests.swift in Sources */,
			);
			runOnlyForDeploymentPostprocessing = 0;
		};
		0721DDE428E487FF0088C8E5 /* Sources */ = {
			isa = PBXSourcesBuildPhase;
			buildActionMask = 2147483647;
			files = (
				0721DDED28E487FF0088C8E5 /* Understand_ObservableObject2UITests.swift in Sources */,
				0721DDEF28E487FF0088C8E5 /* Understand_ObservableObject2UITestsLaunchTests.swift in Sources */,
			);
			runOnlyForDeploymentPostprocessing = 0;
		};
/* End PBXSourcesBuildPhase section */

/* Begin PBXTargetDependency section */
		0721DDE028E487FF0088C8E5 /* PBXTargetDependency */ = {
			isa = PBXTargetDependency;
			target = 0721DDCD28E487FD0088C8E5 /* Understand-ObservableObject2 */;
			targetProxy = 0721DDDF28E487FF0088C8E5 /* PBXContainerItemProxy */;
		};
		0721DDEA28E487FF0088C8E5 /* PBXTargetDependency */ = {
			isa = PBXTargetDependency;
			target = 0721DDCD28E487FD0088C8E5 /* Understand-ObservableObject2 */;
			targetProxy = 0721DDE928E487FF0088C8E5 /* PBXContainerItemProxy */;
		};
/* End PBXTargetDependency section */

/* Begin XCBuildConfiguration section */
		0721DDF028E487FF0088C8E5 /* Debug */ = {
			isa = XCBuildConfiguration;
			buildSettings = {
				ALWAYS_SEARCH_USER_PATHS = NO;
				CLANG_ANALYZER_NONNULL = YES;
				CLANG_ANALYZER_NUMBER_OBJECT_CONVERSION = YES_AGGRESSIVE;
				CLANG_CXX_LANGUAGE_STANDARD = "gnu++17";
				CLANG_ENABLE_MODULES = YES;
				CLANG_ENABLE_OBJC_ARC = YES;
				CLANG_ENABLE_OBJC_WEAK = YES;
				CLANG_WARN_BLOCK_CAPTURE_AUTORELEASING = YES;
				CLANG_WARN_BOOL_CONVERSION = YES;
				CLANG_WARN_COMMA = YES;
				CLANG_WARN_CONSTANT_CONVERSION = YES;
				CLANG_WARN_DEPRECATED_OBJC_IMPLEMENTATIONS = YES;
				CLANG_WARN_DIRECT_OBJC_ISA_USAGE = YES_ERROR;
				CLANG_WARN_DOCUMENTATION_COMMENTS = YES;
				CLANG_WARN_EMPTY_BODY = YES;
				CLANG_WARN_ENUM_CONVERSION = YES;
				CLANG_WARN_INFINITE_RECURSION = YES;
				CLANG_WARN_INT_CONVERSION = YES;
				CLANG_WARN_NON_LITERAL_NULL_CONVERSION = YES;
				CLANG_WARN_OBJC_IMPLICIT_RETAIN_SELF = YES;
				CLANG_WARN_OBJC_LITERAL_CONVERSION = YES;
				CLANG_WARN_OBJC_ROOT_CLASS = YES_ERROR;
				CLANG_WARN_QUOTED_INCLUDE_IN_FRAMEWORK_HEADER = YES;
				CLANG_WARN_RANGE_LOOP_ANALYSIS = YES;
				CLANG_WARN_STRICT_PROTOTYPES = YES;
				CLANG_WARN_SUSPICIOUS_MOVE = YES;
				CLANG_WARN_UNGUARDED_AVAILABILITY = YES_AGGRESSIVE;
				CLANG_WARN_UNREACHABLE_CODE = YES;
				CLANG_WARN__DUPLICATE_METHOD_MATCH = YES;
				COPY_PHASE_STRIP = NO;
				DEBUG_INFORMATION_FORMAT = dwarf;
				ENABLE_STRICT_OBJC_MSGSEND = YES;
				ENABLE_TESTABILITY = YES;
				GCC_C_LANGUAGE_STANDARD = gnu11;
				GCC_DYNAMIC_NO_PIC = NO;
				GCC_NO_COMMON_BLOCKS = YES;
				GCC_OPTIMIZATION_LEVEL = 0;
				GCC_PREPROCESSOR_DEFINITIONS = (
					"DEBUG=1",
					"$(inherited)",
				);
				GCC_WARN_64_TO_32_BIT_CONVERSION = YES;
				GCC_WARN_ABOUT_RETURN_TYPE = YES_ERROR;
				GCC_WARN_UNDECLARED_SELECTOR = YES;
				GCC_WARN_UNINITIALIZED_AUTOS = YES_AGGRESSIVE;
				GCC_WARN_UNUSED_FUNCTION = YES;
				GCC_WARN_UNUSED_VARIABLE = YES;
				IPHONEOS_DEPLOYMENT_TARGET = 15.5;
				MTL_ENABLE_DEBUG_INFO = INCLUDE_SOURCE;
				MTL_FAST_MATH = YES;
				ONLY_ACTIVE_ARCH = YES;
				SDKROOT = iphoneos;
				SWIFT_ACTIVE_COMPILATION_CONDITIONS = DEBUG;
				SWIFT_OPTIMIZATION_LEVEL = "-Onone";
			};
			name = Debug;
		};
		0721DDF128E487FF0088C8E5 /* Release */ = {
			isa = XCBuildConfiguration;
			buildSettings = {
				ALWAYS_SEARCH_USER_PATHS = NO;
				CLANG_ANALYZER_NONNULL = YES;
				CLANG_ANALYZER_NUMBER_OBJECT_CONVERSION = YES_AGGRESSIVE;
				CLANG_CXX_LANGUAGE_STANDARD = "gnu++17";
				CLANG_ENABLE_MODULES = YES;
				CLANG_ENABLE_OBJC_ARC = YES;
				CLANG_ENABLE_OBJC_WEAK = YES;
				CLANG_WARN_BLOCK_CAPTURE_AUTORELEASING = YES;
				CLANG_WARN_BOOL_CONVERSION = YES;
				CLANG_WARN_COMMA = YES;
				CLANG_WARN_CONSTANT_CONVERSION = YES;
				CLANG_WARN_DEPRECATED_OBJC_IMPLEMENTATIONS = YES;
				CLANG_WARN_DIRECT_OBJC_ISA_USAGE = YES_ERROR;
				CLANG_WARN_DOCUMENTATION_COMMENTS = YES;
				CLANG_WARN_EMPTY_BODY = YES;
				CLANG_WARN_ENUM_CONVERSION = YES;
				CLANG_WARN_INFINITE_RECURSION = YES;
				CLANG_WARN_INT_CONVERSION = YES;
				CLANG_WARN_NON_LITERAL_NULL_CONVERSION = YES;
				CLANG_WARN_OBJC_IMPLICIT_RETAIN_SELF = YES;
				CLANG_WARN_OBJC_LITERAL_CONVERSION = YES;
				CLANG_WARN_OBJC_ROOT_CLASS = YES_ERROR;
				CLANG_WARN_QUOTED_INCLUDE_IN_FRAMEWORK_HEADER = YES;
				CLANG_WARN_RANGE_LOOP_ANALYSIS = YES;
				CLANG_WARN_STRICT_PROTOTYPES = YES;
				CLANG_WARN_SUSPICIOUS_MOVE = YES;
				CLANG_WARN_UNGUARDED_AVAILABILITY = YES_AGGRESSIVE;
				CLANG_WARN_UNREACHABLE_CODE = YES;
				CLANG_WARN__DUPLICATE_METHOD_MATCH = YES;
				COPY_PHASE_STRIP = NO;
				DEBUG_INFORMATION_FORMAT = "dwarf-with-dsym";
				ENABLE_NS_ASSERTIONS = NO;
				ENABLE_STRICT_OBJC_MSGSEND = YES;
				GCC_C_LANGUAGE_STANDARD = gnu11;
				GCC_NO_COMMON_BLOCKS = YES;
				GCC_WARN_64_TO_32_BIT_CONVERSION = YES;
				GCC_WARN_ABOUT_RETURN_TYPE = YES_ERROR;
				GCC_WARN_UNDECLARED_SELECTOR = YES;
				GCC_WARN_UNINITIALIZED_AUTOS = YES_AGGRESSIVE;
				GCC_WARN_UNUSED_FUNCTION = YES;
				GCC_WARN_UNUSED_VARIABLE = YES;
				IPHONEOS_DEPLOYMENT_TARGET = 15.5;
				MTL_ENABLE_DEBUG_INFO = NO;
				MTL_FAST_MATH = YES;
				SDKROOT = iphoneos;
				SWIFT_COMPILATION_MODE = wholemodule;
				SWIFT_OPTIMIZATION_LEVEL = "-O";
				VALIDATE_PRODUCT = YES;
			};
			name = Release;
		};
		0721DDF328E487FF0088C8E5 /* Debug */ = {
			isa = XCBuildConfiguration;
			buildSettings = {
				ASSETCATALOG_COMPILER_APPICON_NAME = AppIcon;
				ASSETCATALOG_COMPILER_GLOBAL_ACCENT_COLOR_NAME = AccentColor;
				CODE_SIGN_STYLE = Automatic;
				CURRENT_PROJECT_VERSION = 1;
				DEVELOPMENT_ASSET_PATHS = "\"Understand-ObservableObject2/Preview Content\"";
				DEVELOPMENT_TEAM = NF9G85TZ2T;
				ENABLE_PREVIEWS = YES;
				GENERATE_INFOPLIST_FILE = YES;
				INFOPLIST_KEY_UIApplicationSceneManifest_Generation = YES;
				INFOPLIST_KEY_UIApplicationSupportsIndirectInputEvents = YES;
				INFOPLIST_KEY_UILaunchScreen_Generation = YES;
				INFOPLIST_KEY_UISupportedInterfaceOrientations_iPad = "UIInterfaceOrientationPortrait UIInterfaceOrientationPortraitUpsideDown UIInterfaceOrientationLandscapeLeft UIInterfaceOrientationLandscapeRight";
				INFOPLIST_KEY_UISupportedInterfaceOrientations_iPhone = "UIInterfaceOrientationPortrait UIInterfaceOrientationLandscapeLeft UIInterfaceOrientationLandscapeRight";
				LD_RUNPATH_SEARCH_PATHS = (
					"$(inherited)",
					"@executable_path/Frameworks",
				);
				MARKETING_VERSION = 1.0;
				PRODUCT_BUNDLE_IDENTIFIER = "OurTrees.Understand-ObservableObject2";
				PRODUCT_NAME = "$(TARGET_NAME)";
				SWIFT_EMIT_LOC_STRINGS = YES;
				SWIFT_VERSION = 5.0;
				TARGETED_DEVICE_FAMILY = "1,2";
			};
			name = Debug;
		};
		0721DDF428E487FF0088C8E5 /* Release */ = {
			isa = XCBuildConfiguration;
			buildSettings = {
				ASSETCATALOG_COMPILER_APPICON_NAME = AppIcon;
				ASSETCATALOG_COMPILER_GLOBAL_ACCENT_COLOR_NAME = AccentColor;
				CODE_SIGN_STYLE = Automatic;
				CURRENT_PROJECT_VERSION = 1;
				DEVELOPMENT_ASSET_PATHS = "\"Understand-ObservableObject2/Preview Content\"";
				DEVELOPMENT_TEAM = NF9G85TZ2T;
				ENABLE_PREVIEWS = YES;
				GENERATE_INFOPLIST_FILE = YES;
				INFOPLIST_KEY_UIApplicationSceneManifest_Generation = YES;
				INFOPLIST_KEY_UIApplicationSupportsIndirectInputEvents = YES;
				INFOPLIST_KEY_UILaunchScreen_Generation = YES;
				INFOPLIST_KEY_UISupportedInterfaceOrientations_iPad = "UIInterfaceOrientationPortrait UIInterfaceOrientationPortraitUpsideDown UIInterfaceOrientationLandscapeLeft UIInterfaceOrientationLandscapeRight";
				INFOPLIST_KEY_UISupportedInterfaceOrientations_iPhone = "UIInterfaceOrientationPortrait UIInterfaceOrientationLandscapeLeft UIInterfaceOrientationLandscapeRight";
				LD_RUNPATH_SEARCH_PATHS = (
					"$(inherited)",
					"@executable_path/Frameworks",
				);
				MARKETING_VERSION = 1.0;
				PRODUCT_BUNDLE_IDENTIFIER = "OurTrees.Understand-ObservableObject2";
				PRODUCT_NAME = "$(TARGET_NAME)";
				SWIFT_EMIT_LOC_STRINGS = YES;
				SWIFT_VERSION = 5.0;
				TARGETED_DEVICE_FAMILY = "1,2";
			};
			name = Release;
		};
		0721DDF628E487FF0088C8E5 /* Debug */ = {
			isa = XCBuildConfiguration;
			buildSettings = {
				ALWAYS_EMBED_SWIFT_STANDARD_LIBRARIES = YES;
				BUNDLE_LOADER = "$(TEST_HOST)";
				CODE_SIGN_STYLE = Automatic;
				CURRENT_PROJECT_VERSION = 1;
				DEVELOPMENT_TEAM = NF9G85TZ2T;
				GENERATE_INFOPLIST_FILE = YES;
				IPHONEOS_DEPLOYMENT_TARGET = 15.5;
				MARKETING_VERSION = 1.0;
				PRODUCT_BUNDLE_IDENTIFIER = "OurTrees.Understand-ObservableObject2Tests";
				PRODUCT_NAME = "$(TARGET_NAME)";
				SWIFT_EMIT_LOC_STRINGS = NO;
				SWIFT_VERSION = 5.0;
				TARGETED_DEVICE_FAMILY = "1,2";
				TEST_HOST = "$(BUILT_PRODUCTS_DIR)/Understand-ObservableObject2.app/Understand-ObservableObject2";
			};
			name = Debug;
		};
		0721DDF728E487FF0088C8E5 /* Release */ = {
			isa = XCBuildConfiguration;
			buildSettings = {
				ALWAYS_EMBED_SWIFT_STANDARD_LIBRARIES = YES;
				BUNDLE_LOADER = "$(TEST_HOST)";
				CODE_SIGN_STYLE = Automatic;
				CURRENT_PROJECT_VERSION = 1;
				DEVELOPMENT_TEAM = NF9G85TZ2T;
				GENERATE_INFOPLIST_FILE = YES;
				IPHONEOS_DEPLOYMENT_TARGET = 15.5;
				MARKETING_VERSION = 1.0;
				PRODUCT_BUNDLE_IDENTIFIER = "OurTrees.Understand-ObservableObject2Tests";
				PRODUCT_NAME = "$(TARGET_NAME)";
				SWIFT_EMIT_LOC_STRINGS = NO;
				SWIFT_VERSION = 5.0;
				TARGETED_DEVICE_FAMILY = "1,2";
				TEST_HOST = "$(BUILT_PRODUCTS_DIR)/Understand-ObservableObject2.app/Understand-ObservableObject2";
			};
			name = Release;
		};
		0721DDF928E487FF0088C8E5 /* Debug */ = {
			isa = XCBuildConfiguration;
			buildSettings = {
				ALWAYS_EMBED_SWIFT_STANDARD_LIBRARIES = YES;
				CODE_SIGN_STYLE = Automatic;
				CURRENT_PROJECT_VERSION = 1;
				DEVELOPMENT_TEAM = NF9G85TZ2T;
				GENERATE_INFOPLIST_FILE = YES;
				MARKETING_VERSION = 1.0;
				PRODUCT_BUNDLE_IDENTIFIER = "OurTrees.Understand-ObservableObject2UITests";
				PRODUCT_NAME = "$(TARGET_NAME)";
				SWIFT_EMIT_LOC_STRINGS = NO;
				SWIFT_VERSION = 5.0;
				TARGETED_DEVICE_FAMILY = "1,2";
				TEST_TARGET_NAME = "Understand-ObservableObject2";
			};
			name = Debug;
		};
		0721DDFA28E487FF0088C8E5 /* Release */ = {
			isa = XCBuildConfiguration;
			buildSettings = {
				ALWAYS_EMBED_SWIFT_STANDARD_LIBRARIES = YES;
				CODE_SIGN_STYLE = Automatic;
				CURRENT_PROJECT_VERSION = 1;
				DEVELOPMENT_TEAM = NF9G85TZ2T;
				GENERATE_INFOPLIST_FILE = YES;
				MARKETING_VERSION = 1.0;
				PRODUCT_BUNDLE_IDENTIFIER = "OurTrees.Understand-ObservableObject2UITests";
				PRODUCT_NAME = "$(TARGET_NAME)";
				SWIFT_EMIT_LOC_STRINGS = NO;
				SWIFT_VERSION = 5.0;
				TARGETED_DEVICE_FAMILY = "1,2";
				TEST_TARGET_NAME = "Understand-ObservableObject2";
			};
			name = Release;
		};
/* End XCBuildConfiguration section */

/* Begin XCConfigurationList section */
		0721DDC928E487FD0088C8E5 /* Build configuration list for PBXProject "Understand-ObservableObject2" */ = {
			isa = XCConfigurationList;
			buildConfigurations = (
				0721DDF028E487FF0088C8E5 /* Debug */,
				0721DDF128E487FF0088C8E5 /* Release */,
			);
			defaultConfigurationIsVisible = 0;
			defaultConfigurationName = Release;
		};
		0721DDF228E487FF0088C8E5 /* Build configuration list for PBXNativeTarget "Understand-ObservableObject2" */ = {
			isa = XCConfigurationList;
			buildConfigurations = (
				0721DDF328E487FF0088C8E5 /* Debug */,
				0721DDF428E487FF0088C8E5 /* Release */,
			);
			defaultConfigurationIsVisible = 0;
			defaultConfigurationName = Release;
		};
		0721DDF528E487FF0088C8E5 /* Build configuration list for PBXNativeTarget "Understand-ObservableObject2Tests" */ = {
			isa = XCConfigurationList;
			buildConfigurations = (
				0721DDF628E487FF0088C8E5 /* Debug */,
				0721DDF728E487FF0088C8E5 /* Release */,
			);
			defaultConfigurationIsVisible = 0;
			defaultConfigurationName = Release;
		};
		0721DDF828E487FF0088C8E5 /* Build configuration list for PBXNativeTarget "Understand-ObservableObject2UITests" */ = {
			isa = XCConfigurationList;
			buildConfigurations = (
				0721DDF928E487FF0088C8E5 /* Debug */,
				0721DDFA28E487FF0088C8E5 /* Release */,
			);
			defaultConfigurationIsVisible = 0;
			defaultConfigurationName = Release;
		};
/* End XCConfigurationList section */
	};
	rootObject = 0721DDC628E487FD0088C8E5 /* Project object */;
}
