// !$*UTF8*$!
{
	archiveVersion = 1;
	classes = {
	};
	objectVersion = 50;
	objects = {

/* Begin PBXBuildFile section */
		8C91EA1322AC003A00E93239 /* AppDelegate.swift in Sources */ = {isa = PBXBuildFile; fileRef = 8C91EA1222AC003A00E93239 /* AppDelegate.swift */; };
		8C91EA1522AC003A00E93239 /* SceneDelegate.swift in Sources */ = {isa = PBXBuildFile; fileRef = 8C91EA1422AC003A00E93239 /* SceneDelegate.swift */; };
		8C91EA1722AC003A00E93239 /* ContentView.swift in Sources */ = {isa = PBXBuildFile; fileRef = 8C91EA1622AC003A00E93239 /* ContentView.swift */; };
		8C91EA1922AC003B00E93239 /* Assets.xcassets in Resources */ = {isa = PBXBuildFile; fileRef = 8C91EA1822AC003B00E93239 /* Assets.xcassets */; };
		8C91EA1C22AC003B00E93239 /* Preview Assets.xcassets in Resources */ = {isa = PBXBuildFile; fileRef = 8C91EA1B22AC003B00E93239 /* Preview Assets.xcassets */; };
		8C91EA1F22AC003B00E93239 /* LaunchScreen.storyboard in Resources */ = {isa = PBXBuildFile; fileRef = 8C91EA1D22AC003B00E93239 /* LaunchScreen.storyboard */; };
		8C91EA2A22AC003B00E93239 /* Podcast_PlayerTests.swift in Sources */ = {isa = PBXBuildFile; fileRef = 8C91EA2922AC003B00E93239 /* Podcast_PlayerTests.swift */; };
		8C91EA3522AC003B00E93239 /* Podcast_PlayerUITests.swift in Sources */ = {isa = PBXBuildFile; fileRef = 8C91EA3422AC003B00E93239 /* Podcast_PlayerUITests.swift */; };
		8C91EA4422AC013300E93239 /* Episode.swift in Sources */ = {isa = PBXBuildFile; fileRef = 8C91EA4322AC013300E93239 /* Episode.swift */; };
/* End PBXBuildFile section */

/* Begin PBXContainerItemProxy section */
		8C91EA2622AC003B00E93239 /* PBXContainerItemProxy */ = {
			isa = PBXContainerItemProxy;
			containerPortal = 8C91EA0722AC003A00E93239 /* Project object */;
			proxyType = 1;
			remoteGlobalIDString = 8C91EA0E22AC003A00E93239;
			remoteInfo = "Podcast-Player";
		};
		8C91EA3122AC003B00E93239 /* PBXContainerItemProxy */ = {
			isa = PBXContainerItemProxy;
			containerPortal = 8C91EA0722AC003A00E93239 /* Project object */;
			proxyType = 1;
			remoteGlobalIDString = 8C91EA0E22AC003A00E93239;
			remoteInfo = "Podcast-Player";
		};
/* End PBXContainerItemProxy section */

/* Begin PBXFileReference section */
		8C91EA0F22AC003A00E93239 /* Podcast-Player.app */ = {isa = PBXFileReference; explicitFileType = wrapper.application; includeInIndex = 0; path = "Podcast-Player.app"; sourceTree = BUILT_PRODUCTS_DIR; };
		8C91EA1222AC003A00E93239 /* AppDelegate.swift */ = {isa = PBXFileReference; lastKnownFileType = sourcecode.swift; path = AppDelegate.swift; sourceTree = "<group>"; };
		8C91EA1422AC003A00E93239 /* SceneDelegate.swift */ = {isa = PBXFileReference; lastKnownFileType = sourcecode.swift; path = SceneDelegate.swift; sourceTree = "<group>"; };
		8C91EA1622AC003A00E93239 /* ContentView.swift */ = {isa = PBXFileReference; lastKnownFileType = sourcecode.swift; path = ContentView.swift; sourceTree = "<group>"; };
		8C91EA1822AC003B00E93239 /* Assets.xcassets */ = {isa = PBXFileReference; lastKnownFileType = folder.assetcatalog; path = Assets.xcassets; sourceTree = "<group>"; };
		8C91EA1B22AC003B00E93239 /* Preview Assets.xcassets */ = {isa = PBXFileReference; lastKnownFileType = folder.assetcatalog; path = "Preview Assets.xcassets"; sourceTree = "<group>"; };
		8C91EA1E22AC003B00E93239 /* Base */ = {isa = PBXFileReference; lastKnownFileType = file.storyboard; name = Base; path = Base.lproj/LaunchScreen.storyboard; sourceTree = "<group>"; };
		8C91EA2022AC003B00E93239 /* Info.plist */ = {isa = PBXFileReference; lastKnownFileType = text.plist.xml; path = Info.plist; sourceTree = "<group>"; };
		8C91EA2522AC003B00E93239 /* Podcast-PlayerTests.xctest */ = {isa = PBXFileReference; explicitFileType = wrapper.cfbundle; includeInIndex = 0; path = "Podcast-PlayerTests.xctest"; sourceTree = BUILT_PRODUCTS_DIR; };
		8C91EA2922AC003B00E93239 /* Podcast_PlayerTests.swift */ = {isa = PBXFileReference; lastKnownFileType = sourcecode.swift; path = Podcast_PlayerTests.swift; sourceTree = "<group>"; };
		8C91EA2B22AC003B00E93239 /* Info.plist */ = {isa = PBXFileReference; lastKnownFileType = text.plist.xml; path = Info.plist; sourceTree = "<group>"; };
		8C91EA3022AC003B00E93239 /* Podcast-PlayerUITests.xctest */ = {isa = PBXFileReference; explicitFileType = wrapper.cfbundle; includeInIndex = 0; path = "Podcast-PlayerUITests.xctest"; sourceTree = BUILT_PRODUCTS_DIR; };
		8C91EA3422AC003B00E93239 /* Podcast_PlayerUITests.swift */ = {isa = PBXFileReference; lastKnownFileType = sourcecode.swift; path = Podcast_PlayerUITests.swift; sourceTree = "<group>"; };
		8C91EA3622AC003B00E93239 /* Info.plist */ = {isa = PBXFileReference; lastKnownFileType = text.plist.xml; path = Info.plist; sourceTree = "<group>"; };
		8C91EA4322AC013300E93239 /* Episode.swift */ = {isa = PBXFileReference; lastKnownFileType = sourcecode.swift; path = Episode.swift; sourceTree = "<group>"; };
/* End PBXFileReference section */

/* Begin PBXFrameworksBuildPhase section */
		8C91EA0C22AC003A00E93239 /* Frameworks */ = {
			isa = PBXFrameworksBuildPhase;
			buildActionMask = 2147483647;
			files = (
			);
			runOnlyForDeploymentPostprocessing = 0;
		};
		8C91EA2222AC003B00E93239 /* Frameworks */ = {
			isa = PBXFrameworksBuildPhase;
			buildActionMask = 2147483647;
			files = (
			);
			runOnlyForDeploymentPostprocessing = 0;
		};
		8C91EA2D22AC003B00E93239 /* Frameworks */ = {
			isa = PBXFrameworksBuildPhase;
			buildActionMask = 2147483647;
			files = (
			);
			runOnlyForDeploymentPostprocessing = 0;
		};
/* End PBXFrameworksBuildPhase section */

/* Begin PBXGroup section */
		8C91EA0622AC003A00E93239 = {
			isa = PBXGroup;
			children = (
				8C91EA1122AC003A00E93239 /* Podcast-Player */,
				8C91EA2822AC003B00E93239 /* Podcast-PlayerTests */,
				8C91EA3322AC003B00E93239 /* Podcast-PlayerUITests */,
				8C91EA1022AC003A00E93239 /* Products */,
			);
			sourceTree = "<group>";
		};
		8C91EA1022AC003A00E93239 /* Products */ = {
			isa = PBXGroup;
			children = (
				8C91EA0F22AC003A00E93239 /* Podcast-Player.app */,
				8C91EA2522AC003B00E93239 /* Podcast-PlayerTests.xctest */,
				8C91EA3022AC003B00E93239 /* Podcast-PlayerUITests.xctest */,
			);
			name = Products;
			sourceTree = "<group>";
		};
		8C91EA1122AC003A00E93239 /* Podcast-Player */ = {
			isa = PBXGroup;
			children = (
				8C91EA4222AC012500E93239 /* Models */,
				8C91EA1222AC003A00E93239 /* AppDelegate.swift */,
				8C91EA1422AC003A00E93239 /* SceneDelegate.swift */,
				8C91EA1622AC003A00E93239 /* ContentView.swift */,
				8C91EA1822AC003B00E93239 /* Assets.xcassets */,
				8C91EA1D22AC003B00E93239 /* LaunchScreen.storyboard */,
				8C91EA2022AC003B00E93239 /* Info.plist */,
				8C91EA1A22AC003B00E93239 /* Preview Content */,
			);
			path = "Podcast-Player";
			sourceTree = "<group>";
		};
		8C91EA1A22AC003B00E93239 /* Preview Content */ = {
			isa = PBXGroup;
			children = (
				8C91EA1B22AC003B00E93239 /* Preview Assets.xcassets */,
			);
			path = "Preview Content";
			sourceTree = "<group>";
		};
		8C91EA2822AC003B00E93239 /* Podcast-PlayerTests */ = {
			isa = PBXGroup;
			children = (
				8C91EA2922AC003B00E93239 /* Podcast_PlayerTests.swift */,
				8C91EA2B22AC003B00E93239 /* Info.plist */,
			);
			path = "Podcast-PlayerTests";
			sourceTree = "<group>";
		};
		8C91EA3322AC003B00E93239 /* Podcast-PlayerUITests */ = {
			isa = PBXGroup;
			children = (
				8C91EA3422AC003B00E93239 /* Podcast_PlayerUITests.swift */,
				8C91EA3622AC003B00E93239 /* Info.plist */,
			);
			path = "Podcast-PlayerUITests";
			sourceTree = "<group>";
		};
		8C91EA4222AC012500E93239 /* Models */ = {
			isa = PBXGroup;
			children = (
				8C91EA4322AC013300E93239 /* Episode.swift */,
			);
			path = Models;
			sourceTree = "<group>";
		};
/* End PBXGroup section */

/* Begin PBXNativeTarget section */
		8C91EA0E22AC003A00E93239 /* Podcast-Player */ = {
			isa = PBXNativeTarget;
			buildConfigurationList = 8C91EA3922AC003B00E93239 /* Build configuration list for PBXNativeTarget "Podcast-Player" */;
			buildPhases = (
				8C91EA0B22AC003A00E93239 /* Sources */,
				8C91EA0C22AC003A00E93239 /* Frameworks */,
				8C91EA0D22AC003A00E93239 /* Resources */,
			);
			buildRules = (
			);
			dependencies = (
			);
			name = "Podcast-Player";
			productName = "Podcast-Player";
			productReference = 8C91EA0F22AC003A00E93239 /* Podcast-Player.app */;
			productType = "com.apple.product-type.application";
		};
		8C91EA2422AC003B00E93239 /* Podcast-PlayerTests */ = {
			isa = PBXNativeTarget;
			buildConfigurationList = 8C91EA3C22AC003B00E93239 /* Build configuration list for PBXNativeTarget "Podcast-PlayerTests" */;
			buildPhases = (
				8C91EA2122AC003B00E93239 /* Sources */,
				8C91EA2222AC003B00E93239 /* Frameworks */,
				8C91EA2322AC003B00E93239 /* Resources */,
			);
			buildRules = (
			);
			dependencies = (
				8C91EA2722AC003B00E93239 /* PBXTargetDependency */,
			);
			name = "Podcast-PlayerTests";
			productName = "Podcast-PlayerTests";
			productReference = 8C91EA2522AC003B00E93239 /* Podcast-PlayerTests.xctest */;
			productType = "com.apple.product-type.bundle.unit-test";
		};
		8C91EA2F22AC003B00E93239 /* Podcast-PlayerUITests */ = {
			isa = PBXNativeTarget;
			buildConfigurationList = 8C91EA3F22AC003B00E93239 /* Build configuration list for PBXNativeTarget "Podcast-PlayerUITests" */;
			buildPhases = (
				8C91EA2C22AC003B00E93239 /* Sources */,
				8C91EA2D22AC003B00E93239 /* Frameworks */,
				8C91EA2E22AC003B00E93239 /* Resources */,
			);
			buildRules = (
			);
			dependencies = (
				8C91EA3222AC003B00E93239 /* PBXTargetDependency */,
			);
			name = "Podcast-PlayerUITests";
			productName = "Podcast-PlayerUITests";
			productReference = 8C91EA3022AC003B00E93239 /* Podcast-PlayerUITests.xctest */;
			productType = "com.apple.product-type.bundle.ui-testing";
		};
/* End PBXNativeTarget section */

/* Begin PBXProject section */
		8C91EA0722AC003A00E93239 /* Project object */ = {
			isa = PBXProject;
			attributes = {
				LastSwiftUpdateCheck = 1100;
				LastUpgradeCheck = 1340;
				ORGANIZATIONNAME = "Naila Sheikh";
				TargetAttributes = {
					8C91EA0E22AC003A00E93239 = {
						CreatedOnToolsVersion = 11.0;
					};
					8C91EA2422AC003B00E93239 = {
						CreatedOnToolsVersion = 11.0;
						TestTargetID = 8C91EA0E22AC003A00E93239;
					};
					8C91EA2F22AC003B00E93239 = {
						CreatedOnToolsVersion = 11.0;
						TestTargetID = 8C91EA0E22AC003A00E93239;
					};
				};
			};
			buildConfigurationList = 8C91EA0A22AC003A00E93239 /* Build configuration list for PBXProject "Podcast-Player" */;
			compatibilityVersion = "Xcode 9.3";
			developmentRegion = en;
			hasScannedForEncodings = 0;
			knownRegions = (
				en,
				Base,
			);
			mainGroup = 8C91EA0622AC003A00E93239;
			productRefGroup = 8C91EA1022AC003A00E93239 /* Products */;
			projectDirPath = "";
			projectRoot = "";
			targets = (
				8C91EA0E22AC003A00E93239 /* Podcast-Player */,
				8C91EA2422AC003B00E93239 /* Podcast-PlayerTests */,
				8C91EA2F22AC003B00E93239 /* Podcast-PlayerUITests */,
			);
		};
/* End PBXProject section */

/* Begin PBXResourcesBuildPhase section */
		8C91EA0D22AC003A00E93239 /* Resources */ = {
			isa = PBXResourcesBuildPhase;
			buildActionMask = 2147483647;
			files = (
				8C91EA1F22AC003B00E93239 /* LaunchScreen.storyboard in Resources */,
				8C91EA1C22AC003B00E93239 /* Preview Assets.xcassets in Resources */,
				8C91EA1922AC003B00E93239 /* Assets.xcassets in Resources */,
			);
			runOnlyForDeploymentPostprocessing = 0;
		};
		8C91EA2322AC003B00E93239 /* Resources */ = {
			isa = PBXResourcesBuildPhase;
			buildActionMask = 2147483647;
			files = (
			);
			runOnlyForDeploymentPostprocessing = 0;
		};
		8C91EA2E22AC003B00E93239 /* Resources */ = {
			isa = PBXResourcesBuildPhase;
			buildActionMask = 2147483647;
			files = (
			);
			runOnlyForDeploymentPostprocessing = 0;
		};
/* End PBXResourcesBuildPhase section */

/* Begin PBXSourcesBuildPhase section */
		8C91EA0B22AC003A00E93239 /* Sources */ = {
			isa = PBXSourcesBuildPhase;
			buildActionMask = 2147483647;
			files = (
				8C91EA1322AC003A00E93239 /* AppDelegate.swift in Sources */,
				8C91EA4422AC013300E93239 /* Episode.swift in Sources */,
				8C91EA1522AC003A00E93239 /* SceneDelegate.swift in Sources */,
				8C91EA1722AC003A00E93239 /* ContentView.swift in Sources */,
			);
			runOnlyForDeploymentPostprocessing = 0;
		};
		8C91EA2122AC003B00E93239 /* Sources */ = {
			isa = PBXSourcesBuildPhase;
			buildActionMask = 2147483647;
			files = (
				8C91EA2A22AC003B00E93239 /* Podcast_PlayerTests.swift in Sources */,
			);
			runOnlyForDeploymentPostprocessing = 0;
		};
		8C91EA2C22AC003B00E93239 /* Sources */ = {
			isa = PBXSourcesBuildPhase;
			buildActionMask = 2147483647;
			files = (
				8C91EA3522AC003B00E93239 /* Podcast_PlayerUITests.swift in Sources */,
			);
			runOnlyForDeploymentPostprocessing = 0;
		};
/* End PBXSourcesBuildPhase section */

/* Begin PBXTargetDependency section */
		8C91EA2722AC003B00E93239 /* PBXTargetDependency */ = {
			isa = PBXTargetDependency;
			target = 8C91EA0E22AC003A00E93239 /* Podcast-Player */;
			targetProxy = 8C91EA2622AC003B00E93239 /* PBXContainerItemProxy */;
		};
		8C91EA3222AC003B00E93239 /* PBXTargetDependency */ = {
			isa = PBXTargetDependency;
			target = 8C91EA0E22AC003A00E93239 /* Podcast-Player */;
			targetProxy = 8C91EA3122AC003B00E93239 /* PBXContainerItemProxy */;
		};
/* End PBXTargetDependency section */

/* Begin PBXVariantGroup section */
		8C91EA1D22AC003B00E93239 /* LaunchScreen.storyboard */ = {
			isa = PBXVariantGroup;
			children = (
				8C91EA1E22AC003B00E93239 /* Base */,
			);
			name = LaunchScreen.storyboard;
			sourceTree = "<group>";
		};
/* End PBXVariantGroup section */

/* Begin XCBuildConfiguration section */
		8C91EA3722AC003B00E93239 /* Debug */ = {
			isa = XCBuildConfiguration;
			buildSettings = {
				ALWAYS_SEARCH_USER_PATHS = NO;
				CLANG_ANALYZER_NONNULL = YES;
				CLANG_ANALYZER_NUMBER_OBJECT_CONVERSION = YES_AGGRESSIVE;
				CLANG_CXX_LANGUAGE_STANDARD = "gnu++14";
				CLANG_CXX_LIBRARY = "libc++";
				CLANG_ENABLE_MODULES = YES;
				CLANG_ENABLE_OBJC_ARC = YES;
				CLANG_ENABLE_OBJC_WEAK = YES;
				CLANG_WARN_BLOCK_CAPTURE_AUTORELEASING = YES;
				CLANG_WARN_BOOL_CONVERSION = YES;
				CLANG_WARN_COMMA = YES;
				CLANG_WARN_CONSTANT_CONVERSION = YES;
				CLANG_WARN_DEPRECATED_OBJC_IMPLEMENTATIONS = YES;
				CLANG_WARN_DIRECT_OBJC_ISA_USAGE = YES_ERROR;
				CLANG_WARN_DOCUMENTATION_COMMENTS = YES;
				CLANG_WARN_EMPTY_BODY = YES;
				CLANG_WARN_ENUM_CONVERSION = YES;
				CLANG_WARN_INFINITE_RECURSION = YES;
				CLANG_WARN_INT_CONVERSION = YES;
				CLANG_WARN_NON_LITERAL_NULL_CONVERSION = YES;
				CLANG_WARN_OBJC_IMPLICIT_RETAIN_SELF = YES;
				CLANG_WARN_OBJC_LITERAL_CONVERSION = YES;
				CLANG_WARN_OBJC_ROOT_CLASS = YES_ERROR;
				CLANG_WARN_QUOTED_INCLUDE_IN_FRAMEWORK_HEADER = YES;
				CLANG_WARN_RANGE_LOOP_ANALYSIS = YES;
				CLANG_WARN_STRICT_PROTOTYPES = YES;
				CLANG_WARN_SUSPICIOUS_MOVE = YES;
				CLANG_WARN_UNGUARDED_AVAILABILITY = YES_AGGRESSIVE;
				CLANG_WARN_UNREACHABLE_CODE = YES;
				CLANG_WARN__DUPLICATE_METHOD_MATCH = YES;
				COPY_PHASE_STRIP = NO;
				DEBUG_INFORMATION_FORMAT = dwarf;
				ENABLE_STRICT_OBJC_MSGSEND = YES;
				ENABLE_TESTABILITY = YES;
				GCC_C_LANGUAGE_STANDARD = gnu11;
				GCC_DYNAMIC_NO_PIC = NO;
				GCC_NO_COMMON_BLOCKS = YES;
				GCC_OPTIMIZATION_LEVEL = 0;
				GCC_PREPROCESSOR_DEFINITIONS = (
					"DEBUG=1",
					"$(inherited)",
				);
				GCC_WARN_64_TO_32_BIT_CONVERSION = YES;
				GCC_WARN_ABOUT_RETURN_TYPE = YES_ERROR;
				GCC_WARN_UNDECLARED_SELECTOR = YES;
				GCC_WARN_UNINITIALIZED_AUTOS = YES_AGGRESSIVE;
				GCC_WARN_UNUSED_FUNCTION = YES;
				GCC_WARN_UNUSED_VARIABLE = YES;
				IPHONEOS_DEPLOYMENT_TARGET = 13.0;
				MTL_ENABLE_DEBUG_INFO = INCLUDE_SOURCE;
				MTL_FAST_MATH = YES;
				ONLY_ACTIVE_ARCH = YES;
				SDKROOT = iphoneos;
				SWIFT_ACTIVE_COMPILATION_CONDITIONS = DEBUG;
				SWIFT_OPTIMIZATION_LEVEL = "-Onone";
			};
			name = Debug;
		};
		8C91EA3822AC003B00E93239 /* Release */ = {
			isa = XCBuildConfiguration;
			buildSettings = {
				ALWAYS_SEARCH_USER_PATHS = NO;
				CLANG_ANALYZER_NONNULL = YES;
				CLANG_ANALYZER_NUMBER_OBJECT_CONVERSION = YES_AGGRESSIVE;
				CLANG_CXX_LANGUAGE_STANDARD = "gnu++14";
				CLANG_CXX_LIBRARY = "libc++";
				CLANG_ENABLE_MODULES = YES;
				CLANG_ENABLE_OBJC_ARC = YES;
				CLANG_ENABLE_OBJC_WEAK = YES;
				CLANG_WARN_BLOCK_CAPTURE_AUTORELEASING = YES;
				CLANG_WARN_BOOL_CONVERSION = YES;
				CLANG_WARN_COMMA = YES;
				CLANG_WARN_CONSTANT_CONVERSION = YES;
				CLANG_WARN_DEPRECATED_OBJC_IMPLEMENTATIONS = YES;
				CLANG_WARN_DIRECT_OBJC_ISA_USAGE = YES_ERROR;
				CLANG_WARN_DOCUMENTATION_COMMENTS = YES;
				CLANG_WARN_EMPTY_BODY = YES;
				CLANG_WARN_ENUM_CONVERSION = YES;
				CLANG_WARN_INFINITE_RECURSION = YES;
				CLANG_WARN_INT_CONVERSION = YES;
				CLANG_WARN_NON_LITERAL_NULL_CONVERSION = YES;
				CLANG_WARN_OBJC_IMPLICIT_RETAIN_SELF = YES;
				CLANG_WARN_OBJC_LITERAL_CONVERSION = YES;
				CLANG_WARN_OBJC_ROOT_CLASS = YES_ERROR;
				CLANG_WARN_QUOTED_INCLUDE_IN_FRAMEWORK_HEADER = YES;
				CLANG_WARN_RANGE_LOOP_ANALYSIS = YES;
				CLANG_WARN_STRICT_PROTOTYPES = YES;
				CLANG_WARN_SUSPICIOUS_MOVE = YES;
				CLANG_WARN_UNGUARDED_AVAILABILITY = YES_AGGRESSIVE;
				CLANG_WARN_UNREACHABLE_CODE = YES;
				CLANG_WARN__DUPLICATE_METHOD_MATCH = YES;
				COPY_PHASE_STRIP = NO;
				DEBUG_INFORMATION_FORMAT = "dwarf-with-dsym";
				ENABLE_NS_ASSERTIONS = NO;
				ENABLE_STRICT_OBJC_MSGSEND = YES;
				GCC_C_LANGUAGE_STANDARD = gnu11;
				GCC_NO_COMMON_BLOCKS = YES;
				GCC_WARN_64_TO_32_BIT_CONVERSION = YES;
				GCC_WARN_ABOUT_RETURN_TYPE = YES_ERROR;
				GCC_WARN_UNDECLARED_SELECTOR = YES;
				GCC_WARN_UNINITIALIZED_AUTOS = YES_AGGRESSIVE;
				GCC_WARN_UNUSED_FUNCTION = YES;
				GCC_WARN_UNUSED_VARIABLE = YES;
				IPHONEOS_DEPLOYMENT_TARGET = 13.0;
				MTL_ENABLE_DEBUG_INFO = NO;
				MTL_FAST_MATH = YES;
				SDKROOT = iphoneos;
				SWIFT_COMPILATION_MODE = wholemodule;
				SWIFT_OPTIMIZATION_LEVEL = "-O";
				VALIDATE_PRODUCT = YES;
			};
			name = Release;
		};
		8C91EA3A22AC003B00E93239 /* Debug */ = {
			isa = XCBuildConfiguration;
			buildSettings = {
				ASSETCATALOG_COMPILER_APPICON_NAME = AppIcon;
				CODE_SIGN_STYLE = Automatic;
				DEVELOPMENT_ASSET_PATHS = "Podcast-Player/Preview\\ Content";
				DEVELOPMENT_TEAM = NF9G85TZ2T;
				ENABLE_PREVIEWS = YES;
				INFOPLIST_FILE = "Podcast-Player/Info.plist";
				LD_RUNPATH_SEARCH_PATHS = (
					"$(inherited)",
					"@executable_path/Frameworks",
				);
				PRODUCT_BUNDLE_IDENTIFIER = "com.azamsharp.Podcast-Player";
				PRODUCT_NAME = "$(TARGET_NAME)";
				SWIFT_VERSION = 5.0;
				TARGETED_DEVICE_FAMILY = "1,2";
			};
			name = Debug;
		};
		8C91EA3B22AC003B00E93239 /* Release */ = {
			isa = XCBuildConfiguration;
			buildSettings = {
				ASSETCATALOG_COMPILER_APPICON_NAME = AppIcon;
				CODE_SIGN_STYLE = Automatic;
				DEVELOPMENT_ASSET_PATHS = "Podcast-Player/Preview\\ Content";
				DEVELOPMENT_TEAM = NF9G85TZ2T;
				ENABLE_PREVIEWS = YES;
				INFOPLIST_FILE = "Podcast-Player/Info.plist";
				LD_RUNPATH_SEARCH_PATHS = (
					"$(inherited)",
					"@executable_path/Frameworks",
				);
				PRODUCT_BUNDLE_IDENTIFIER = "com.azamsharp.Podcast-Player";
				PRODUCT_NAME = "$(TARGET_NAME)";
				SWIFT_VERSION = 5.0;
				TARGETED_DEVICE_FAMILY = "1,2";
			};
			name = Release;
		};
		8C91EA3D22AC003B00E93239 /* Debug */ = {
			isa = XCBuildConfiguration;
			buildSettings = {
				ALWAYS_EMBED_SWIFT_STANDARD_LIBRARIES = YES;
				BUNDLE_LOADER = "$(TEST_HOST)";
				CODE_SIGN_STYLE = Automatic;
				DEVELOPMENT_TEAM = B2Q8EGNCQA;
				INFOPLIST_FILE = "Podcast-PlayerTests/Info.plist";
				LD_RUNPATH_SEARCH_PATHS = (
					"$(inherited)",
					"@executable_path/Frameworks",
					"@loader_path/Frameworks",
				);
				PRODUCT_BUNDLE_IDENTIFIER = "com.azamsharp.Podcast-PlayerTests";
				PRODUCT_NAME = "$(TARGET_NAME)";
				SWIFT_VERSION = 5.0;
				TARGETED_DEVICE_FAMILY = "1,2";
				TEST_HOST = "$(BUILT_PRODUCTS_DIR)/Podcast-Player.app/Podcast-Player";
			};
			name = Debug;
		};
		8C91EA3E22AC003B00E93239 /* Release */ = {
			isa = XCBuildConfiguration;
			buildSettings = {
				ALWAYS_EMBED_SWIFT_STANDARD_LIBRARIES = YES;
				BUNDLE_LOADER = "$(TEST_HOST)";
				CODE_SIGN_STYLE = Automatic;
				DEVELOPMENT_TEAM = B2Q8EGNCQA;
				INFOPLIST_FILE = "Podcast-PlayerTests/Info.plist";
				LD_RUNPATH_SEARCH_PATHS = (
					"$(inherited)",
					"@executable_path/Frameworks",
					"@loader_path/Frameworks",
				);
				PRODUCT_BUNDLE_IDENTIFIER = "com.azamsharp.Podcast-PlayerTests";
				PRODUCT_NAME = "$(TARGET_NAME)";
				SWIFT_VERSION = 5.0;
				TARGETED_DEVICE_FAMILY = "1,2";
				TEST_HOST = "$(BUILT_PRODUCTS_DIR)/Podcast-Player.app/Podcast-Player";
			};
			name = Release;
		};
		8C91EA4022AC003B00E93239 /* Debug */ = {
			isa = XCBuildConfiguration;
			buildSettings = {
				ALWAYS_EMBED_SWIFT_STANDARD_LIBRARIES = YES;
				CODE_SIGN_STYLE = Automatic;
				DEVELOPMENT_TEAM = B2Q8EGNCQA;
				INFOPLIST_FILE = "Podcast-PlayerUITests/Info.plist";
				LD_RUNPATH_SEARCH_PATHS = (
					"$(inherited)",
					"@executable_path/Frameworks",
					"@loader_path/Frameworks",
				);
				PRODUCT_BUNDLE_IDENTIFIER = "com.azamsharp.Podcast-PlayerUITests";
				PRODUCT_NAME = "$(TARGET_NAME)";
				SWIFT_VERSION = 5.0;
				TARGETED_DEVICE_FAMILY = "1,2";
				TEST_TARGET_NAME = "Podcast-Player";
			};
			name = Debug;
		};
		8C91EA4122AC003B00E93239 /* Release */ = {
			isa = XCBuildConfiguration;
			buildSettings = {
				ALWAYS_EMBED_SWIFT_STANDARD_LIBRARIES = YES;
				CODE_SIGN_STYLE = Automatic;
				DEVELOPMENT_TEAM = B2Q8EGNCQA;
				INFOPLIST_FILE = "Podcast-PlayerUITests/Info.plist";
				LD_RUNPATH_SEARCH_PATHS = (
					"$(inherited)",
					"@executable_path/Frameworks",
					"@loader_path/Frameworks",
				);
				PRODUCT_BUNDLE_IDENTIFIER = "com.azamsharp.Podcast-PlayerUITests";
				PRODUCT_NAME = "$(TARGET_NAME)";
				SWIFT_VERSION = 5.0;
				TARGETED_DEVICE_FAMILY = "1,2";
				TEST_TARGET_NAME = "Podcast-Player";
			};
			name = Release;
		};
/* End XCBuildConfiguration section */

/* Begin XCConfigurationList section */
		8C91EA0A22AC003A00E93239 /* Build configuration list for PBXProject "Podcast-Player" */ = {
			isa = XCConfigurationList;
			buildConfigurations = (
				8C91EA3722AC003B00E93239 /* Debug */,
				8C91EA3822AC003B00E93239 /* Release */,
			);
			defaultConfigurationIsVisible = 0;
			defaultConfigurationName = Release;
		};
		8C91EA3922AC003B00E93239 /* Build configuration list for PBXNativeTarget "Podcast-Player" */ = {
			isa = XCConfigurationList;
			buildConfigurations = (
				8C91EA3A22AC003B00E93239 /* Debug */,
				8C91EA3B22AC003B00E93239 /* Release */,
			);
			defaultConfigurationIsVisible = 0;
			defaultConfigurationName = Release;
		};
		8C91EA3C22AC003B00E93239 /* Build configuration list for PBXNativeTarget "Podcast-PlayerTests" */ = {
			isa = XCConfigurationList;
			buildConfigurations = (
				8C91EA3D22AC003B00E93239 /* Debug */,
				8C91EA3E22AC003B00E93239 /* Release */,
			);
			defaultConfigurationIsVisible = 0;
			defaultConfigurationName = Release;
		};
		8C91EA3F22AC003B00E93239 /* Build configuration list for PBXNativeTarget "Podcast-PlayerUITests" */ = {
			isa = XCConfigurationList;
			buildConfigurations = (
				8C91EA4022AC003B00E93239 /* Debug */,
				8C91EA4122AC003B00E93239 /* Release */,
			);
			defaultConfigurationIsVisible = 0;
			defaultConfigurationName = Release;
		};
/* End XCConfigurationList section */
	};
	rootObject = 8C91EA0722AC003A00E93239 /* Project object */;
}
