// !$*UTF8*$!
{
	archiveVersion = 1;
	classes = {
	};
	objectVersion = 55;
	objects = {

/* Begin PBXBuildFile section */
		07607DCD28E34B4600700A5B /* AppDelegate.swift in Sources */ = {isa = PBXBuildFile; fileRef = 07607DCC28E34B4600700A5B /* AppDelegate.swift */; };
		07607DCF28E34B4600700A5B /* SceneDelegate.swift in Sources */ = {isa = PBXBuildFile; fileRef = 07607DCE28E34B4600700A5B /* SceneDelegate.swift */; };
		07607DD128E34B4600700A5B /* ViewController.swift in Sources */ = {isa = PBXBuildFile; fileRef = 07607DD028E34B4600700A5B /* ViewController.swift */; };
		07607DD428E34B4600700A5B /* Main.storyboard in Resources */ = {isa = PBXBuildFile; fileRef = 07607DD228E34B4600700A5B /* Main.storyboard */; };
		07607DD628E34B4800700A5B /* Assets.xcassets in Resources */ = {isa = PBXBuildFile; fileRef = 07607DD528E34B4800700A5B /* Assets.xcassets */; };
		07607DD928E34B4800700A5B /* LaunchScreen.storyboard in Resources */ = {isa = PBXBuildFile; fileRef = 07607DD728E34B4800700A5B /* LaunchScreen.storyboard */; };
		07607DE428E34B4800700A5B /* WeatherAppTests.swift in Sources */ = {isa = PBXBuildFile; fileRef = 07607DE328E34B4800700A5B /* WeatherAppTests.swift */; };
		07607DEE28E34B4800700A5B /* WeatherAppUITests.swift in Sources */ = {isa = PBXBuildFile; fileRef = 07607DED28E34B4800700A5B /* WeatherAppUITests.swift */; };
		07607DF028E34B4800700A5B /* WeatherAppUITestsLaunchTests.swift in Sources */ = {isa = PBXBuildFile; fileRef = 07607DEF28E34B4800700A5B /* WeatherAppUITestsLaunchTests.swift */; };
		07607DFE28E34B8E00700A5B /* Weather.swift in Sources */ = {isa = PBXBuildFile; fileRef = 07607DFD28E34B8E00700A5B /* Weather.swift */; };
		07607E0128E34CE100700A5B /* WebService.swift in Sources */ = {isa = PBXBuildFile; fileRef = 07607E0028E34CE100700A5B /* WebService.swift */; };
		07607E0428E34D0100700A5B /* Constants.swift in Sources */ = {isa = PBXBuildFile; fileRef = 07607E0328E34D0100700A5B /* Constants.swift */; };
/* End PBXBuildFile section */

/* Begin PBXContainerItemProxy section */
		07607DE028E34B4800700A5B /* PBXContainerItemProxy */ = {
			isa = PBXContainerItemProxy;
			containerPortal = 07607DC128E34B4600700A5B /* Project object */;
			proxyType = 1;
			remoteGlobalIDString = 07607DC828E34B4600700A5B;
			remoteInfo = WeatherApp;
		};
		07607DEA28E34B4800700A5B /* PBXContainerItemProxy */ = {
			isa = PBXContainerItemProxy;
			containerPortal = 07607DC128E34B4600700A5B /* Project object */;
			proxyType = 1;
			remoteGlobalIDString = 07607DC828E34B4600700A5B;
			remoteInfo = WeatherApp;
		};
/* End PBXContainerItemProxy section */

/* Begin PBXFileReference section */
		07607DC928E34B4600700A5B /* WeatherApp.app */ = {isa = PBXFileReference; explicitFileType = wrapper.application; includeInIndex = 0; path = WeatherApp.app; sourceTree = BUILT_PRODUCTS_DIR; };
		07607DCC28E34B4600700A5B /* AppDelegate.swift */ = {isa = PBXFileReference; lastKnownFileType = sourcecode.swift; path = AppDelegate.swift; sourceTree = "<group>"; };
		07607DCE28E34B4600700A5B /* SceneDelegate.swift */ = {isa = PBXFileReference; lastKnownFileType = sourcecode.swift; path = SceneDelegate.swift; sourceTree = "<group>"; };
		07607DD028E34B4600700A5B /* ViewController.swift */ = {isa = PBXFileReference; lastKnownFileType = sourcecode.swift; path = ViewController.swift; sourceTree = "<group>"; };
		07607DD328E34B4600700A5B /* Base */ = {isa = PBXFileReference; lastKnownFileType = file.storyboard; name = Base; path = Base.lproj/Main.storyboard; sourceTree = "<group>"; };
		07607DD528E34B4800700A5B /* Assets.xcassets */ = {isa = PBXFileReference; lastKnownFileType = folder.assetcatalog; path = Assets.xcassets; sourceTree = "<group>"; };
		07607DD828E34B4800700A5B /* Base */ = {isa = PBXFileReference; lastKnownFileType = file.storyboard; name = Base; path = Base.lproj/LaunchScreen.storyboard; sourceTree = "<group>"; };
		07607DDA28E34B4800700A5B /* Info.plist */ = {isa = PBXFileReference; lastKnownFileType = text.plist.xml; path = Info.plist; sourceTree = "<group>"; };
		07607DDF28E34B4800700A5B /* WeatherAppTests.xctest */ = {isa = PBXFileReference; explicitFileType = wrapper.cfbundle; includeInIndex = 0; path = WeatherAppTests.xctest; sourceTree = BUILT_PRODUCTS_DIR; };
		07607DE328E34B4800700A5B /* WeatherAppTests.swift */ = {isa = PBXFileReference; lastKnownFileType = sourcecode.swift; path = WeatherAppTests.swift; sourceTree = "<group>"; };
		07607DE928E34B4800700A5B /* WeatherAppUITests.xctest */ = {isa = PBXFileReference; explicitFileType = wrapper.cfbundle; includeInIndex = 0; path = WeatherAppUITests.xctest; sourceTree = BUILT_PRODUCTS_DIR; };
		07607DED28E34B4800700A5B /* WeatherAppUITests.swift */ = {isa = PBXFileReference; lastKnownFileType = sourcecode.swift; path = WeatherAppUITests.swift; sourceTree = "<group>"; };
		07607DEF28E34B4800700A5B /* WeatherAppUITestsLaunchTests.swift */ = {isa = PBXFileReference; lastKnownFileType = sourcecode.swift; path = WeatherAppUITestsLaunchTests.swift; sourceTree = "<group>"; };
		07607DFD28E34B8E00700A5B /* Weather.swift */ = {isa = PBXFileReference; lastKnownFileType = sourcecode.swift; path = Weather.swift; sourceTree = "<group>"; };
		07607E0028E34CE100700A5B /* WebService.swift */ = {isa = PBXFileReference; lastKnownFileType = sourcecode.swift; path = WebService.swift; sourceTree = "<group>"; };
		07607E0328E34D0100700A5B /* Constants.swift */ = {isa = PBXFileReference; lastKnownFileType = sourcecode.swift; path = Constants.swift; sourceTree = "<group>"; };
/* End PBXFileReference section */

/* Begin PBXFrameworksBuildPhase section */
		07607DC628E34B4600700A5B /* Frameworks */ = {
			isa = PBXFrameworksBuildPhase;
			buildActionMask = 2147483647;
			files = (
			);
			runOnlyForDeploymentPostprocessing = 0;
		};
		07607DDC28E34B4800700A5B /* Frameworks */ = {
			isa = PBXFrameworksBuildPhase;
			buildActionMask = 2147483647;
			files = (
			);
			runOnlyForDeploymentPostprocessing = 0;
		};
		07607DE628E34B4800700A5B /* Frameworks */ = {
			isa = PBXFrameworksBuildPhase;
			buildActionMask = 2147483647;
			files = (
			);
			runOnlyForDeploymentPostprocessing = 0;
		};
/* End PBXFrameworksBuildPhase section */

/* Begin PBXGroup section */
		07607DC028E34B4600700A5B = {
			isa = PBXGroup;
			children = (
				07607DCB28E34B4600700A5B /* WeatherApp */,
				07607DE228E34B4800700A5B /* WeatherAppTests */,
				07607DEC28E34B4800700A5B /* WeatherAppUITests */,
				07607DCA28E34B4600700A5B /* Products */,
			);
			sourceTree = "<group>";
		};
		07607DCA28E34B4600700A5B /* Products */ = {
			isa = PBXGroup;
			children = (
				07607DC928E34B4600700A5B /* WeatherApp.app */,
				07607DDF28E34B4800700A5B /* WeatherAppTests.xctest */,
				07607DE928E34B4800700A5B /* WeatherAppUITests.xctest */,
			);
			name = Products;
			sourceTree = "<group>";
		};
		07607DCB28E34B4600700A5B /* WeatherApp */ = {
			isa = PBXGroup;
			children = (
				07607E0228E34CF900700A5B /* Utiils */,
				07607DFF28E34CD700700A5B /* Services */,
				07607DFC28E34B8100700A5B /* Models */,
				07607DCC28E34B4600700A5B /* AppDelegate.swift */,
				07607DCE28E34B4600700A5B /* SceneDelegate.swift */,
				07607DD028E34B4600700A5B /* ViewController.swift */,
				07607DD228E34B4600700A5B /* Main.storyboard */,
				07607DD528E34B4800700A5B /* Assets.xcassets */,
				07607DD728E34B4800700A5B /* LaunchScreen.storyboard */,
				07607DDA28E34B4800700A5B /* Info.plist */,
			);
			path = WeatherApp;
			sourceTree = "<group>";
		};
		07607DE228E34B4800700A5B /* WeatherAppTests */ = {
			isa = PBXGroup;
			children = (
				07607DE328E34B4800700A5B /* WeatherAppTests.swift */,
			);
			path = WeatherAppTests;
			sourceTree = "<group>";
		};
		07607DEC28E34B4800700A5B /* WeatherAppUITests */ = {
			isa = PBXGroup;
			children = (
				07607DED28E34B4800700A5B /* WeatherAppUITests.swift */,
				07607DEF28E34B4800700A5B /* WeatherAppUITestsLaunchTests.swift */,
			);
			path = WeatherAppUITests;
			sourceTree = "<group>";
		};
		07607DFC28E34B8100700A5B /* Models */ = {
			isa = PBXGroup;
			children = (
				07607DFD28E34B8E00700A5B /* Weather.swift */,
			);
			path = Models;
			sourceTree = "<group>";
		};
		07607DFF28E34CD700700A5B /* Services */ = {
			isa = PBXGroup;
			children = (
				07607E0028E34CE100700A5B /* WebService.swift */,
			);
			path = Services;
			sourceTree = "<group>";
		};
		07607E0228E34CF900700A5B /* Utiils */ = {
			isa = PBXGroup;
			children = (
				07607E0328E34D0100700A5B /* Constants.swift */,
			);
			path = Utiils;
			sourceTree = "<group>";
		};
/* End PBXGroup section */

/* Begin PBXNativeTarget section */
		07607DC828E34B4600700A5B /* WeatherApp */ = {
			isa = PBXNativeTarget;
			buildConfigurationList = 07607DF328E34B4800700A5B /* Build configuration list for PBXNativeTarget "WeatherApp" */;
			buildPhases = (
				07607DC528E34B4600700A5B /* Sources */,
				07607DC628E34B4600700A5B /* Frameworks */,
				07607DC728E34B4600700A5B /* Resources */,
			);
			buildRules = (
			);
			dependencies = (
			);
			name = WeatherApp;
			productName = WeatherApp;
			productReference = 07607DC928E34B4600700A5B /* WeatherApp.app */;
			productType = "com.apple.product-type.application";
		};
		07607DDE28E34B4800700A5B /* WeatherAppTests */ = {
			isa = PBXNativeTarget;
			buildConfigurationList = 07607DF628E34B4800700A5B /* Build configuration list for PBXNativeTarget "WeatherAppTests" */;
			buildPhases = (
				07607DDB28E34B4800700A5B /* Sources */,
				07607DDC28E34B4800700A5B /* Frameworks */,
				07607DDD28E34B4800700A5B /* Resources */,
			);
			buildRules = (
			);
			dependencies = (
				07607DE128E34B4800700A5B /* PBXTargetDependency */,
			);
			name = WeatherAppTests;
			productName = WeatherAppTests;
			productReference = 07607DDF28E34B4800700A5B /* WeatherAppTests.xctest */;
			productType = "com.apple.product-type.bundle.unit-test";
		};
		07607DE828E34B4800700A5B /* WeatherAppUITests */ = {
			isa = PBXNativeTarget;
			buildConfigurationList = 07607DF928E34B4800700A5B /* Build configuration list for PBXNativeTarget "WeatherAppUITests" */;
			buildPhases = (
				07607DE528E34B4800700A5B /* Sources */,
				07607DE628E34B4800700A5B /* Frameworks */,
				07607DE728E34B4800700A5B /* Resources */,
			);
			buildRules = (
			);
			dependencies = (
				07607DEB28E34B4800700A5B /* PBXTargetDependency */,
			);
			name = WeatherAppUITests;
			productName = WeatherAppUITests;
			productReference = 07607DE928E34B4800700A5B /* WeatherAppUITests.xctest */;
			productType = "com.apple.product-type.bundle.ui-testing";
		};
/* End PBXNativeTarget section */

/* Begin PBXProject section */
		07607DC128E34B4600700A5B /* Project object */ = {
			isa = PBXProject;
			attributes = {
				BuildIndependentTargetsInParallel = 1;
				LastSwiftUpdateCheck = 1340;
				LastUpgradeCheck = 1340;
				TargetAttributes = {
					07607DC828E34B4600700A5B = {
						CreatedOnToolsVersion = 13.4.1;
					};
					07607DDE28E34B4800700A5B = {
						CreatedOnToolsVersion = 13.4.1;
						TestTargetID = 07607DC828E34B4600700A5B;
					};
					07607DE828E34B4800700A5B = {
						CreatedOnToolsVersion = 13.4.1;
						TestTargetID = 07607DC828E34B4600700A5B;
					};
				};
			};
			buildConfigurationList = 07607DC428E34B4600700A5B /* Build configuration list for PBXProject "WeatherApp" */;
			compatibilityVersion = "Xcode 13.0";
			developmentRegion = en;
			hasScannedForEncodings = 0;
			knownRegions = (
				en,
				Base,
			);
			mainGroup = 07607DC028E34B4600700A5B;
			productRefGroup = 07607DCA28E34B4600700A5B /* Products */;
			projectDirPath = "";
			projectRoot = "";
			targets = (
				07607DC828E34B4600700A5B /* WeatherApp */,
				07607DDE28E34B4800700A5B /* WeatherAppTests */,
				07607DE828E34B4800700A5B /* WeatherAppUITests */,
			);
		};
/* End PBXProject section */

/* Begin PBXResourcesBuildPhase section */
		07607DC728E34B4600700A5B /* Resources */ = {
			isa = PBXResourcesBuildPhase;
			buildActionMask = 2147483647;
			files = (
				07607DD928E34B4800700A5B /* LaunchScreen.storyboard in Resources */,
				07607DD628E34B4800700A5B /* Assets.xcassets in Resources */,
				07607DD428E34B4600700A5B /* Main.storyboard in Resources */,
			);
			runOnlyForDeploymentPostprocessing = 0;
		};
		07607DDD28E34B4800700A5B /* Resources */ = {
			isa = PBXResourcesBuildPhase;
			buildActionMask = 2147483647;
			files = (
			);
			runOnlyForDeploymentPostprocessing = 0;
		};
		07607DE728E34B4800700A5B /* Resources */ = {
			isa = PBXResourcesBuildPhase;
			buildActionMask = 2147483647;
			files = (
			);
			runOnlyForDeploymentPostprocessing = 0;
		};
/* End PBXResourcesBuildPhase section */

/* Begin PBXSourcesBuildPhase section */
		07607DC528E34B4600700A5B /* Sources */ = {
			isa = PBXSourcesBuildPhase;
			buildActionMask = 2147483647;
			files = (
				07607DFE28E34B8E00700A5B /* Weather.swift in Sources */,
				07607DD128E34B4600700A5B /* ViewController.swift in Sources */,
				07607DCD28E34B4600700A5B /* AppDelegate.swift in Sources */,
				07607E0128E34CE100700A5B /* WebService.swift in Sources */,
				07607DCF28E34B4600700A5B /* SceneDelegate.swift in Sources */,
				07607E0428E34D0100700A5B /* Constants.swift in Sources */,
			);
			runOnlyForDeploymentPostprocessing = 0;
		};
		07607DDB28E34B4800700A5B /* Sources */ = {
			isa = PBXSourcesBuildPhase;
			buildActionMask = 2147483647;
			files = (
				07607DE428E34B4800700A5B /* WeatherAppTests.swift in Sources */,
			);
			runOnlyForDeploymentPostprocessing = 0;
		};
		07607DE528E34B4800700A5B /* Sources */ = {
			isa = PBXSourcesBuildPhase;
			buildActionMask = 2147483647;
			files = (
				07607DEE28E34B4800700A5B /* WeatherAppUITests.swift in Sources */,
				07607DF028E34B4800700A5B /* WeatherAppUITestsLaunchTests.swift in Sources */,
			);
			runOnlyForDeploymentPostprocessing = 0;
		};
/* End PBXSourcesBuildPhase section */

/* Begin PBXTargetDependency section */
		07607DE128E34B4800700A5B /* PBXTargetDependency */ = {
			isa = PBXTargetDependency;
			target = 07607DC828E34B4600700A5B /* WeatherApp */;
			targetProxy = 07607DE028E34B4800700A5B /* PBXContainerItemProxy */;
		};
		07607DEB28E34B4800700A5B /* PBXTargetDependency */ = {
			isa = PBXTargetDependency;
			target = 07607DC828E34B4600700A5B /* WeatherApp */;
			targetProxy = 07607DEA28E34B4800700A5B /* PBXContainerItemProxy */;
		};
/* End PBXTargetDependency section */

/* Begin PBXVariantGroup section */
		07607DD228E34B4600700A5B /* Main.storyboard */ = {
			isa = PBXVariantGroup;
			children = (
				07607DD328E34B4600700A5B /* Base */,
			);
			name = Main.storyboard;
			sourceTree = "<group>";
		};
		07607DD728E34B4800700A5B /* LaunchScreen.storyboard */ = {
			isa = PBXVariantGroup;
			children = (
				07607DD828E34B4800700A5B /* Base */,
			);
			name = LaunchScreen.storyboard;
			sourceTree = "<group>";
		};
/* End PBXVariantGroup section */

/* Begin XCBuildConfiguration section */
		07607DF128E34B4800700A5B /* Debug */ = {
			isa = XCBuildConfiguration;
			buildSettings = {
				ALWAYS_SEARCH_USER_PATHS = NO;
				CLANG_ANALYZER_NONNULL = YES;
				CLANG_ANALYZER_NUMBER_OBJECT_CONVERSION = YES_AGGRESSIVE;
				CLANG_CXX_LANGUAGE_STANDARD = "gnu++17";
				CLANG_ENABLE_MODULES = YES;
				CLANG_ENABLE_OBJC_ARC = YES;
				CLANG_ENABLE_OBJC_WEAK = YES;
				CLANG_WARN_BLOCK_CAPTURE_AUTORELEASING = YES;
				CLANG_WARN_BOOL_CONVERSION = YES;
				CLANG_WARN_COMMA = YES;
				CLANG_WARN_CONSTANT_CONVERSION = YES;
				CLANG_WARN_DEPRECATED_OBJC_IMPLEMENTATIONS = YES;
				CLANG_WARN_DIRECT_OBJC_ISA_USAGE = YES_ERROR;
				CLANG_WARN_DOCUMENTATION_COMMENTS = YES;
				CLANG_WARN_EMPTY_BODY = YES;
				CLANG_WARN_ENUM_CONVERSION = YES;
				CLANG_WARN_INFINITE_RECURSION = YES;
				CLANG_WARN_INT_CONVERSION = YES;
				CLANG_WARN_NON_LITERAL_NULL_CONVERSION = YES;
				CLANG_WARN_OBJC_IMPLICIT_RETAIN_SELF = YES;
				CLANG_WARN_OBJC_LITERAL_CONVERSION = YES;
				CLANG_WARN_OBJC_ROOT_CLASS = YES_ERROR;
				CLANG_WARN_QUOTED_INCLUDE_IN_FRAMEWORK_HEADER = YES;
				CLANG_WARN_RANGE_LOOP_ANALYSIS = YES;
				CLANG_WARN_STRICT_PROTOTYPES = YES;
				CLANG_WARN_SUSPICIOUS_MOVE = YES;
				CLANG_WARN_UNGUARDED_AVAILABILITY = YES_AGGRESSIVE;
				CLANG_WARN_UNREACHABLE_CODE = YES;
				CLANG_WARN__DUPLICATE_METHOD_MATCH = YES;
				COPY_PHASE_STRIP = NO;
				DEBUG_INFORMATION_FORMAT = dwarf;
				ENABLE_STRICT_OBJC_MSGSEND = YES;
				ENABLE_TESTABILITY = YES;
				GCC_C_LANGUAGE_STANDARD = gnu11;
				GCC_DYNAMIC_NO_PIC = NO;
				GCC_NO_COMMON_BLOCKS = YES;
				GCC_OPTIMIZATION_LEVEL = 0;
				GCC_PREPROCESSOR_DEFINITIONS = (
					"DEBUG=1",
					"$(inherited)",
				);
				GCC_WARN_64_TO_32_BIT_CONVERSION = YES;
				GCC_WARN_ABOUT_RETURN_TYPE = YES_ERROR;
				GCC_WARN_UNDECLARED_SELECTOR = YES;
				GCC_WARN_UNINITIALIZED_AUTOS = YES_AGGRESSIVE;
				GCC_WARN_UNUSED_FUNCTION = YES;
				GCC_WARN_UNUSED_VARIABLE = YES;
				IPHONEOS_DEPLOYMENT_TARGET = 15.5;
				MTL_ENABLE_DEBUG_INFO = INCLUDE_SOURCE;
				MTL_FAST_MATH = YES;
				ONLY_ACTIVE_ARCH = YES;
				SDKROOT = iphoneos;
				SWIFT_ACTIVE_COMPILATION_CONDITIONS = DEBUG;
				SWIFT_OPTIMIZATION_LEVEL = "-Onone";
			};
			name = Debug;
		};
		07607DF228E34B4800700A5B /* Release */ = {
			isa = XCBuildConfiguration;
			buildSettings = {
				ALWAYS_SEARCH_USER_PATHS = NO;
				CLANG_ANALYZER_NONNULL = YES;
				CLANG_ANALYZER_NUMBER_OBJECT_CONVERSION = YES_AGGRESSIVE;
				CLANG_CXX_LANGUAGE_STANDARD = "gnu++17";
				CLANG_ENABLE_MODULES = YES;
				CLANG_ENABLE_OBJC_ARC = YES;
				CLANG_ENABLE_OBJC_WEAK = YES;
				CLANG_WARN_BLOCK_CAPTURE_AUTORELEASING = YES;
				CLANG_WARN_BOOL_CONVERSION = YES;
				CLANG_WARN_COMMA = YES;
				CLANG_WARN_CONSTANT_CONVERSION = YES;
				CLANG_WARN_DEPRECATED_OBJC_IMPLEMENTATIONS = YES;
				CLANG_WARN_DIRECT_OBJC_ISA_USAGE = YES_ERROR;
				CLANG_WARN_DOCUMENTATION_COMMENTS = YES;
				CLANG_WARN_EMPTY_BODY = YES;
				CLANG_WARN_ENUM_CONVERSION = YES;
				CLANG_WARN_INFINITE_RECURSION = YES;
				CLANG_WARN_INT_CONVERSION = YES;
				CLANG_WARN_NON_LITERAL_NULL_CONVERSION = YES;
				CLANG_WARN_OBJC_IMPLICIT_RETAIN_SELF = YES;
				CLANG_WARN_OBJC_LITERAL_CONVERSION = YES;
				CLANG_WARN_OBJC_ROOT_CLASS = YES_ERROR;
				CLANG_WARN_QUOTED_INCLUDE_IN_FRAMEWORK_HEADER = YES;
				CLANG_WARN_RANGE_LOOP_ANALYSIS = YES;
				CLANG_WARN_STRICT_PROTOTYPES = YES;
				CLANG_WARN_SUSPICIOUS_MOVE = YES;
				CLANG_WARN_UNGUARDED_AVAILABILITY = YES_AGGRESSIVE;
				CLANG_WARN_UNREACHABLE_CODE = YES;
				CLANG_WARN__DUPLICATE_METHOD_MATCH = YES;
				COPY_PHASE_STRIP = NO;
				DEBUG_INFORMATION_FORMAT = "dwarf-with-dsym";
				ENABLE_NS_ASSERTIONS = NO;
				ENABLE_STRICT_OBJC_MSGSEND = YES;
				GCC_C_LANGUAGE_STANDARD = gnu11;
				GCC_NO_COMMON_BLOCKS = YES;
				GCC_WARN_64_TO_32_BIT_CONVERSION = YES;
				GCC_WARN_ABOUT_RETURN_TYPE = YES_ERROR;
				GCC_WARN_UNDECLARED_SELECTOR = YES;
				GCC_WARN_UNINITIALIZED_AUTOS = YES_AGGRESSIVE;
				GCC_WARN_UNUSED_FUNCTION = YES;
				GCC_WARN_UNUSED_VARIABLE = YES;
				IPHONEOS_DEPLOYMENT_TARGET = 15.5;
				MTL_ENABLE_DEBUG_INFO = NO;
				MTL_FAST_MATH = YES;
				SDKROOT = iphoneos;
				SWIFT_COMPILATION_MODE = wholemodule;
				SWIFT_OPTIMIZATION_LEVEL = "-O";
				VALIDATE_PRODUCT = YES;
			};
			name = Release;
		};
		07607DF428E34B4800700A5B /* Debug */ = {
			isa = XCBuildConfiguration;
			buildSettings = {
				ASSETCATALOG_COMPILER_APPICON_NAME = AppIcon;
				ASSETCATALOG_COMPILER_GLOBAL_ACCENT_COLOR_NAME = AccentColor;
				CODE_SIGN_STYLE = Automatic;
				CURRENT_PROJECT_VERSION = 1;
				GENERATE_INFOPLIST_FILE = YES;
				INFOPLIST_FILE = WeatherApp/Info.plist;
				INFOPLIST_KEY_UIApplicationSupportsIndirectInputEvents = YES;
				INFOPLIST_KEY_UILaunchStoryboardName = LaunchScreen;
				INFOPLIST_KEY_UIMainStoryboardFile = Main;
				INFOPLIST_KEY_UISupportedInterfaceOrientations_iPad = "UIInterfaceOrientationPortrait UIInterfaceOrientationPortraitUpsideDown UIInterfaceOrientationLandscapeLeft UIInterfaceOrientationLandscapeRight";
				INFOPLIST_KEY_UISupportedInterfaceOrientations_iPhone = "UIInterfaceOrientationPortrait UIInterfaceOrientationLandscapeLeft UIInterfaceOrientationLandscapeRight";
				LD_RUNPATH_SEARCH_PATHS = (
					"$(inherited)",
					"@executable_path/Frameworks",
				);
				MARKETING_VERSION = 1.0;
				PRODUCT_BUNDLE_IDENTIFIER = OurTrees.WeatherApp;
				PRODUCT_NAME = "$(TARGET_NAME)";
				SWIFT_EMIT_LOC_STRINGS = YES;
				SWIFT_VERSION = 5.0;
				TARGETED_DEVICE_FAMILY = "1,2";
			};
			name = Debug;
		};
		07607DF528E34B4800700A5B /* Release */ = {
			isa = XCBuildConfiguration;
			buildSettings = {
				ASSETCATALOG_COMPILER_APPICON_NAME = AppIcon;
				ASSETCATALOG_COMPILER_GLOBAL_ACCENT_COLOR_NAME = AccentColor;
				CODE_SIGN_STYLE = Automatic;
				CURRENT_PROJECT_VERSION = 1;
				GENERATE_INFOPLIST_FILE = YES;
				INFOPLIST_FILE = WeatherApp/Info.plist;
				INFOPLIST_KEY_UIApplicationSupportsIndirectInputEvents = YES;
				INFOPLIST_KEY_UILaunchStoryboardName = LaunchScreen;
				INFOPLIST_KEY_UIMainStoryboardFile = Main;
				INFOPLIST_KEY_UISupportedInterfaceOrientations_iPad = "UIInterfaceOrientationPortrait UIInterfaceOrientationPortraitUpsideDown UIInterfaceOrientationLandscapeLeft UIInterfaceOrientationLandscapeRight";
				INFOPLIST_KEY_UISupportedInterfaceOrientations_iPhone = "UIInterfaceOrientationPortrait UIInterfaceOrientationLandscapeLeft UIInterfaceOrientationLandscapeRight";
				LD_RUNPATH_SEARCH_PATHS = (
					"$(inherited)",
					"@executable_path/Frameworks",
				);
				MARKETING_VERSION = 1.0;
				PRODUCT_BUNDLE_IDENTIFIER = OurTrees.WeatherApp;
				PRODUCT_NAME = "$(TARGET_NAME)";
				SWIFT_EMIT_LOC_STRINGS = YES;
				SWIFT_VERSION = 5.0;
				TARGETED_DEVICE_FAMILY = "1,2";
			};
			name = Release;
		};
		07607DF728E34B4800700A5B /* Debug */ = {
			isa = XCBuildConfiguration;
			buildSettings = {
				ALWAYS_EMBED_SWIFT_STANDARD_LIBRARIES = YES;
				BUNDLE_LOADER = "$(TEST_HOST)";
				CODE_SIGN_STYLE = Automatic;
				CURRENT_PROJECT_VERSION = 1;
				GENERATE_INFOPLIST_FILE = YES;
				IPHONEOS_DEPLOYMENT_TARGET = 15.5;
				MARKETING_VERSION = 1.0;
				PRODUCT_BUNDLE_IDENTIFIER = OurTrees.WeatherAppTests;
				PRODUCT_NAME = "$(TARGET_NAME)";
				SWIFT_EMIT_LOC_STRINGS = NO;
				SWIFT_VERSION = 5.0;
				TARGETED_DEVICE_FAMILY = "1,2";
				TEST_HOST = "$(BUILT_PRODUCTS_DIR)/WeatherApp.app/WeatherApp";
			};
			name = Debug;
		};
		07607DF828E34B4800700A5B /* Release */ = {
			isa = XCBuildConfiguration;
			buildSettings = {
				ALWAYS_EMBED_SWIFT_STANDARD_LIBRARIES = YES;
				BUNDLE_LOADER = "$(TEST_HOST)";
				CODE_SIGN_STYLE = Automatic;
				CURRENT_PROJECT_VERSION = 1;
				GENERATE_INFOPLIST_FILE = YES;
				IPHONEOS_DEPLOYMENT_TARGET = 15.5;
				MARKETING_VERSION = 1.0;
				PRODUCT_BUNDLE_IDENTIFIER = OurTrees.WeatherAppTests;
				PRODUCT_NAME = "$(TARGET_NAME)";
				SWIFT_EMIT_LOC_STRINGS = NO;
				SWIFT_VERSION = 5.0;
				TARGETED_DEVICE_FAMILY = "1,2";
				TEST_HOST = "$(BUILT_PRODUCTS_DIR)/WeatherApp.app/WeatherApp";
			};
			name = Release;
		};
		07607DFA28E34B4800700A5B /* Debug */ = {
			isa = XCBuildConfiguration;
			buildSettings = {
				ALWAYS_EMBED_SWIFT_STANDARD_LIBRARIES = YES;
				CODE_SIGN_STYLE = Automatic;
				CURRENT_PROJECT_VERSION = 1;
				GENERATE_INFOPLIST_FILE = YES;
				MARKETING_VERSION = 1.0;
				PRODUCT_BUNDLE_IDENTIFIER = OurTrees.WeatherAppUITests;
				PRODUCT_NAME = "$(TARGET_NAME)";
				SWIFT_EMIT_LOC_STRINGS = NO;
				SWIFT_VERSION = 5.0;
				TARGETED_DEVICE_FAMILY = "1,2";
				TEST_TARGET_NAME = WeatherApp;
			};
			name = Debug;
		};
		07607DFB28E34B4800700A5B /* Release */ = {
			isa = XCBuildConfiguration;
			buildSettings = {
				ALWAYS_EMBED_SWIFT_STANDARD_LIBRARIES = YES;
				CODE_SIGN_STYLE = Automatic;
				CURRENT_PROJECT_VERSION = 1;
				GENERATE_INFOPLIST_FILE = YES;
				MARKETING_VERSION = 1.0;
				PRODUCT_BUNDLE_IDENTIFIER = OurTrees.WeatherAppUITests;
				PRODUCT_NAME = "$(TARGET_NAME)";
				SWIFT_EMIT_LOC_STRINGS = NO;
				SWIFT_VERSION = 5.0;
				TARGETED_DEVICE_FAMILY = "1,2";
				TEST_TARGET_NAME = WeatherApp;
			};
			name = Release;
		};
/* End XCBuildConfiguration section */

/* Begin XCConfigurationList section */
		07607DC428E34B4600700A5B /* Build configuration list for PBXProject "WeatherApp" */ = {
			isa = XCConfigurationList;
			buildConfigurations = (
				07607DF128E34B4800700A5B /* Debug */,
				07607DF228E34B4800700A5B /* Release */,
			);
			defaultConfigurationIsVisible = 0;
			defaultConfigurationName = Release;
		};
		07607DF328E34B4800700A5B /* Build configuration list for PBXNativeTarget "WeatherApp" */ = {
			isa = XCConfigurationList;
			buildConfigurations = (
				07607DF428E34B4800700A5B /* Debug */,
				07607DF528E34B4800700A5B /* Release */,
			);
			defaultConfigurationIsVisible = 0;
			defaultConfigurationName = Release;
		};
		07607DF628E34B4800700A5B /* Build configuration list for PBXNativeTarget "WeatherAppTests" */ = {
			isa = XCConfigurationList;
			buildConfigurations = (
				07607DF728E34B4800700A5B /* Debug */,
				07607DF828E34B4800700A5B /* Release */,
			);
			defaultConfigurationIsVisible = 0;
			defaultConfigurationName = Release;
		};
		07607DF928E34B4800700A5B /* Build configuration list for PBXNativeTarget "WeatherAppUITests" */ = {
			isa = XCConfigurationList;
			buildConfigurations = (
				07607DFA28E34B4800700A5B /* Debug */,
				07607DFB28E34B4800700A5B /* Release */,
			);
			defaultConfigurationIsVisible = 0;
			defaultConfigurationName = Release;
		};
/* End XCConfigurationList section */
	};
	rootObject = 07607DC128E34B4600700A5B /* Project object */;
}
